{
  "version": 4,
  "terraform_version": "1.3.3",
  "serial": 122,
  "lineage": "b2fd768e-7468-3ada-e6f6-794ea9240402",
  "outputs": {},
  "resources": [
    {
      "module": "module.terraform-atlassian_env",
      "mode": "data",
      "type": "openstack_networking_network_v2",
      "name": "external_network",
      "provider": "provider[\"registry.terraform.io/terraform-provider-openstack/openstack\"]",
      "instances": [
        {
          "schema_version": 0,
          "attributes": {
            "admin_state_up": "true",
            "all_tags": [],
            "availability_zone_hints": [],
            "description": "",
            "dns_domain": "",
            "external": true,
            "id": "970ace5c-458f-484a-a660-0903bcfd91ad",
            "matching_subnet_cidr": null,
            "mtu": 8750,
            "name": "floating-net",
            "network_id": null,
            "region": "RegionOne",
            "shared": "false",
            "status": null,
            "tags": null,
            "tenant_id": "5a6ceb9bb8514b2ca75c9d109c308cb7",
            "transparent_vlan": false
          },
          "sensitive_attributes": []
        }
      ]
    },
    {
      "module": "module.terraform-atlassian_env",
      "mode": "managed",
      "type": "openstack_blockstorage_volume_v2",
      "name": "fileshare_storage_volume",
      "provider": "provider[\"registry.terraform.io/terraform-provider-openstack/openstack\"]",
      "instances": [
        {
          "index_key": 0,
          "schema_version": 0,
          "attributes": {
            "attachment": [],
            "availability_zone": "eu01-m",
            "consistency_group_id": null,
            "description": "",
            "id": "78d8877c-f6e9-460e-a2f2-6cd39cb3f040",
            "image_id": null,
            "metadata": {},
            "name": "atlassian_atlassian_qa_fileshare01_storage_volume",
            "region": "RegionOne",
            "scheduler_hints": [],
            "size": 100,
            "snapshot_id": "",
            "source_replica": null,
            "source_vol_id": "",
            "timeouts": null,
            "volume_type": "storage_premium_perf1"
          },
          "sensitive_attributes": [],
          "private": "eyJlMmJmYjczMC1lY2FhLTExZTYtOGY4OC0zNDM2M2JjN2M0YzAiOnsiY3JlYXRlIjo2MDAwMDAwMDAwMDAsImRlbGV0ZSI6NjAwMDAwMDAwMDAwfX0="
        },
        {
          "index_key": 1,
          "schema_version": 0,
          "attributes": {
            "attachment": [],
            "availability_zone": "eu01-m",
            "consistency_group_id": null,
            "description": "",
            "id": "bee66de8-7fa7-4f32-97c4-32c9dce12eaa",
            "image_id": null,
            "metadata": {},
            "name": "atlassian_atlassian_qa_fileshare02_storage_volume",
            "region": "RegionOne",
            "scheduler_hints": [],
            "size": 100,
            "snapshot_id": "",
            "source_replica": null,
            "source_vol_id": "",
            "timeouts": null,
            "volume_type": "storage_premium_perf1"
          },
          "sensitive_attributes": [],
          "private": "eyJlMmJmYjczMC1lY2FhLTExZTYtOGY4OC0zNDM2M2JjN2M0YzAiOnsiY3JlYXRlIjo2MDAwMDAwMDAwMDAsImRlbGV0ZSI6NjAwMDAwMDAwMDAwfX0="
        }
      ]
    },
    {
      "module": "module.terraform-atlassian_env",
      "mode": "managed",
      "type": "openstack_compute_floatingip_associate_v2",
      "name": "jumphost01_ip_associate",
      "provider": "provider[\"registry.terraform.io/terraform-provider-openstack/openstack\"]",
      "instances": [
        {
          "schema_version": 0,
          "attributes": {
            "fixed_ip": "",
            "floating_ip": "193.148.162.192",
            "id": "193.148.162.192/9b08ad15-6fbf-4d97-b4e2-a2e9ccf7b07a/",
            "instance_id": "9b08ad15-6fbf-4d97-b4e2-a2e9ccf7b07a",
            "region": "RegionOne",
            "timeouts": null,
            "wait_until_associated": null
          },
          "sensitive_attributes": [],
          "private": "eyJlMmJmYjczMC1lY2FhLTExZTYtOGY4OC0zNDM2M2JjN2M0YzAiOnsiY3JlYXRlIjo2MDAwMDAwMDAwMDB9fQ==",
          "dependencies": [
            "module.terraform-atlassian_env.module.jumphost01.data.openstack_images_image_v2.compute_instance_image",
            "module.terraform-atlassian_env.module.jumphost01.openstack_blockstorage_volume_v2.compute_instance_root_volume",
            "module.terraform-atlassian_env.module.jumphost01.openstack_compute_instance_v2.compute_instance",
            "module.terraform-atlassian_env.module.jumphost01.openstack_compute_keypair_v2.compute_instance_keypair",
            "module.terraform-atlassian_env.openstack_networking_floatingip_v2.jumphost01_ip",
            "module.terraform-atlassian_env.openstack_networking_network_v2.tf_network",
            "module.terraform-atlassian_env.openstack_networking_secgroup_v2.jumphost"
          ]
        }
      ]
    },
    {
      "module": "module.terraform-atlassian_env",
      "mode": "managed",
      "type": "openstack_compute_floatingip_associate_v2",
      "name": "lb_ip_associate",
      "provider": "provider[\"registry.terraform.io/terraform-provider-openstack/openstack\"]",
      "instances": [
        {
          "index_key": 0,
          "schema_version": 0,
          "attributes": {
            "fixed_ip": "",
            "floating_ip": "193.148.162.130",
            "id": "193.148.162.130/2f142009-0f5a-4582-8c9f-5a18a49d85ad/",
            "instance_id": "2f142009-0f5a-4582-8c9f-5a18a49d85ad",
            "region": "RegionOne",
            "timeouts": null,
            "wait_until_associated": null
          },
          "sensitive_attributes": [],
          "private": "eyJlMmJmYjczMC1lY2FhLTExZTYtOGY4OC0zNDM2M2JjN2M0YzAiOnsiY3JlYXRlIjo2MDAwMDAwMDAwMDB9fQ==",
          "dependencies": [
            "module.terraform-atlassian_env.module.loadbalancer.data.openstack_images_image_v2.compute_instance_image",
            "module.terraform-atlassian_env.module.loadbalancer.openstack_blockstorage_volume_v2.compute_instance_root_volume",
            "module.terraform-atlassian_env.module.loadbalancer.openstack_compute_instance_v2.compute_instance",
            "module.terraform-atlassian_env.module.loadbalancer.openstack_compute_keypair_v2.compute_instance_keypair",
            "module.terraform-atlassian_env.openstack_networking_floatingip_v2.lb_ip",
            "module.terraform-atlassian_env.openstack_networking_network_v2.tf_network",
            "module.terraform-atlassian_env.openstack_networking_secgroup_v2.lan_allg",
            "module.terraform-atlassian_env.openstack_networking_secgroup_v2.loadbalancer"
          ]
        },
        {
          "index_key": 1,
          "schema_version": 0,
          "attributes": {
            "fixed_ip": "",
            "floating_ip": "193.148.166.147",
            "id": "193.148.166.147/b6086dee-bf49-4cf8-a4dc-c114e6f563d2/",
            "instance_id": "b6086dee-bf49-4cf8-a4dc-c114e6f563d2",
            "region": "RegionOne",
            "timeouts": null,
            "wait_until_associated": null
          },
          "sensitive_attributes": [],
          "private": "eyJlMmJmYjczMC1lY2FhLTExZTYtOGY4OC0zNDM2M2JjN2M0YzAiOnsiY3JlYXRlIjo2MDAwMDAwMDAwMDB9fQ==",
          "dependencies": [
            "module.terraform-atlassian_env.module.loadbalancer.data.openstack_images_image_v2.compute_instance_image",
            "module.terraform-atlassian_env.module.loadbalancer.openstack_blockstorage_volume_v2.compute_instance_root_volume",
            "module.terraform-atlassian_env.module.loadbalancer.openstack_compute_instance_v2.compute_instance",
            "module.terraform-atlassian_env.module.loadbalancer.openstack_compute_keypair_v2.compute_instance_keypair",
            "module.terraform-atlassian_env.openstack_networking_floatingip_v2.lb_ip",
            "module.terraform-atlassian_env.openstack_networking_network_v2.tf_network",
            "module.terraform-atlassian_env.openstack_networking_secgroup_v2.lan_allg",
            "module.terraform-atlassian_env.openstack_networking_secgroup_v2.loadbalancer"
          ]
        }
      ]
    },
    {
      "module": "module.terraform-atlassian_env",
      "mode": "managed",
      "type": "openstack_compute_volume_attach_v2",
      "name": "fileshare_storage_volume_attach",
      "provider": "provider[\"registry.terraform.io/terraform-provider-openstack/openstack\"]",
      "instances": [
        {
          "index_key": 0,
          "schema_version": 0,
          "attributes": {
            "device": "/dev/vdb",
            "id": "0fefda3e-4ebc-45ae-87c3-cd539164f3ef/78d8877c-f6e9-460e-a2f2-6cd39cb3f040",
            "instance_id": "0fefda3e-4ebc-45ae-87c3-cd539164f3ef",
            "multiattach": null,
            "region": "RegionOne",
            "timeouts": null,
            "vendor_options": [],
            "volume_id": "78d8877c-f6e9-460e-a2f2-6cd39cb3f040"
          },
          "sensitive_attributes": [],
          "private": "eyJlMmJmYjczMC1lY2FhLTExZTYtOGY4OC0zNDM2M2JjN2M0YzAiOnsiY3JlYXRlIjo2MDAwMDAwMDAwMDAsImRlbGV0ZSI6NjAwMDAwMDAwMDAwfX0=",
          "dependencies": [
            "module.terraform-atlassian_env.module.fileshare.data.openstack_images_image_v2.compute_instance_image",
            "module.terraform-atlassian_env.module.fileshare.openstack_blockstorage_volume_v2.compute_instance_root_volume",
            "module.terraform-atlassian_env.module.fileshare.openstack_compute_instance_v2.compute_instance",
            "module.terraform-atlassian_env.module.fileshare.openstack_compute_keypair_v2.compute_instance_keypair",
            "module.terraform-atlassian_env.openstack_blockstorage_volume_v2.fileshare_storage_volume",
            "module.terraform-atlassian_env.openstack_networking_network_v2.tf_network",
            "module.terraform-atlassian_env.openstack_networking_secgroup_v2.lan_allg",
            "module.terraform-atlassian_env.openstack_networking_secgroup_v2.lan_dedicated"
          ]
        },
        {
          "index_key": 1,
          "schema_version": 0,
          "attributes": {
            "device": "/dev/vdb",
            "id": "fa496491-0eba-49c1-af19-25879b19e75c/bee66de8-7fa7-4f32-97c4-32c9dce12eaa",
            "instance_id": "fa496491-0eba-49c1-af19-25879b19e75c",
            "multiattach": null,
            "region": "RegionOne",
            "timeouts": null,
            "vendor_options": [],
            "volume_id": "bee66de8-7fa7-4f32-97c4-32c9dce12eaa"
          },
          "sensitive_attributes": [],
          "private": "eyJlMmJmYjczMC1lY2FhLTExZTYtOGY4OC0zNDM2M2JjN2M0YzAiOnsiY3JlYXRlIjo2MDAwMDAwMDAwMDAsImRlbGV0ZSI6NjAwMDAwMDAwMDAwfX0=",
          "dependencies": [
            "module.terraform-atlassian_env.module.fileshare.data.openstack_images_image_v2.compute_instance_image",
            "module.terraform-atlassian_env.module.fileshare.openstack_blockstorage_volume_v2.compute_instance_root_volume",
            "module.terraform-atlassian_env.module.fileshare.openstack_compute_instance_v2.compute_instance",
            "module.terraform-atlassian_env.module.fileshare.openstack_compute_keypair_v2.compute_instance_keypair",
            "module.terraform-atlassian_env.openstack_blockstorage_volume_v2.fileshare_storage_volume",
            "module.terraform-atlassian_env.openstack_networking_network_v2.tf_network",
            "module.terraform-atlassian_env.openstack_networking_secgroup_v2.lan_allg",
            "module.terraform-atlassian_env.openstack_networking_secgroup_v2.lan_dedicated"
          ]
        }
      ]
    },
    {
      "module": "module.terraform-atlassian_env",
      "mode": "managed",
      "type": "openstack_networking_floatingip_v2",
      "name": "jumphost01_ip",
      "provider": "provider[\"registry.terraform.io/terraform-provider-openstack/openstack\"]",
      "instances": [
        {
          "schema_version": 0,
          "attributes": {
            "address": "193.148.162.192",
            "all_tags": [],
            "description": "",
            "dns_domain": "",
            "dns_name": "",
            "fixed_ip": "",
            "id": "7506e369-0440-4b6b-ba56-d5eb72b6ae44",
            "pool": "floating-net",
            "port_id": "",
            "region": "RegionOne",
            "subnet_id": null,
            "tags": null,
            "tenant_id": "8ed4ba58eee44bf5bbeeb8ea29bd2155",
            "timeouts": null,
            "value_specs": null
          },
          "sensitive_attributes": [],
          "private": "eyJlMmJmYjczMC1lY2FhLTExZTYtOGY4OC0zNDM2M2JjN2M0YzAiOnsiY3JlYXRlIjo2MDAwMDAwMDAwMDAsImRlbGV0ZSI6NjAwMDAwMDAwMDAwfX0="
        }
      ]
    },
    {
      "module": "module.terraform-atlassian_env",
      "mode": "managed",
      "type": "openstack_networking_floatingip_v2",
      "name": "lb_ip",
      "provider": "provider[\"registry.terraform.io/terraform-provider-openstack/openstack\"]",
      "instances": [
        {
          "index_key": 0,
          "schema_version": 0,
          "attributes": {
            "address": "193.148.162.130",
            "all_tags": [],
            "description": "",
            "dns_domain": "",
            "dns_name": "",
            "fixed_ip": "",
            "id": "ee6b8c13-46dd-4c50-bf29-aff5aa6e5855",
            "pool": "floating-net",
            "port_id": "",
            "region": "RegionOne",
            "subnet_id": null,
            "tags": null,
            "tenant_id": "8ed4ba58eee44bf5bbeeb8ea29bd2155",
            "timeouts": null,
            "value_specs": null
          },
          "sensitive_attributes": [],
          "private": "eyJlMmJmYjczMC1lY2FhLTExZTYtOGY4OC0zNDM2M2JjN2M0YzAiOnsiY3JlYXRlIjo2MDAwMDAwMDAwMDAsImRlbGV0ZSI6NjAwMDAwMDAwMDAwfX0="
        },
        {
          "index_key": 1,
          "schema_version": 0,
          "attributes": {
            "address": "193.148.166.147",
            "all_tags": [],
            "description": "",
            "dns_domain": "",
            "dns_name": "",
            "fixed_ip": "",
            "id": "3dac4914-0dff-491a-8c07-1dfe303b4d36",
            "pool": "floating-net",
            "port_id": "",
            "region": "RegionOne",
            "subnet_id": null,
            "tags": null,
            "tenant_id": "8ed4ba58eee44bf5bbeeb8ea29bd2155",
            "timeouts": null,
            "value_specs": null
          },
          "sensitive_attributes": [],
          "private": "eyJlMmJmYjczMC1lY2FhLTExZTYtOGY4OC0zNDM2M2JjN2M0YzAiOnsiY3JlYXRlIjo2MDAwMDAwMDAwMDAsImRlbGV0ZSI6NjAwMDAwMDAwMDAwfX0="
        }
      ]
    },
    {
      "module": "module.terraform-atlassian_env",
      "mode": "managed",
      "type": "openstack_networking_network_v2",
      "name": "tf_network",
      "provider": "provider[\"registry.terraform.io/terraform-provider-openstack/openstack\"]",
      "instances": [
        {
          "schema_version": 0,
          "attributes": {
            "admin_state_up": true,
            "all_tags": [],
            "availability_zone_hints": [],
            "description": "",
            "dns_domain": "",
            "external": false,
            "id": "dc03233f-f9f6-4580-b4b4-248c97079698",
            "mtu": 8750,
            "name": "tf_network",
            "port_security_enabled": true,
            "qos_policy_id": "",
            "region": "RegionOne",
            "segments": [],
            "shared": false,
            "tags": null,
            "tenant_id": "8ed4ba58eee44bf5bbeeb8ea29bd2155",
            "timeouts": null,
            "transparent_vlan": false,
            "value_specs": null
          },
          "sensitive_attributes": [],
          "private": "eyJlMmJmYjczMC1lY2FhLTExZTYtOGY4OC0zNDM2M2JjN2M0YzAiOnsiY3JlYXRlIjo2MDAwMDAwMDAwMDAsImRlbGV0ZSI6NjAwMDAwMDAwMDAwfX0="
        }
      ]
    },
    {
      "module": "module.terraform-atlassian_env",
      "mode": "managed",
      "type": "openstack_networking_router_interface_v2",
      "name": "tf_router_interface",
      "provider": "provider[\"registry.terraform.io/terraform-provider-openstack/openstack\"]",
      "instances": [
        {
          "schema_version": 0,
          "attributes": {
            "id": "bc8ad502-1fd9-4878-a75f-f291ea079e73",
            "port_id": "bc8ad502-1fd9-4878-a75f-f291ea079e73",
            "region": "RegionOne",
            "router_id": "7fed7097-6cc4-42e9-a50f-cd20a7beae89",
            "subnet_id": "b7c36a87-1bec-46b2-bd7b-1646d955ccae",
            "timeouts": null
          },
          "sensitive_attributes": [],
          "private": "eyJlMmJmYjczMC1lY2FhLTExZTYtOGY4OC0zNDM2M2JjN2M0YzAiOnsiY3JlYXRlIjo2MDAwMDAwMDAwMDAsImRlbGV0ZSI6NjAwMDAwMDAwMDAwfX0=",
          "dependencies": [
            "module.terraform-atlassian_env.data.openstack_networking_network_v2.external_network",
            "module.terraform-atlassian_env.openstack_networking_network_v2.tf_network",
            "module.terraform-atlassian_env.openstack_networking_router_v2.tf_router",
            "module.terraform-atlassian_env.openstack_networking_subnet_v2.tf_subnet"
          ]
        }
      ]
    },
    {
      "module": "module.terraform-atlassian_env",
      "mode": "managed",
      "type": "openstack_networking_router_v2",
      "name": "tf_router",
      "provider": "provider[\"registry.terraform.io/terraform-provider-openstack/openstack\"]",
      "instances": [
        {
          "schema_version": 0,
          "attributes": {
            "admin_state_up": true,
            "all_tags": [],
            "availability_zone_hints": [],
            "description": "",
            "distributed": false,
            "enable_snat": true,
            "external_fixed_ip": [
              {
                "ip_address": "193.148.166.173",
                "subnet_id": "45cdd58b-e57c-469c-b032-c5c595d2d8bf"
              }
            ],
            "external_gateway": "970ace5c-458f-484a-a660-0903bcfd91ad",
            "external_network_id": "970ace5c-458f-484a-a660-0903bcfd91ad",
            "id": "7fed7097-6cc4-42e9-a50f-cd20a7beae89",
            "name": "tf_router",
            "region": "RegionOne",
            "tags": null,
            "tenant_id": "8ed4ba58eee44bf5bbeeb8ea29bd2155",
            "timeouts": null,
            "value_specs": null,
            "vendor_options": []
          },
          "sensitive_attributes": [],
          "private": "eyJlMmJmYjczMC1lY2FhLTExZTYtOGY4OC0zNDM2M2JjN2M0YzAiOnsiY3JlYXRlIjo2MDAwMDAwMDAwMDAsImRlbGV0ZSI6NjAwMDAwMDAwMDAwfX0=",
          "dependencies": [
            "module.terraform-atlassian_env.data.openstack_networking_network_v2.external_network"
          ]
        }
      ]
    },
    {
      "module": "module.terraform-atlassian_env",
      "mode": "managed",
      "type": "openstack_networking_secgroup_rule_v2",
      "name": "confluence_clus1_egress_lan",
      "provider": "provider[\"registry.terraform.io/terraform-provider-openstack/openstack\"]",
      "instances": [
        {
          "schema_version": 0,
          "attributes": {
            "description": "confluence_clus1_egress_lan",
            "direction": "egress",
            "ethertype": "IPv4",
            "id": "b13e70d4-c83f-44fa-a4d0-4bd7af5224fe",
            "port_range_max": 5701,
            "port_range_min": 5701,
            "protocol": "tcp",
            "region": "RegionOne",
            "remote_group_id": "",
            "remote_ip_prefix": "10.1.0.0/16",
            "security_group_id": "efda7226-d1b9-4cfc-a19f-4a309c5518f9",
            "tenant_id": "8ed4ba58eee44bf5bbeeb8ea29bd2155",
            "timeouts": null
          },
          "sensitive_attributes": [],
          "private": "eyJlMmJmYjczMC1lY2FhLTExZTYtOGY4OC0zNDM2M2JjN2M0YzAiOnsiZGVsZXRlIjo2MDAwMDAwMDAwMDB9fQ==",
          "dependencies": [
            "module.terraform-atlassian_env.openstack_networking_secgroup_v2.confluence_cluster"
          ]
        }
      ]
    },
    {
      "module": "module.terraform-atlassian_env",
      "mode": "managed",
      "type": "openstack_networking_secgroup_rule_v2",
      "name": "confluence_clus1_ingress_lan",
      "provider": "provider[\"registry.terraform.io/terraform-provider-openstack/openstack\"]",
      "instances": [
        {
          "schema_version": 0,
          "attributes": {
            "description": "confluence_clus1_ingress_lan",
            "direction": "ingress",
            "ethertype": "IPv4",
            "id": "734b908a-3106-43ac-a9d2-c4ce0246d01d",
            "port_range_max": 5701,
            "port_range_min": 5701,
            "protocol": "tcp",
            "region": "RegionOne",
            "remote_group_id": "",
            "remote_ip_prefix": "10.1.0.0/16",
            "security_group_id": "efda7226-d1b9-4cfc-a19f-4a309c5518f9",
            "tenant_id": "8ed4ba58eee44bf5bbeeb8ea29bd2155",
            "timeouts": null
          },
          "sensitive_attributes": [],
          "private": "eyJlMmJmYjczMC1lY2FhLTExZTYtOGY4OC0zNDM2M2JjN2M0YzAiOnsiZGVsZXRlIjo2MDAwMDAwMDAwMDB9fQ==",
          "dependencies": [
            "module.terraform-atlassian_env.openstack_networking_secgroup_v2.confluence_cluster"
          ]
        }
      ]
    },
    {
      "module": "module.terraform-atlassian_env",
      "mode": "managed",
      "type": "openstack_networking_secgroup_rule_v2",
      "name": "confluence_clus2_egress_lan",
      "provider": "provider[\"registry.terraform.io/terraform-provider-openstack/openstack\"]",
      "instances": [
        {
          "schema_version": 0,
          "attributes": {
            "description": "confluence_clus2_egress_lan",
            "direction": "egress",
            "ethertype": "IPv4",
            "id": "08abd3c5-70df-4c5d-8820-5c3a6f4eb941",
            "port_range_max": 5801,
            "port_range_min": 5801,
            "protocol": "tcp",
            "region": "RegionOne",
            "remote_group_id": "",
            "remote_ip_prefix": "10.1.0.0/16",
            "security_group_id": "efda7226-d1b9-4cfc-a19f-4a309c5518f9",
            "tenant_id": "8ed4ba58eee44bf5bbeeb8ea29bd2155",
            "timeouts": null
          },
          "sensitive_attributes": [],
          "private": "eyJlMmJmYjczMC1lY2FhLTExZTYtOGY4OC0zNDM2M2JjN2M0YzAiOnsiZGVsZXRlIjo2MDAwMDAwMDAwMDB9fQ==",
          "dependencies": [
            "module.terraform-atlassian_env.openstack_networking_secgroup_v2.confluence_cluster"
          ]
        }
      ]
    },
    {
      "module": "module.terraform-atlassian_env",
      "mode": "managed",
      "type": "openstack_networking_secgroup_rule_v2",
      "name": "confluence_clus2_ingress_lan",
      "provider": "provider[\"registry.terraform.io/terraform-provider-openstack/openstack\"]",
      "instances": [
        {
          "schema_version": 0,
          "attributes": {
            "description": "confluence_clus2_ingress_lan",
            "direction": "ingress",
            "ethertype": "IPv4",
            "id": "395f97d3-65fe-4304-90d4-79f67c889ccb",
            "port_range_max": 5801,
            "port_range_min": 5801,
            "protocol": "tcp",
            "region": "RegionOne",
            "remote_group_id": "",
            "remote_ip_prefix": "10.1.0.0/16",
            "security_group_id": "efda7226-d1b9-4cfc-a19f-4a309c5518f9",
            "tenant_id": "8ed4ba58eee44bf5bbeeb8ea29bd2155",
            "timeouts": null
          },
          "sensitive_attributes": [],
          "private": "eyJlMmJmYjczMC1lY2FhLTExZTYtOGY4OC0zNDM2M2JjN2M0YzAiOnsiZGVsZXRlIjo2MDAwMDAwMDAwMDB9fQ==",
          "dependencies": [
            "module.terraform-atlassian_env.openstack_networking_secgroup_v2.confluence_cluster"
          ]
        }
      ]
    },
    {
      "module": "module.terraform-atlassian_env",
      "mode": "managed",
      "type": "openstack_networking_secgroup_rule_v2",
      "name": "confluence_clus3_egress_lan",
      "provider": "provider[\"registry.terraform.io/terraform-provider-openstack/openstack\"]",
      "instances": [
        {
          "schema_version": 0,
          "attributes": {
            "description": "confluence_clus3_egress_lan",
            "direction": "egress",
            "ethertype": "IPv4",
            "id": "517fe94d-23ad-48a3-b2df-cb44c02518c0",
            "port_range_max": 25500,
            "port_range_min": 25500,
            "protocol": "tcp",
            "region": "RegionOne",
            "remote_group_id": "",
            "remote_ip_prefix": "10.1.0.0/16",
            "security_group_id": "efda7226-d1b9-4cfc-a19f-4a309c5518f9",
            "tenant_id": "8ed4ba58eee44bf5bbeeb8ea29bd2155",
            "timeouts": null
          },
          "sensitive_attributes": [],
          "private": "eyJlMmJmYjczMC1lY2FhLTExZTYtOGY4OC0zNDM2M2JjN2M0YzAiOnsiZGVsZXRlIjo2MDAwMDAwMDAwMDB9fQ==",
          "dependencies": [
            "module.terraform-atlassian_env.openstack_networking_secgroup_v2.confluence_cluster"
          ]
        }
      ]
    },
    {
      "module": "module.terraform-atlassian_env",
      "mode": "managed",
      "type": "openstack_networking_secgroup_rule_v2",
      "name": "confluence_clus3_ingress_lan",
      "provider": "provider[\"registry.terraform.io/terraform-provider-openstack/openstack\"]",
      "instances": [
        {
          "schema_version": 0,
          "attributes": {
            "description": "confluence_clus3_ingress_lan",
            "direction": "ingress",
            "ethertype": "IPv4",
            "id": "28021bca-4919-4ee3-8cd9-da2d5e436e66",
            "port_range_max": 25500,
            "port_range_min": 25500,
            "protocol": "tcp",
            "region": "RegionOne",
            "remote_group_id": "",
            "remote_ip_prefix": "10.1.0.0/16",
            "security_group_id": "efda7226-d1b9-4cfc-a19f-4a309c5518f9",
            "tenant_id": "8ed4ba58eee44bf5bbeeb8ea29bd2155",
            "timeouts": null
          },
          "sensitive_attributes": [],
          "private": "eyJlMmJmYjczMC1lY2FhLTExZTYtOGY4OC0zNDM2M2JjN2M0YzAiOnsiZGVsZXRlIjo2MDAwMDAwMDAwMDB9fQ==",
          "dependencies": [
            "module.terraform-atlassian_env.openstack_networking_secgroup_v2.confluence_cluster"
          ]
        }
      ]
    },
    {
      "module": "module.terraform-atlassian_env",
      "mode": "managed",
      "type": "openstack_networking_secgroup_rule_v2",
      "name": "confluence_http8090_egress_lan",
      "provider": "provider[\"registry.terraform.io/terraform-provider-openstack/openstack\"]",
      "instances": [
        {
          "schema_version": 0,
          "attributes": {
            "description": "confluence_http8090_egress_lan",
            "direction": "egress",
            "ethertype": "IPv4",
            "id": "c7695def-12f4-4c4b-8ac5-9bb21d6cb6c0",
            "port_range_max": 8090,
            "port_range_min": 8090,
            "protocol": "tcp",
            "region": "RegionOne",
            "remote_group_id": "",
            "remote_ip_prefix": "10.1.0.0/16",
            "security_group_id": "efda7226-d1b9-4cfc-a19f-4a309c5518f9",
            "tenant_id": "8ed4ba58eee44bf5bbeeb8ea29bd2155",
            "timeouts": null
          },
          "sensitive_attributes": [],
          "private": "eyJlMmJmYjczMC1lY2FhLTExZTYtOGY4OC0zNDM2M2JjN2M0YzAiOnsiZGVsZXRlIjo2MDAwMDAwMDAwMDB9fQ==",
          "dependencies": [
            "module.terraform-atlassian_env.openstack_networking_secgroup_v2.confluence_cluster"
          ]
        }
      ]
    },
    {
      "module": "module.terraform-atlassian_env",
      "mode": "managed",
      "type": "openstack_networking_secgroup_rule_v2",
      "name": "confluence_http8090_ingress_lan",
      "provider": "provider[\"registry.terraform.io/terraform-provider-openstack/openstack\"]",
      "instances": [
        {
          "schema_version": 0,
          "attributes": {
            "description": "confluence_http8090_ingress_lan",
            "direction": "ingress",
            "ethertype": "IPv4",
            "id": "c7786686-27d3-4388-87f7-3cc22fac048d",
            "port_range_max": 8090,
            "port_range_min": 8090,
            "protocol": "tcp",
            "region": "RegionOne",
            "remote_group_id": "",
            "remote_ip_prefix": "10.1.0.0/16",
            "security_group_id": "efda7226-d1b9-4cfc-a19f-4a309c5518f9",
            "tenant_id": "8ed4ba58eee44bf5bbeeb8ea29bd2155",
            "timeouts": null
          },
          "sensitive_attributes": [],
          "private": "eyJlMmJmYjczMC1lY2FhLTExZTYtOGY4OC0zNDM2M2JjN2M0YzAiOnsiZGVsZXRlIjo2MDAwMDAwMDAwMDB9fQ==",
          "dependencies": [
            "module.terraform-atlassian_env.openstack_networking_secgroup_v2.confluence_cluster"
          ]
        }
      ]
    },
    {
      "module": "module.terraform-atlassian_env",
      "mode": "managed",
      "type": "openstack_networking_secgroup_rule_v2",
      "name": "jira_clus1_egress_lan",
      "provider": "provider[\"registry.terraform.io/terraform-provider-openstack/openstack\"]",
      "instances": [
        {
          "schema_version": 0,
          "attributes": {
            "description": "jira_clus1_egress_lan",
            "direction": "egress",
            "ethertype": "IPv4",
            "id": "b78f1f55-3c2b-462f-85d2-1e716de8ca54",
            "port_range_max": 40001,
            "port_range_min": 40001,
            "protocol": "tcp",
            "region": "RegionOne",
            "remote_group_id": "",
            "remote_ip_prefix": "10.1.0.0/16",
            "security_group_id": "acd7f41c-49f5-4332-9dec-eb41fc7b913c",
            "tenant_id": "8ed4ba58eee44bf5bbeeb8ea29bd2155",
            "timeouts": null
          },
          "sensitive_attributes": [],
          "private": "eyJlMmJmYjczMC1lY2FhLTExZTYtOGY4OC0zNDM2M2JjN2M0YzAiOnsiZGVsZXRlIjo2MDAwMDAwMDAwMDB9fQ==",
          "dependencies": [
            "module.terraform-atlassian_env.openstack_networking_secgroup_v2.jira_cluster"
          ]
        }
      ]
    },
    {
      "module": "module.terraform-atlassian_env",
      "mode": "managed",
      "type": "openstack_networking_secgroup_rule_v2",
      "name": "jira_clus1_ingress_lan",
      "provider": "provider[\"registry.terraform.io/terraform-provider-openstack/openstack\"]",
      "instances": [
        {
          "schema_version": 0,
          "attributes": {
            "description": "jira_clus1_ingress_lan",
            "direction": "ingress",
            "ethertype": "IPv4",
            "id": "53d4661f-9700-462f-bbf2-e41c9150d739",
            "port_range_max": 40001,
            "port_range_min": 40001,
            "protocol": "tcp",
            "region": "RegionOne",
            "remote_group_id": "",
            "remote_ip_prefix": "10.1.0.0/16",
            "security_group_id": "acd7f41c-49f5-4332-9dec-eb41fc7b913c",
            "tenant_id": "8ed4ba58eee44bf5bbeeb8ea29bd2155",
            "timeouts": null
          },
          "sensitive_attributes": [],
          "private": "eyJlMmJmYjczMC1lY2FhLTExZTYtOGY4OC0zNDM2M2JjN2M0YzAiOnsiZGVsZXRlIjo2MDAwMDAwMDAwMDB9fQ==",
          "dependencies": [
            "module.terraform-atlassian_env.openstack_networking_secgroup_v2.jira_cluster"
          ]
        }
      ]
    },
    {
      "module": "module.terraform-atlassian_env",
      "mode": "managed",
      "type": "openstack_networking_secgroup_rule_v2",
      "name": "jira_clus2_egress_lan",
      "provider": "provider[\"registry.terraform.io/terraform-provider-openstack/openstack\"]",
      "instances": [
        {
          "schema_version": 0,
          "attributes": {
            "description": "jira_clus2_egress_lan",
            "direction": "egress",
            "ethertype": "IPv4",
            "id": "9169e429-f499-4bda-95e3-5b478949e8a9",
            "port_range_max": 40011,
            "port_range_min": 40011,
            "protocol": "tcp",
            "region": "RegionOne",
            "remote_group_id": "",
            "remote_ip_prefix": "10.1.0.0/16",
            "security_group_id": "acd7f41c-49f5-4332-9dec-eb41fc7b913c",
            "tenant_id": "8ed4ba58eee44bf5bbeeb8ea29bd2155",
            "timeouts": null
          },
          "sensitive_attributes": [],
          "private": "eyJlMmJmYjczMC1lY2FhLTExZTYtOGY4OC0zNDM2M2JjN2M0YzAiOnsiZGVsZXRlIjo2MDAwMDAwMDAwMDB9fQ==",
          "dependencies": [
            "module.terraform-atlassian_env.openstack_networking_secgroup_v2.jira_cluster"
          ]
        }
      ]
    },
    {
      "module": "module.terraform-atlassian_env",
      "mode": "managed",
      "type": "openstack_networking_secgroup_rule_v2",
      "name": "jira_clus2_ingress_lan",
      "provider": "provider[\"registry.terraform.io/terraform-provider-openstack/openstack\"]",
      "instances": [
        {
          "schema_version": 0,
          "attributes": {
            "description": "jira_clus2_ingress_lan",
            "direction": "ingress",
            "ethertype": "IPv4",
            "id": "946fd409-d8db-473a-84e2-01267c42781e",
            "port_range_max": 40011,
            "port_range_min": 40011,
            "protocol": "tcp",
            "region": "RegionOne",
            "remote_group_id": "",
            "remote_ip_prefix": "10.1.0.0/16",
            "security_group_id": "acd7f41c-49f5-4332-9dec-eb41fc7b913c",
            "tenant_id": "8ed4ba58eee44bf5bbeeb8ea29bd2155",
            "timeouts": null
          },
          "sensitive_attributes": [],
          "private": "eyJlMmJmYjczMC1lY2FhLTExZTYtOGY4OC0zNDM2M2JjN2M0YzAiOnsiZGVsZXRlIjo2MDAwMDAwMDAwMDB9fQ==",
          "dependencies": [
            "module.terraform-atlassian_env.openstack_networking_secgroup_v2.jira_cluster"
          ]
        }
      ]
    },
    {
      "module": "module.terraform-atlassian_env",
      "mode": "managed",
      "type": "openstack_networking_secgroup_rule_v2",
      "name": "jira_http8080_egress_lan",
      "provider": "provider[\"registry.terraform.io/terraform-provider-openstack/openstack\"]",
      "instances": [
        {
          "schema_version": 0,
          "attributes": {
            "description": "jira_http8080_egress_lan",
            "direction": "egress",
            "ethertype": "IPv4",
            "id": "19521e35-349d-4a1e-85a3-48a59d612033",
            "port_range_max": 8080,
            "port_range_min": 8080,
            "protocol": "tcp",
            "region": "RegionOne",
            "remote_group_id": "",
            "remote_ip_prefix": "10.1.0.0/16",
            "security_group_id": "acd7f41c-49f5-4332-9dec-eb41fc7b913c",
            "tenant_id": "8ed4ba58eee44bf5bbeeb8ea29bd2155",
            "timeouts": null
          },
          "sensitive_attributes": [],
          "private": "eyJlMmJmYjczMC1lY2FhLTExZTYtOGY4OC0zNDM2M2JjN2M0YzAiOnsiZGVsZXRlIjo2MDAwMDAwMDAwMDB9fQ==",
          "dependencies": [
            "module.terraform-atlassian_env.openstack_networking_secgroup_v2.jira_cluster"
          ]
        }
      ]
    },
    {
      "module": "module.terraform-atlassian_env",
      "mode": "managed",
      "type": "openstack_networking_secgroup_rule_v2",
      "name": "jira_http8080_ingress_lan",
      "provider": "provider[\"registry.terraform.io/terraform-provider-openstack/openstack\"]",
      "instances": [
        {
          "schema_version": 0,
          "attributes": {
            "description": "jira_http8080_ingress_lan",
            "direction": "ingress",
            "ethertype": "IPv4",
            "id": "6864e084-ae9f-401b-8885-8a8bb618abd4",
            "port_range_max": 8080,
            "port_range_min": 8080,
            "protocol": "tcp",
            "region": "RegionOne",
            "remote_group_id": "",
            "remote_ip_prefix": "10.1.0.0/16",
            "security_group_id": "acd7f41c-49f5-4332-9dec-eb41fc7b913c",
            "tenant_id": "8ed4ba58eee44bf5bbeeb8ea29bd2155",
            "timeouts": null
          },
          "sensitive_attributes": [],
          "private": "eyJlMmJmYjczMC1lY2FhLTExZTYtOGY4OC0zNDM2M2JjN2M0YzAiOnsiZGVsZXRlIjo2MDAwMDAwMDAwMDB9fQ==",
          "dependencies": [
            "module.terraform-atlassian_env.openstack_networking_secgroup_v2.jira_cluster"
          ]
        }
      ]
    },
    {
      "module": "module.terraform-atlassian_env",
      "mode": "managed",
      "type": "openstack_networking_secgroup_rule_v2",
      "name": "jumphost_dns_egress_all",
      "provider": "provider[\"registry.terraform.io/terraform-provider-openstack/openstack\"]",
      "instances": [
        {
          "schema_version": 0,
          "attributes": {
            "description": "jumphost_dns_egress_all",
            "direction": "egress",
            "ethertype": "IPv4",
            "id": "188e54f0-20d2-46f5-acb3-57fe9dbef68c",
            "port_range_max": 53,
            "port_range_min": 53,
            "protocol": "udp",
            "region": "RegionOne",
            "remote_group_id": "",
            "remote_ip_prefix": "0.0.0.0/0",
            "security_group_id": "b3275afe-df2e-4919-9ae1-188748f35ba1",
            "tenant_id": "8ed4ba58eee44bf5bbeeb8ea29bd2155",
            "timeouts": null
          },
          "sensitive_attributes": [],
          "private": "eyJlMmJmYjczMC1lY2FhLTExZTYtOGY4OC0zNDM2M2JjN2M0YzAiOnsiZGVsZXRlIjo2MDAwMDAwMDAwMDB9fQ==",
          "dependencies": [
            "module.terraform-atlassian_env.openstack_networking_secgroup_v2.jumphost"
          ]
        }
      ]
    },
    {
      "module": "module.terraform-atlassian_env",
      "mode": "managed",
      "type": "openstack_networking_secgroup_rule_v2",
      "name": "jumphost_http_egress_all",
      "provider": "provider[\"registry.terraform.io/terraform-provider-openstack/openstack\"]",
      "instances": [
        {
          "schema_version": 0,
          "attributes": {
            "description": "jumphost_http_egress_all",
            "direction": "egress",
            "ethertype": "IPv4",
            "id": "98d96e07-0f25-4922-a5b3-8567e4db7d9f",
            "port_range_max": 80,
            "port_range_min": 80,
            "protocol": "tcp",
            "region": "RegionOne",
            "remote_group_id": "",
            "remote_ip_prefix": "0.0.0.0/0",
            "security_group_id": "b3275afe-df2e-4919-9ae1-188748f35ba1",
            "tenant_id": "8ed4ba58eee44bf5bbeeb8ea29bd2155",
            "timeouts": null
          },
          "sensitive_attributes": [],
          "private": "eyJlMmJmYjczMC1lY2FhLTExZTYtOGY4OC0zNDM2M2JjN2M0YzAiOnsiZGVsZXRlIjo2MDAwMDAwMDAwMDB9fQ==",
          "dependencies": [
            "module.terraform-atlassian_env.openstack_networking_secgroup_v2.jumphost"
          ]
        }
      ]
    },
    {
      "module": "module.terraform-atlassian_env",
      "mode": "managed",
      "type": "openstack_networking_secgroup_rule_v2",
      "name": "jumphost_http_egress_lb",
      "provider": "provider[\"registry.terraform.io/terraform-provider-openstack/openstack\"]",
      "instances": [
        {
          "index_key": 0,
          "schema_version": 0,
          "attributes": {
            "description": "jumphost_http_egress_lb",
            "direction": "egress",
            "ethertype": "IPv4",
            "id": "d5b18839-2f90-42b6-9196-b004f0f9de1c",
            "port_range_max": 80,
            "port_range_min": 80,
            "protocol": "tcp",
            "region": "RegionOne",
            "remote_group_id": "",
            "remote_ip_prefix": "10.1.2.118/32",
            "security_group_id": "b3275afe-df2e-4919-9ae1-188748f35ba1",
            "tenant_id": "8ed4ba58eee44bf5bbeeb8ea29bd2155",
            "timeouts": null
          },
          "sensitive_attributes": [],
          "private": "eyJlMmJmYjczMC1lY2FhLTExZTYtOGY4OC0zNDM2M2JjN2M0YzAiOnsiZGVsZXRlIjo2MDAwMDAwMDAwMDB9fQ==",
          "dependencies": [
            "module.terraform-atlassian_env.module.loadbalancer.data.openstack_images_image_v2.compute_instance_image",
            "module.terraform-atlassian_env.module.loadbalancer.openstack_blockstorage_volume_v2.compute_instance_root_volume",
            "module.terraform-atlassian_env.module.loadbalancer.openstack_compute_instance_v2.compute_instance",
            "module.terraform-atlassian_env.module.loadbalancer.openstack_compute_keypair_v2.compute_instance_keypair",
            "module.terraform-atlassian_env.openstack_networking_network_v2.tf_network",
            "module.terraform-atlassian_env.openstack_networking_secgroup_v2.jumphost",
            "module.terraform-atlassian_env.openstack_networking_secgroup_v2.lan_allg",
            "module.terraform-atlassian_env.openstack_networking_secgroup_v2.loadbalancer"
          ]
        },
        {
          "index_key": 1,
          "schema_version": 0,
          "attributes": {
            "description": "jumphost_http_egress_lb",
            "direction": "egress",
            "ethertype": "IPv4",
            "id": "ee0e8ef5-7d0c-4f37-9458-e97214aecd5b",
            "port_range_max": 80,
            "port_range_min": 80,
            "protocol": "tcp",
            "region": "RegionOne",
            "remote_group_id": "",
            "remote_ip_prefix": "10.1.2.213/32",
            "security_group_id": "b3275afe-df2e-4919-9ae1-188748f35ba1",
            "tenant_id": "8ed4ba58eee44bf5bbeeb8ea29bd2155",
            "timeouts": null
          },
          "sensitive_attributes": [],
          "private": "eyJlMmJmYjczMC1lY2FhLTExZTYtOGY4OC0zNDM2M2JjN2M0YzAiOnsiZGVsZXRlIjo2MDAwMDAwMDAwMDB9fQ==",
          "dependencies": [
            "module.terraform-atlassian_env.module.loadbalancer.data.openstack_images_image_v2.compute_instance_image",
            "module.terraform-atlassian_env.module.loadbalancer.openstack_blockstorage_volume_v2.compute_instance_root_volume",
            "module.terraform-atlassian_env.module.loadbalancer.openstack_compute_instance_v2.compute_instance",
            "module.terraform-atlassian_env.module.loadbalancer.openstack_compute_keypair_v2.compute_instance_keypair",
            "module.terraform-atlassian_env.openstack_networking_network_v2.tf_network",
            "module.terraform-atlassian_env.openstack_networking_secgroup_v2.jumphost",
            "module.terraform-atlassian_env.openstack_networking_secgroup_v2.lan_allg",
            "module.terraform-atlassian_env.openstack_networking_secgroup_v2.loadbalancer"
          ]
        }
      ]
    },
    {
      "module": "module.terraform-atlassian_env",
      "mode": "managed",
      "type": "openstack_networking_secgroup_rule_v2",
      "name": "jumphost_https_egress_all",
      "provider": "provider[\"registry.terraform.io/terraform-provider-openstack/openstack\"]",
      "instances": [
        {
          "schema_version": 0,
          "attributes": {
            "description": "jumphost_https_egress_all",
            "direction": "egress",
            "ethertype": "IPv4",
            "id": "62f24bcb-832d-4f6d-a992-c7400b3869b7",
            "port_range_max": 443,
            "port_range_min": 443,
            "protocol": "tcp",
            "region": "RegionOne",
            "remote_group_id": "",
            "remote_ip_prefix": "0.0.0.0/0",
            "security_group_id": "b3275afe-df2e-4919-9ae1-188748f35ba1",
            "tenant_id": "8ed4ba58eee44bf5bbeeb8ea29bd2155",
            "timeouts": null
          },
          "sensitive_attributes": [],
          "private": "eyJlMmJmYjczMC1lY2FhLTExZTYtOGY4OC0zNDM2M2JjN2M0YzAiOnsiZGVsZXRlIjo2MDAwMDAwMDAwMDB9fQ==",
          "dependencies": [
            "module.terraform-atlassian_env.openstack_networking_secgroup_v2.jumphost"
          ]
        }
      ]
    },
    {
      "module": "module.terraform-atlassian_env",
      "mode": "managed",
      "type": "openstack_networking_secgroup_rule_v2",
      "name": "jumphost_https_egress_lb",
      "provider": "provider[\"registry.terraform.io/terraform-provider-openstack/openstack\"]",
      "instances": [
        {
          "index_key": 0,
          "schema_version": 0,
          "attributes": {
            "description": "jumphost_https_egress_lb",
            "direction": "egress",
            "ethertype": "IPv4",
            "id": "9a8ec4c1-6bb9-4ba9-86df-f0935859569d",
            "port_range_max": 443,
            "port_range_min": 443,
            "protocol": "tcp",
            "region": "RegionOne",
            "remote_group_id": "",
            "remote_ip_prefix": "10.1.2.118/32",
            "security_group_id": "b3275afe-df2e-4919-9ae1-188748f35ba1",
            "tenant_id": "8ed4ba58eee44bf5bbeeb8ea29bd2155",
            "timeouts": null
          },
          "sensitive_attributes": [],
          "private": "eyJlMmJmYjczMC1lY2FhLTExZTYtOGY4OC0zNDM2M2JjN2M0YzAiOnsiZGVsZXRlIjo2MDAwMDAwMDAwMDB9fQ==",
          "dependencies": [
            "module.terraform-atlassian_env.module.loadbalancer.data.openstack_images_image_v2.compute_instance_image",
            "module.terraform-atlassian_env.module.loadbalancer.openstack_blockstorage_volume_v2.compute_instance_root_volume",
            "module.terraform-atlassian_env.module.loadbalancer.openstack_compute_instance_v2.compute_instance",
            "module.terraform-atlassian_env.module.loadbalancer.openstack_compute_keypair_v2.compute_instance_keypair",
            "module.terraform-atlassian_env.openstack_networking_network_v2.tf_network",
            "module.terraform-atlassian_env.openstack_networking_secgroup_v2.jumphost",
            "module.terraform-atlassian_env.openstack_networking_secgroup_v2.lan_allg",
            "module.terraform-atlassian_env.openstack_networking_secgroup_v2.loadbalancer"
          ]
        },
        {
          "index_key": 1,
          "schema_version": 0,
          "attributes": {
            "description": "jumphost_https_egress_lb",
            "direction": "egress",
            "ethertype": "IPv4",
            "id": "0547d5f8-b557-41fb-8060-bc59de8fa6a5",
            "port_range_max": 443,
            "port_range_min": 443,
            "protocol": "tcp",
            "region": "RegionOne",
            "remote_group_id": "",
            "remote_ip_prefix": "10.1.2.213/32",
            "security_group_id": "b3275afe-df2e-4919-9ae1-188748f35ba1",
            "tenant_id": "8ed4ba58eee44bf5bbeeb8ea29bd2155",
            "timeouts": null
          },
          "sensitive_attributes": [],
          "private": "eyJlMmJmYjczMC1lY2FhLTExZTYtOGY4OC0zNDM2M2JjN2M0YzAiOnsiZGVsZXRlIjo2MDAwMDAwMDAwMDB9fQ==",
          "dependencies": [
            "module.terraform-atlassian_env.module.loadbalancer.data.openstack_images_image_v2.compute_instance_image",
            "module.terraform-atlassian_env.module.loadbalancer.openstack_blockstorage_volume_v2.compute_instance_root_volume",
            "module.terraform-atlassian_env.module.loadbalancer.openstack_compute_instance_v2.compute_instance",
            "module.terraform-atlassian_env.module.loadbalancer.openstack_compute_keypair_v2.compute_instance_keypair",
            "module.terraform-atlassian_env.openstack_networking_network_v2.tf_network",
            "module.terraform-atlassian_env.openstack_networking_secgroup_v2.jumphost",
            "module.terraform-atlassian_env.openstack_networking_secgroup_v2.lan_allg",
            "module.terraform-atlassian_env.openstack_networking_secgroup_v2.loadbalancer"
          ]
        }
      ]
    },
    {
      "module": "module.terraform-atlassian_env",
      "mode": "managed",
      "type": "openstack_networking_secgroup_rule_v2",
      "name": "jumphost_ssh2_egress_lan",
      "provider": "provider[\"registry.terraform.io/terraform-provider-openstack/openstack\"]",
      "instances": [
        {
          "schema_version": 0,
          "attributes": {
            "description": "jumphost_ssh2_egress_lan",
            "direction": "egress",
            "ethertype": "IPv4",
            "id": "11ebefd5-9c51-4f22-8286-baf99e72250f",
            "port_range_max": 30712,
            "port_range_min": 30712,
            "protocol": "tcp",
            "region": "RegionOne",
            "remote_group_id": "",
            "remote_ip_prefix": "10.1.0.0/16",
            "security_group_id": "b3275afe-df2e-4919-9ae1-188748f35ba1",
            "tenant_id": "8ed4ba58eee44bf5bbeeb8ea29bd2155",
            "timeouts": null
          },
          "sensitive_attributes": [],
          "private": "eyJlMmJmYjczMC1lY2FhLTExZTYtOGY4OC0zNDM2M2JjN2M0YzAiOnsiZGVsZXRlIjo2MDAwMDAwMDAwMDB9fQ==",
          "dependencies": [
            "module.terraform-atlassian_env.openstack_networking_secgroup_v2.jumphost"
          ]
        }
      ]
    },
    {
      "module": "module.terraform-atlassian_env",
      "mode": "managed",
      "type": "openstack_networking_secgroup_rule_v2",
      "name": "jumphost_ssh2_ingress_mwp",
      "provider": "provider[\"registry.terraform.io/terraform-provider-openstack/openstack\"]",
      "instances": [
        {
          "schema_version": 0,
          "attributes": {
            "description": "jumphost_ssh2_ingress_mwp",
            "direction": "ingress",
            "ethertype": "IPv4",
            "id": "410c3574-2c92-4952-a7c1-7c98edf62a7a",
            "port_range_max": 30712,
            "port_range_min": 30712,
            "protocol": "tcp",
            "region": "RegionOne",
            "remote_group_id": "",
            "remote_ip_prefix": "185.124.192.0/22",
            "security_group_id": "b3275afe-df2e-4919-9ae1-188748f35ba1",
            "tenant_id": "8ed4ba58eee44bf5bbeeb8ea29bd2155",
            "timeouts": null
          },
          "sensitive_attributes": [],
          "private": "eyJlMmJmYjczMC1lY2FhLTExZTYtOGY4OC0zNDM2M2JjN2M0YzAiOnsiZGVsZXRlIjo2MDAwMDAwMDAwMDB9fQ==",
          "dependencies": [
            "module.terraform-atlassian_env.openstack_networking_secgroup_v2.jumphost"
          ]
        }
      ]
    },
    {
      "module": "module.terraform-atlassian_env",
      "mode": "managed",
      "type": "openstack_networking_secgroup_rule_v2",
      "name": "jumphost_ssh2_ingress_mwp2",
      "provider": "provider[\"registry.terraform.io/terraform-provider-openstack/openstack\"]",
      "instances": [
        {
          "schema_version": 0,
          "attributes": {
            "description": "jumphost_ssh2_ingress_mwp2",
            "direction": "ingress",
            "ethertype": "IPv4",
            "id": "4978f181-1e2b-41c4-b01d-43041ac4c44a",
            "port_range_max": 30712,
            "port_range_min": 30712,
            "protocol": "tcp",
            "region": "RegionOne",
            "remote_group_id": "",
            "remote_ip_prefix": "185.86.188.0/22",
            "security_group_id": "b3275afe-df2e-4919-9ae1-188748f35ba1",
            "tenant_id": "8ed4ba58eee44bf5bbeeb8ea29bd2155",
            "timeouts": null
          },
          "sensitive_attributes": [],
          "private": "eyJlMmJmYjczMC1lY2FhLTExZTYtOGY4OC0zNDM2M2JjN2M0YzAiOnsiZGVsZXRlIjo2MDAwMDAwMDAwMDB9fQ==",
          "dependencies": [
            "module.terraform-atlassian_env.openstack_networking_secgroup_v2.jumphost"
          ]
        }
      ]
    },
    {
      "module": "module.terraform-atlassian_env",
      "mode": "managed",
      "type": "openstack_networking_secgroup_rule_v2",
      "name": "jumphost_ssh_egress_lan",
      "provider": "provider[\"registry.terraform.io/terraform-provider-openstack/openstack\"]",
      "instances": [
        {
          "schema_version": 0,
          "attributes": {
            "description": "jumphost_ssh_egress_lan",
            "direction": "egress",
            "ethertype": "IPv4",
            "id": "51e93b4c-0045-4b93-ae8c-6fbc18525d90",
            "port_range_max": 22,
            "port_range_min": 22,
            "protocol": "tcp",
            "region": "RegionOne",
            "remote_group_id": "",
            "remote_ip_prefix": "10.1.0.0/16",
            "security_group_id": "b3275afe-df2e-4919-9ae1-188748f35ba1",
            "tenant_id": "8ed4ba58eee44bf5bbeeb8ea29bd2155",
            "timeouts": null
          },
          "sensitive_attributes": [],
          "private": "eyJlMmJmYjczMC1lY2FhLTExZTYtOGY4OC0zNDM2M2JjN2M0YzAiOnsiZGVsZXRlIjo2MDAwMDAwMDAwMDB9fQ==",
          "dependencies": [
            "module.terraform-atlassian_env.openstack_networking_secgroup_v2.jumphost"
          ]
        }
      ]
    },
    {
      "module": "module.terraform-atlassian_env",
      "mode": "managed",
      "type": "openstack_networking_secgroup_rule_v2",
      "name": "jumphost_ssh_ingress_mwp",
      "provider": "provider[\"registry.terraform.io/terraform-provider-openstack/openstack\"]",
      "instances": [
        {
          "schema_version": 0,
          "attributes": {
            "description": "jumphost_ssh_ingress_mwp",
            "direction": "ingress",
            "ethertype": "IPv4",
            "id": "8c63ed9e-a930-4b95-b7c9-73771f603f24",
            "port_range_max": 22,
            "port_range_min": 22,
            "protocol": "tcp",
            "region": "RegionOne",
            "remote_group_id": "",
            "remote_ip_prefix": "185.124.192.0/22",
            "security_group_id": "b3275afe-df2e-4919-9ae1-188748f35ba1",
            "tenant_id": "8ed4ba58eee44bf5bbeeb8ea29bd2155",
            "timeouts": null
          },
          "sensitive_attributes": [],
          "private": "eyJlMmJmYjczMC1lY2FhLTExZTYtOGY4OC0zNDM2M2JjN2M0YzAiOnsiZGVsZXRlIjo2MDAwMDAwMDAwMDB9fQ==",
          "dependencies": [
            "module.terraform-atlassian_env.openstack_networking_secgroup_v2.jumphost"
          ]
        }
      ]
    },
    {
      "module": "module.terraform-atlassian_env",
      "mode": "managed",
      "type": "openstack_networking_secgroup_rule_v2",
      "name": "jumphost_ssh_ingress_mwp2",
      "provider": "provider[\"registry.terraform.io/terraform-provider-openstack/openstack\"]",
      "instances": [
        {
          "schema_version": 0,
          "attributes": {
            "description": "jumphost_ssh_ingress_mwp2",
            "direction": "ingress",
            "ethertype": "IPv4",
            "id": "82919bf4-9d92-4e7c-b9d8-4c65ff862a03",
            "port_range_max": 22,
            "port_range_min": 22,
            "protocol": "tcp",
            "region": "RegionOne",
            "remote_group_id": "",
            "remote_ip_prefix": "185.86.188.0/22",
            "security_group_id": "b3275afe-df2e-4919-9ae1-188748f35ba1",
            "tenant_id": "8ed4ba58eee44bf5bbeeb8ea29bd2155",
            "timeouts": null
          },
          "sensitive_attributes": [],
          "private": "eyJlMmJmYjczMC1lY2FhLTExZTYtOGY4OC0zNDM2M2JjN2M0YzAiOnsiZGVsZXRlIjo2MDAwMDAwMDAwMDB9fQ==",
          "dependencies": [
            "module.terraform-atlassian_env.openstack_networking_secgroup_v2.jumphost"
          ]
        }
      ]
    },
    {
      "module": "module.terraform-atlassian_env",
      "mode": "managed",
      "type": "openstack_networking_secgroup_rule_v2",
      "name": "lan_allg_dns_egress_all",
      "provider": "provider[\"registry.terraform.io/terraform-provider-openstack/openstack\"]",
      "instances": [
        {
          "schema_version": 0,
          "attributes": {
            "description": "lan_allg_dns_egress_all",
            "direction": "egress",
            "ethertype": "IPv4",
            "id": "0e3f7b48-a1ca-4409-b685-0770346351e5",
            "port_range_max": 53,
            "port_range_min": 53,
            "protocol": "udp",
            "region": "RegionOne",
            "remote_group_id": "",
            "remote_ip_prefix": "0.0.0.0/0",
            "security_group_id": "175762cf-16b4-4e5e-8bbc-6146bdefd2cf",
            "tenant_id": "8ed4ba58eee44bf5bbeeb8ea29bd2155",
            "timeouts": null
          },
          "sensitive_attributes": [],
          "private": "eyJlMmJmYjczMC1lY2FhLTExZTYtOGY4OC0zNDM2M2JjN2M0YzAiOnsiZGVsZXRlIjo2MDAwMDAwMDAwMDB9fQ==",
          "dependencies": [
            "module.terraform-atlassian_env.openstack_networking_secgroup_v2.lan_allg"
          ]
        }
      ]
    },
    {
      "module": "module.terraform-atlassian_env",
      "mode": "managed",
      "type": "openstack_networking_secgroup_rule_v2",
      "name": "lan_allg_http_egress_all",
      "provider": "provider[\"registry.terraform.io/terraform-provider-openstack/openstack\"]",
      "instances": [
        {
          "schema_version": 0,
          "attributes": {
            "description": "lan_allg_http_egress_all",
            "direction": "egress",
            "ethertype": "IPv4",
            "id": "96a14549-8a81-4f38-bacb-d87760d39454",
            "port_range_max": 80,
            "port_range_min": 80,
            "protocol": "tcp",
            "region": "RegionOne",
            "remote_group_id": "",
            "remote_ip_prefix": "0.0.0.0/0",
            "security_group_id": "175762cf-16b4-4e5e-8bbc-6146bdefd2cf",
            "tenant_id": "8ed4ba58eee44bf5bbeeb8ea29bd2155",
            "timeouts": null
          },
          "sensitive_attributes": [],
          "private": "eyJlMmJmYjczMC1lY2FhLTExZTYtOGY4OC0zNDM2M2JjN2M0YzAiOnsiZGVsZXRlIjo2MDAwMDAwMDAwMDB9fQ==",
          "dependencies": [
            "module.terraform-atlassian_env.openstack_networking_secgroup_v2.lan_allg"
          ]
        }
      ]
    },
    {
      "module": "module.terraform-atlassian_env",
      "mode": "managed",
      "type": "openstack_networking_secgroup_rule_v2",
      "name": "lan_allg_https_egress_all",
      "provider": "provider[\"registry.terraform.io/terraform-provider-openstack/openstack\"]",
      "instances": [
        {
          "schema_version": 0,
          "attributes": {
            "description": "lan_allg_https_egress_all",
            "direction": "egress",
            "ethertype": "IPv4",
            "id": "707e1c6b-20b5-4e4e-8070-5353dead1c13",
            "port_range_max": 443,
            "port_range_min": 443,
            "protocol": "tcp",
            "region": "RegionOne",
            "remote_group_id": "",
            "remote_ip_prefix": "0.0.0.0/0",
            "security_group_id": "175762cf-16b4-4e5e-8bbc-6146bdefd2cf",
            "tenant_id": "8ed4ba58eee44bf5bbeeb8ea29bd2155",
            "timeouts": null
          },
          "sensitive_attributes": [],
          "private": "eyJlMmJmYjczMC1lY2FhLTExZTYtOGY4OC0zNDM2M2JjN2M0YzAiOnsiZGVsZXRlIjo2MDAwMDAwMDAwMDB9fQ==",
          "dependencies": [
            "module.terraform-atlassian_env.openstack_networking_secgroup_v2.lan_allg"
          ]
        }
      ]
    },
    {
      "module": "module.terraform-atlassian_env",
      "mode": "managed",
      "type": "openstack_networking_secgroup_rule_v2",
      "name": "lan_allg_imap_egress_all",
      "provider": "provider[\"registry.terraform.io/terraform-provider-openstack/openstack\"]",
      "instances": [
        {
          "schema_version": 0,
          "attributes": {
            "description": "lan_allg_imap_egress_all",
            "direction": "egress",
            "ethertype": "IPv4",
            "id": "2f953fe1-c4f5-4997-93ae-fd474a29d539",
            "port_range_max": 993,
            "port_range_min": 993,
            "protocol": "tcp",
            "region": "RegionOne",
            "remote_group_id": "",
            "remote_ip_prefix": "0.0.0.0/0",
            "security_group_id": "175762cf-16b4-4e5e-8bbc-6146bdefd2cf",
            "tenant_id": "8ed4ba58eee44bf5bbeeb8ea29bd2155",
            "timeouts": null
          },
          "sensitive_attributes": [],
          "private": "eyJlMmJmYjczMC1lY2FhLTExZTYtOGY4OC0zNDM2M2JjN2M0YzAiOnsiZGVsZXRlIjo2MDAwMDAwMDAwMDB9fQ==",
          "dependencies": [
            "module.terraform-atlassian_env.openstack_networking_secgroup_v2.lan_allg"
          ]
        }
      ]
    },
    {
      "module": "module.terraform-atlassian_env",
      "mode": "managed",
      "type": "openstack_networking_secgroup_rule_v2",
      "name": "lan_allg_ntp_egress_all",
      "provider": "provider[\"registry.terraform.io/terraform-provider-openstack/openstack\"]",
      "instances": [
        {
          "schema_version": 0,
          "attributes": {
            "description": "lan_allg_ntp_egress_all",
            "direction": "egress",
            "ethertype": "IPv4",
            "id": "cf8db778-9567-44d6-917f-97228a7f48ad",
            "port_range_max": 123,
            "port_range_min": 123,
            "protocol": "udp",
            "region": "RegionOne",
            "remote_group_id": "",
            "remote_ip_prefix": "0.0.0.0/0",
            "security_group_id": "175762cf-16b4-4e5e-8bbc-6146bdefd2cf",
            "tenant_id": "8ed4ba58eee44bf5bbeeb8ea29bd2155",
            "timeouts": null
          },
          "sensitive_attributes": [],
          "private": "eyJlMmJmYjczMC1lY2FhLTExZTYtOGY4OC0zNDM2M2JjN2M0YzAiOnsiZGVsZXRlIjo2MDAwMDAwMDAwMDB9fQ==",
          "dependencies": [
            "module.terraform-atlassian_env.openstack_networking_secgroup_v2.lan_allg"
          ]
        }
      ]
    },
    {
      "module": "module.terraform-atlassian_env",
      "mode": "managed",
      "type": "openstack_networking_secgroup_rule_v2",
      "name": "lan_allg_pop3_egress_all",
      "provider": "provider[\"registry.terraform.io/terraform-provider-openstack/openstack\"]",
      "instances": [
        {
          "schema_version": 0,
          "attributes": {
            "description": "lan_allg_pop3_egress_all",
            "direction": "egress",
            "ethertype": "IPv4",
            "id": "241ee4cf-d9e4-48e9-b979-6fbd59b39f65",
            "port_range_max": 995,
            "port_range_min": 995,
            "protocol": "tcp",
            "region": "RegionOne",
            "remote_group_id": "",
            "remote_ip_prefix": "0.0.0.0/0",
            "security_group_id": "175762cf-16b4-4e5e-8bbc-6146bdefd2cf",
            "tenant_id": "8ed4ba58eee44bf5bbeeb8ea29bd2155",
            "timeouts": null
          },
          "sensitive_attributes": [],
          "private": "eyJlMmJmYjczMC1lY2FhLTExZTYtOGY4OC0zNDM2M2JjN2M0YzAiOnsiZGVsZXRlIjo2MDAwMDAwMDAwMDB9fQ==",
          "dependencies": [
            "module.terraform-atlassian_env.openstack_networking_secgroup_v2.lan_allg"
          ]
        }
      ]
    },
    {
      "module": "module.terraform-atlassian_env",
      "mode": "managed",
      "type": "openstack_networking_secgroup_rule_v2",
      "name": "lan_allg_smtp_egress_all",
      "provider": "provider[\"registry.terraform.io/terraform-provider-openstack/openstack\"]",
      "instances": [
        {
          "schema_version": 0,
          "attributes": {
            "description": "lan_allg_smtp_egress_all",
            "direction": "egress",
            "ethertype": "IPv4",
            "id": "3ba7c35c-17b4-403d-bcfa-9edc1f25df48",
            "port_range_max": 587,
            "port_range_min": 587,
            "protocol": "tcp",
            "region": "RegionOne",
            "remote_group_id": "",
            "remote_ip_prefix": "0.0.0.0/0",
            "security_group_id": "175762cf-16b4-4e5e-8bbc-6146bdefd2cf",
            "tenant_id": "8ed4ba58eee44bf5bbeeb8ea29bd2155",
            "timeouts": null
          },
          "sensitive_attributes": [],
          "private": "eyJlMmJmYjczMC1lY2FhLTExZTYtOGY4OC0zNDM2M2JjN2M0YzAiOnsiZGVsZXRlIjo2MDAwMDAwMDAwMDB9fQ==",
          "dependencies": [
            "module.terraform-atlassian_env.openstack_networking_secgroup_v2.lan_allg"
          ]
        }
      ]
    },
    {
      "module": "module.terraform-atlassian_env",
      "mode": "managed",
      "type": "openstack_networking_secgroup_rule_v2",
      "name": "lan_allg_ssh2_ingress_jh",
      "provider": "provider[\"registry.terraform.io/terraform-provider-openstack/openstack\"]",
      "instances": [
        {
          "schema_version": 0,
          "attributes": {
            "description": "lan_allg_ssh2_ingress_jh",
            "direction": "ingress",
            "ethertype": "IPv4",
            "id": "0f87dce2-ad86-49d2-80cf-0ff2299b19a9",
            "port_range_max": 30712,
            "port_range_min": 30712,
            "protocol": "tcp",
            "region": "RegionOne",
            "remote_group_id": "",
            "remote_ip_prefix": "10.1.0.212/32",
            "security_group_id": "175762cf-16b4-4e5e-8bbc-6146bdefd2cf",
            "tenant_id": "8ed4ba58eee44bf5bbeeb8ea29bd2155",
            "timeouts": null
          },
          "sensitive_attributes": [],
          "private": "eyJlMmJmYjczMC1lY2FhLTExZTYtOGY4OC0zNDM2M2JjN2M0YzAiOnsiZGVsZXRlIjo2MDAwMDAwMDAwMDB9fQ==",
          "dependencies": [
            "module.terraform-atlassian_env.module.jumphost01.data.openstack_images_image_v2.compute_instance_image",
            "module.terraform-atlassian_env.module.jumphost01.openstack_blockstorage_volume_v2.compute_instance_root_volume",
            "module.terraform-atlassian_env.module.jumphost01.openstack_compute_instance_v2.compute_instance",
            "module.terraform-atlassian_env.module.jumphost01.openstack_compute_keypair_v2.compute_instance_keypair",
            "module.terraform-atlassian_env.openstack_networking_network_v2.tf_network",
            "module.terraform-atlassian_env.openstack_networking_secgroup_v2.jumphost",
            "module.terraform-atlassian_env.openstack_networking_secgroup_v2.lan_allg"
          ]
        }
      ]
    },
    {
      "module": "module.terraform-atlassian_env",
      "mode": "managed",
      "type": "openstack_networking_secgroup_rule_v2",
      "name": "lan_allg_ssh_ingress_jh",
      "provider": "provider[\"registry.terraform.io/terraform-provider-openstack/openstack\"]",
      "instances": [
        {
          "schema_version": 0,
          "attributes": {
            "description": "lan_allg_ssh_ingress_jh",
            "direction": "ingress",
            "ethertype": "IPv4",
            "id": "032d6b7e-f7da-4c89-8c52-a67212990c04",
            "port_range_max": 22,
            "port_range_min": 22,
            "protocol": "tcp",
            "region": "RegionOne",
            "remote_group_id": "",
            "remote_ip_prefix": "10.1.0.212/32",
            "security_group_id": "175762cf-16b4-4e5e-8bbc-6146bdefd2cf",
            "tenant_id": "8ed4ba58eee44bf5bbeeb8ea29bd2155",
            "timeouts": null
          },
          "sensitive_attributes": [],
          "private": "eyJlMmJmYjczMC1lY2FhLTExZTYtOGY4OC0zNDM2M2JjN2M0YzAiOnsiZGVsZXRlIjo2MDAwMDAwMDAwMDB9fQ==",
          "dependencies": [
            "module.terraform-atlassian_env.module.jumphost01.data.openstack_images_image_v2.compute_instance_image",
            "module.terraform-atlassian_env.module.jumphost01.openstack_blockstorage_volume_v2.compute_instance_root_volume",
            "module.terraform-atlassian_env.module.jumphost01.openstack_compute_instance_v2.compute_instance",
            "module.terraform-atlassian_env.module.jumphost01.openstack_compute_keypair_v2.compute_instance_keypair",
            "module.terraform-atlassian_env.openstack_networking_network_v2.tf_network",
            "module.terraform-atlassian_env.openstack_networking_secgroup_v2.jumphost",
            "module.terraform-atlassian_env.openstack_networking_secgroup_v2.lan_allg"
          ]
        }
      ]
    },
    {
      "module": "module.terraform-atlassian_env",
      "mode": "managed",
      "type": "openstack_networking_secgroup_rule_v2",
      "name": "lan_dedicated_db_egress_db",
      "provider": "provider[\"registry.terraform.io/terraform-provider-openstack/openstack\"]",
      "instances": [
        {
          "schema_version": 0,
          "attributes": {
            "description": "lan_dedicated_db_egress_db",
            "direction": "egress",
            "ethertype": "IPv4",
            "id": "94dd5539-f3da-4c16-b99b-55c99c6741b5",
            "port_range_max": 5432,
            "port_range_min": 5432,
            "protocol": "tcp",
            "region": "RegionOne",
            "remote_group_id": "",
            "remote_ip_prefix": "10.1.0.73/32",
            "security_group_id": "7d45a28d-13db-4221-8098-8af37264a75a",
            "tenant_id": "8ed4ba58eee44bf5bbeeb8ea29bd2155",
            "timeouts": null
          },
          "sensitive_attributes": [],
          "private": "eyJlMmJmYjczMC1lY2FhLTExZTYtOGY4OC0zNDM2M2JjN2M0YzAiOnsiZGVsZXRlIjo2MDAwMDAwMDAwMDB9fQ==",
          "dependencies": [
            "module.terraform-atlassian_env.openstack_networking_secgroup_v2.lan_dedicated"
          ]
        }
      ]
    },
    {
      "module": "module.terraform-atlassian_env",
      "mode": "managed",
      "type": "openstack_networking_secgroup_rule_v2",
      "name": "lan_dedicated_db_ingress_lan",
      "provider": "provider[\"registry.terraform.io/terraform-provider-openstack/openstack\"]",
      "instances": [
        {
          "schema_version": 0,
          "attributes": {
            "description": "lan_dedicated_db_ingress_lan",
            "direction": "ingress",
            "ethertype": "IPv4",
            "id": "e0bf1b1f-44e0-47a8-8330-331257d425f3",
            "port_range_max": 5432,
            "port_range_min": 5432,
            "protocol": "tcp",
            "region": "RegionOne",
            "remote_group_id": "",
            "remote_ip_prefix": "10.1.0.0/16",
            "security_group_id": "7d45a28d-13db-4221-8098-8af37264a75a",
            "tenant_id": "8ed4ba58eee44bf5bbeeb8ea29bd2155",
            "timeouts": null
          },
          "sensitive_attributes": [],
          "private": "eyJlMmJmYjczMC1lY2FhLTExZTYtOGY4OC0zNDM2M2JjN2M0YzAiOnsiZGVsZXRlIjo2MDAwMDAwMDAwMDB9fQ==",
          "dependencies": [
            "module.terraform-atlassian_env.openstack_networking_secgroup_v2.lan_dedicated"
          ]
        }
      ]
    },
    {
      "module": "module.terraform-atlassian_env",
      "mode": "managed",
      "type": "openstack_networking_secgroup_rule_v2",
      "name": "lan_dedicated_http8090_ingress_lan",
      "provider": "provider[\"registry.terraform.io/terraform-provider-openstack/openstack\"]",
      "instances": [
        {
          "index_key": 0,
          "schema_version": 0,
          "attributes": {
            "description": "lan_dedicated_http8090_ingress_lan",
            "direction": "ingress",
            "ethertype": "IPv4",
            "id": "06684691-b998-49d1-b37f-c41032e28414",
            "port_range_max": 8090,
            "port_range_min": 8090,
            "protocol": "tcp",
            "region": "RegionOne",
            "remote_group_id": "",
            "remote_ip_prefix": "10.1.2.118/32",
            "security_group_id": "7d45a28d-13db-4221-8098-8af37264a75a",
            "tenant_id": "8ed4ba58eee44bf5bbeeb8ea29bd2155",
            "timeouts": null
          },
          "sensitive_attributes": [],
          "private": "eyJlMmJmYjczMC1lY2FhLTExZTYtOGY4OC0zNDM2M2JjN2M0YzAiOnsiZGVsZXRlIjo2MDAwMDAwMDAwMDB9fQ==",
          "dependencies": [
            "module.terraform-atlassian_env.module.loadbalancer.data.openstack_images_image_v2.compute_instance_image",
            "module.terraform-atlassian_env.module.loadbalancer.openstack_blockstorage_volume_v2.compute_instance_root_volume",
            "module.terraform-atlassian_env.module.loadbalancer.openstack_compute_instance_v2.compute_instance",
            "module.terraform-atlassian_env.module.loadbalancer.openstack_compute_keypair_v2.compute_instance_keypair",
            "module.terraform-atlassian_env.openstack_networking_network_v2.tf_network",
            "module.terraform-atlassian_env.openstack_networking_secgroup_v2.lan_allg",
            "module.terraform-atlassian_env.openstack_networking_secgroup_v2.lan_dedicated",
            "module.terraform-atlassian_env.openstack_networking_secgroup_v2.loadbalancer"
          ]
        },
        {
          "index_key": 1,
          "schema_version": 0,
          "attributes": {
            "description": "lan_dedicated_http8090_ingress_lan",
            "direction": "ingress",
            "ethertype": "IPv4",
            "id": "65d6aac3-f804-4edc-8395-aa93eb03ca23",
            "port_range_max": 8090,
            "port_range_min": 8090,
            "protocol": "tcp",
            "region": "RegionOne",
            "remote_group_id": "",
            "remote_ip_prefix": "10.1.2.213/32",
            "security_group_id": "7d45a28d-13db-4221-8098-8af37264a75a",
            "tenant_id": "8ed4ba58eee44bf5bbeeb8ea29bd2155",
            "timeouts": null
          },
          "sensitive_attributes": [],
          "private": "eyJlMmJmYjczMC1lY2FhLTExZTYtOGY4OC0zNDM2M2JjN2M0YzAiOnsiZGVsZXRlIjo2MDAwMDAwMDAwMDB9fQ==",
          "dependencies": [
            "module.terraform-atlassian_env.module.loadbalancer.data.openstack_images_image_v2.compute_instance_image",
            "module.terraform-atlassian_env.module.loadbalancer.openstack_blockstorage_volume_v2.compute_instance_root_volume",
            "module.terraform-atlassian_env.module.loadbalancer.openstack_compute_instance_v2.compute_instance",
            "module.terraform-atlassian_env.module.loadbalancer.openstack_compute_keypair_v2.compute_instance_keypair",
            "module.terraform-atlassian_env.openstack_networking_network_v2.tf_network",
            "module.terraform-atlassian_env.openstack_networking_secgroup_v2.lan_allg",
            "module.terraform-atlassian_env.openstack_networking_secgroup_v2.lan_dedicated",
            "module.terraform-atlassian_env.openstack_networking_secgroup_v2.loadbalancer"
          ]
        }
      ]
    },
    {
      "module": "module.terraform-atlassian_env",
      "mode": "managed",
      "type": "openstack_networking_secgroup_rule_v2",
      "name": "lan_dedicated_http8091_ingress_lan",
      "provider": "provider[\"registry.terraform.io/terraform-provider-openstack/openstack\"]",
      "instances": [
        {
          "index_key": 0,
          "schema_version": 0,
          "attributes": {
            "description": "lan_dedicated_http8091_ingress_lan",
            "direction": "ingress",
            "ethertype": "IPv4",
            "id": "3eb18840-276b-47d2-b7ca-61941cd7f0e5",
            "port_range_max": 8091,
            "port_range_min": 8091,
            "protocol": "tcp",
            "region": "RegionOne",
            "remote_group_id": "",
            "remote_ip_prefix": "10.1.2.118/32",
            "security_group_id": "7d45a28d-13db-4221-8098-8af37264a75a",
            "tenant_id": "8ed4ba58eee44bf5bbeeb8ea29bd2155",
            "timeouts": null
          },
          "sensitive_attributes": [],
          "private": "eyJlMmJmYjczMC1lY2FhLTExZTYtOGY4OC0zNDM2M2JjN2M0YzAiOnsiZGVsZXRlIjo2MDAwMDAwMDAwMDB9fQ==",
          "dependencies": [
            "module.terraform-atlassian_env.module.loadbalancer.data.openstack_images_image_v2.compute_instance_image",
            "module.terraform-atlassian_env.module.loadbalancer.openstack_blockstorage_volume_v2.compute_instance_root_volume",
            "module.terraform-atlassian_env.module.loadbalancer.openstack_compute_instance_v2.compute_instance",
            "module.terraform-atlassian_env.module.loadbalancer.openstack_compute_keypair_v2.compute_instance_keypair",
            "module.terraform-atlassian_env.openstack_networking_network_v2.tf_network",
            "module.terraform-atlassian_env.openstack_networking_secgroup_v2.lan_allg",
            "module.terraform-atlassian_env.openstack_networking_secgroup_v2.lan_dedicated",
            "module.terraform-atlassian_env.openstack_networking_secgroup_v2.loadbalancer"
          ]
        },
        {
          "index_key": 1,
          "schema_version": 0,
          "attributes": {
            "description": "lan_dedicated_http8091_ingress_lan",
            "direction": "ingress",
            "ethertype": "IPv4",
            "id": "3cf67405-43e7-44b4-aea1-02fb996881f8",
            "port_range_max": 8091,
            "port_range_min": 8091,
            "protocol": "tcp",
            "region": "RegionOne",
            "remote_group_id": "",
            "remote_ip_prefix": "10.1.2.213/32",
            "security_group_id": "7d45a28d-13db-4221-8098-8af37264a75a",
            "tenant_id": "8ed4ba58eee44bf5bbeeb8ea29bd2155",
            "timeouts": null
          },
          "sensitive_attributes": [],
          "private": "eyJlMmJmYjczMC1lY2FhLTExZTYtOGY4OC0zNDM2M2JjN2M0YzAiOnsiZGVsZXRlIjo2MDAwMDAwMDAwMDB9fQ==",
          "dependencies": [
            "module.terraform-atlassian_env.module.loadbalancer.data.openstack_images_image_v2.compute_instance_image",
            "module.terraform-atlassian_env.module.loadbalancer.openstack_blockstorage_volume_v2.compute_instance_root_volume",
            "module.terraform-atlassian_env.module.loadbalancer.openstack_compute_instance_v2.compute_instance",
            "module.terraform-atlassian_env.module.loadbalancer.openstack_compute_keypair_v2.compute_instance_keypair",
            "module.terraform-atlassian_env.openstack_networking_network_v2.tf_network",
            "module.terraform-atlassian_env.openstack_networking_secgroup_v2.lan_allg",
            "module.terraform-atlassian_env.openstack_networking_secgroup_v2.lan_dedicated",
            "module.terraform-atlassian_env.openstack_networking_secgroup_v2.loadbalancer"
          ]
        }
      ]
    },
    {
      "module": "module.terraform-atlassian_env",
      "mode": "managed",
      "type": "openstack_networking_secgroup_rule_v2",
      "name": "lan_dedicated_nfs2_egress_lan",
      "provider": "provider[\"registry.terraform.io/terraform-provider-openstack/openstack\"]",
      "instances": [
        {
          "schema_version": 0,
          "attributes": {
            "description": "lan_dedicated_nfs2_egress_lan",
            "direction": "egress",
            "ethertype": "IPv4",
            "id": "e29bac2a-4ffb-4c9d-8901-7ea866d34257",
            "port_range_max": 892,
            "port_range_min": 892,
            "protocol": "tcp",
            "region": "RegionOne",
            "remote_group_id": "",
            "remote_ip_prefix": "10.1.0.183/32",
            "security_group_id": "7d45a28d-13db-4221-8098-8af37264a75a",
            "tenant_id": "8ed4ba58eee44bf5bbeeb8ea29bd2155",
            "timeouts": null
          },
          "sensitive_attributes": [],
          "private": "eyJlMmJmYjczMC1lY2FhLTExZTYtOGY4OC0zNDM2M2JjN2M0YzAiOnsiZGVsZXRlIjo2MDAwMDAwMDAwMDB9fQ==",
          "dependencies": [
            "module.terraform-atlassian_env.openstack_networking_secgroup_v2.lan_dedicated"
          ]
        }
      ]
    },
    {
      "module": "module.terraform-atlassian_env",
      "mode": "managed",
      "type": "openstack_networking_secgroup_rule_v2",
      "name": "lan_dedicated_nfs2_ingress_lan",
      "provider": "provider[\"registry.terraform.io/terraform-provider-openstack/openstack\"]",
      "instances": [
        {
          "schema_version": 0,
          "attributes": {
            "description": "lan_dedicated_nfs2_ingress_lan",
            "direction": "ingress",
            "ethertype": "IPv4",
            "id": "7b6551a6-4849-46e4-8c18-61d1df5492e0",
            "port_range_max": 892,
            "port_range_min": 892,
            "protocol": "tcp",
            "region": "RegionOne",
            "remote_group_id": "",
            "remote_ip_prefix": "10.1.0.0/16",
            "security_group_id": "7d45a28d-13db-4221-8098-8af37264a75a",
            "tenant_id": "8ed4ba58eee44bf5bbeeb8ea29bd2155",
            "timeouts": null
          },
          "sensitive_attributes": [],
          "private": "eyJlMmJmYjczMC1lY2FhLTExZTYtOGY4OC0zNDM2M2JjN2M0YzAiOnsiZGVsZXRlIjo2MDAwMDAwMDAwMDB9fQ==",
          "dependencies": [
            "module.terraform-atlassian_env.openstack_networking_secgroup_v2.lan_dedicated"
          ]
        }
      ]
    },
    {
      "module": "module.terraform-atlassian_env",
      "mode": "managed",
      "type": "openstack_networking_secgroup_rule_v2",
      "name": "lan_dedicated_nfs3_egress_lan",
      "provider": "provider[\"registry.terraform.io/terraform-provider-openstack/openstack\"]",
      "instances": [
        {
          "schema_version": 0,
          "attributes": {
            "description": "lan_dedicated_nfs3_egress_lan",
            "direction": "egress",
            "ethertype": "IPv4",
            "id": "b802e9e0-398e-4c0c-bf4c-52e8a04f0075",
            "port_range_max": 2049,
            "port_range_min": 2049,
            "protocol": "tcp",
            "region": "RegionOne",
            "remote_group_id": "",
            "remote_ip_prefix": "10.1.0.183/32",
            "security_group_id": "7d45a28d-13db-4221-8098-8af37264a75a",
            "tenant_id": "8ed4ba58eee44bf5bbeeb8ea29bd2155",
            "timeouts": null
          },
          "sensitive_attributes": [],
          "private": "eyJlMmJmYjczMC1lY2FhLTExZTYtOGY4OC0zNDM2M2JjN2M0YzAiOnsiZGVsZXRlIjo2MDAwMDAwMDAwMDB9fQ==",
          "dependencies": [
            "module.terraform-atlassian_env.openstack_networking_secgroup_v2.lan_dedicated"
          ]
        }
      ]
    },
    {
      "module": "module.terraform-atlassian_env",
      "mode": "managed",
      "type": "openstack_networking_secgroup_rule_v2",
      "name": "lan_dedicated_nfs3_ingress_lan",
      "provider": "provider[\"registry.terraform.io/terraform-provider-openstack/openstack\"]",
      "instances": [
        {
          "schema_version": 0,
          "attributes": {
            "description": "lan_dedicated_nfs3_ingress_lan",
            "direction": "ingress",
            "ethertype": "IPv4",
            "id": "fbcd07dc-809b-4d4f-892d-78b6b35eeff9",
            "port_range_max": 2049,
            "port_range_min": 2049,
            "protocol": "tcp",
            "region": "RegionOne",
            "remote_group_id": "",
            "remote_ip_prefix": "10.1.0.0/16",
            "security_group_id": "7d45a28d-13db-4221-8098-8af37264a75a",
            "tenant_id": "8ed4ba58eee44bf5bbeeb8ea29bd2155",
            "timeouts": null
          },
          "sensitive_attributes": [],
          "private": "eyJlMmJmYjczMC1lY2FhLTExZTYtOGY4OC0zNDM2M2JjN2M0YzAiOnsiZGVsZXRlIjo2MDAwMDAwMDAwMDB9fQ==",
          "dependencies": [
            "module.terraform-atlassian_env.openstack_networking_secgroup_v2.lan_dedicated"
          ]
        }
      ]
    },
    {
      "module": "module.terraform-atlassian_env",
      "mode": "managed",
      "type": "openstack_networking_secgroup_rule_v2",
      "name": "lan_dedicated_nfs4_egress_lan",
      "provider": "provider[\"registry.terraform.io/terraform-provider-openstack/openstack\"]",
      "instances": [
        {
          "schema_version": 0,
          "attributes": {
            "description": "lan_dedicated_nfs4_egress_lan",
            "direction": "egress",
            "ethertype": "IPv4",
            "id": "e3de3e5d-bab3-4d01-a1d6-a0095f06ce09",
            "port_range_max": 123,
            "port_range_min": 123,
            "protocol": "udp",
            "region": "RegionOne",
            "remote_group_id": "",
            "remote_ip_prefix": "10.1.0.183/32",
            "security_group_id": "7d45a28d-13db-4221-8098-8af37264a75a",
            "tenant_id": "8ed4ba58eee44bf5bbeeb8ea29bd2155",
            "timeouts": null
          },
          "sensitive_attributes": [],
          "private": "eyJlMmJmYjczMC1lY2FhLTExZTYtOGY4OC0zNDM2M2JjN2M0YzAiOnsiZGVsZXRlIjo2MDAwMDAwMDAwMDB9fQ==",
          "dependencies": [
            "module.terraform-atlassian_env.openstack_networking_secgroup_v2.lan_dedicated"
          ]
        }
      ]
    },
    {
      "module": "module.terraform-atlassian_env",
      "mode": "managed",
      "type": "openstack_networking_secgroup_rule_v2",
      "name": "lan_dedicated_nfs4_ingress_lan",
      "provider": "provider[\"registry.terraform.io/terraform-provider-openstack/openstack\"]",
      "instances": [
        {
          "schema_version": 0,
          "attributes": {
            "description": "lan_dedicated_nfs4_ingress_lan",
            "direction": "ingress",
            "ethertype": "IPv4",
            "id": "b54c8fbe-3e4b-4b75-b031-3ed11616c4ed",
            "port_range_max": 123,
            "port_range_min": 123,
            "protocol": "udp",
            "region": "RegionOne",
            "remote_group_id": "",
            "remote_ip_prefix": "10.1.0.0/16",
            "security_group_id": "7d45a28d-13db-4221-8098-8af37264a75a",
            "tenant_id": "8ed4ba58eee44bf5bbeeb8ea29bd2155",
            "timeouts": null
          },
          "sensitive_attributes": [],
          "private": "eyJlMmJmYjczMC1lY2FhLTExZTYtOGY4OC0zNDM2M2JjN2M0YzAiOnsiZGVsZXRlIjo2MDAwMDAwMDAwMDB9fQ==",
          "dependencies": [
            "module.terraform-atlassian_env.openstack_networking_secgroup_v2.lan_dedicated"
          ]
        }
      ]
    },
    {
      "module": "module.terraform-atlassian_env",
      "mode": "managed",
      "type": "openstack_networking_secgroup_rule_v2",
      "name": "lan_dedicated_nfs_egress_lan",
      "provider": "provider[\"registry.terraform.io/terraform-provider-openstack/openstack\"]",
      "instances": [
        {
          "schema_version": 0,
          "attributes": {
            "description": "lan_dedicated_nfs_egress_lan",
            "direction": "egress",
            "ethertype": "IPv4",
            "id": "52a8409a-717e-4b6b-b080-b7518c3dde1f",
            "port_range_max": 111,
            "port_range_min": 111,
            "protocol": "tcp",
            "region": "RegionOne",
            "remote_group_id": "",
            "remote_ip_prefix": "10.1.0.183/32",
            "security_group_id": "7d45a28d-13db-4221-8098-8af37264a75a",
            "tenant_id": "8ed4ba58eee44bf5bbeeb8ea29bd2155",
            "timeouts": null
          },
          "sensitive_attributes": [],
          "private": "eyJlMmJmYjczMC1lY2FhLTExZTYtOGY4OC0zNDM2M2JjN2M0YzAiOnsiZGVsZXRlIjo2MDAwMDAwMDAwMDB9fQ==",
          "dependencies": [
            "module.terraform-atlassian_env.openstack_networking_secgroup_v2.lan_dedicated"
          ]
        }
      ]
    },
    {
      "module": "module.terraform-atlassian_env",
      "mode": "managed",
      "type": "openstack_networking_secgroup_rule_v2",
      "name": "lan_dedicated_nfs_ingress_lan",
      "provider": "provider[\"registry.terraform.io/terraform-provider-openstack/openstack\"]",
      "instances": [
        {
          "schema_version": 0,
          "attributes": {
            "description": "lan_dedicated_nfs_ingress_lan",
            "direction": "ingress",
            "ethertype": "IPv4",
            "id": "d3c47883-38d3-4f51-85a8-c00c5c7354c2",
            "port_range_max": 111,
            "port_range_min": 111,
            "protocol": "tcp",
            "region": "RegionOne",
            "remote_group_id": "",
            "remote_ip_prefix": "10.1.0.0/16",
            "security_group_id": "7d45a28d-13db-4221-8098-8af37264a75a",
            "tenant_id": "8ed4ba58eee44bf5bbeeb8ea29bd2155",
            "timeouts": null
          },
          "sensitive_attributes": [],
          "private": "eyJlMmJmYjczMC1lY2FhLTExZTYtOGY4OC0zNDM2M2JjN2M0YzAiOnsiZGVsZXRlIjo2MDAwMDAwMDAwMDB9fQ==",
          "dependencies": [
            "module.terraform-atlassian_env.openstack_networking_secgroup_v2.lan_dedicated"
          ]
        }
      ]
    },
    {
      "module": "module.terraform-atlassian_env",
      "mode": "managed",
      "type": "openstack_networking_secgroup_rule_v2",
      "name": "lan_dedicated_rc_ingress_lb",
      "provider": "provider[\"registry.terraform.io/terraform-provider-openstack/openstack\"]",
      "instances": [
        {
          "index_key": 0,
          "schema_version": 0,
          "attributes": {
            "description": "lan_dedicated_rc_ingress_lb",
            "direction": "ingress",
            "ethertype": "IPv4",
            "id": "b58a1dcb-604e-401e-be02-c7e0e3558051",
            "port_range_max": 3000,
            "port_range_min": 3000,
            "protocol": "tcp",
            "region": "RegionOne",
            "remote_group_id": "",
            "remote_ip_prefix": "10.1.2.118/32",
            "security_group_id": "7d45a28d-13db-4221-8098-8af37264a75a",
            "tenant_id": "8ed4ba58eee44bf5bbeeb8ea29bd2155",
            "timeouts": null
          },
          "sensitive_attributes": [],
          "private": "eyJlMmJmYjczMC1lY2FhLTExZTYtOGY4OC0zNDM2M2JjN2M0YzAiOnsiZGVsZXRlIjo2MDAwMDAwMDAwMDB9fQ==",
          "dependencies": [
            "module.terraform-atlassian_env.module.loadbalancer.data.openstack_images_image_v2.compute_instance_image",
            "module.terraform-atlassian_env.module.loadbalancer.openstack_blockstorage_volume_v2.compute_instance_root_volume",
            "module.terraform-atlassian_env.module.loadbalancer.openstack_compute_instance_v2.compute_instance",
            "module.terraform-atlassian_env.module.loadbalancer.openstack_compute_keypair_v2.compute_instance_keypair",
            "module.terraform-atlassian_env.openstack_networking_network_v2.tf_network",
            "module.terraform-atlassian_env.openstack_networking_secgroup_v2.lan_allg",
            "module.terraform-atlassian_env.openstack_networking_secgroup_v2.lan_dedicated",
            "module.terraform-atlassian_env.openstack_networking_secgroup_v2.loadbalancer"
          ]
        },
        {
          "index_key": 1,
          "schema_version": 0,
          "attributes": {
            "description": "lan_dedicated_rc_ingress_lb",
            "direction": "ingress",
            "ethertype": "IPv4",
            "id": "3b51ac90-6dd1-4f50-b41b-605bf87d259a",
            "port_range_max": 3000,
            "port_range_min": 3000,
            "protocol": "tcp",
            "region": "RegionOne",
            "remote_group_id": "",
            "remote_ip_prefix": "10.1.2.213/32",
            "security_group_id": "7d45a28d-13db-4221-8098-8af37264a75a",
            "tenant_id": "8ed4ba58eee44bf5bbeeb8ea29bd2155",
            "timeouts": null
          },
          "sensitive_attributes": [],
          "private": "eyJlMmJmYjczMC1lY2FhLTExZTYtOGY4OC0zNDM2M2JjN2M0YzAiOnsiZGVsZXRlIjo2MDAwMDAwMDAwMDB9fQ==",
          "dependencies": [
            "module.terraform-atlassian_env.module.loadbalancer.data.openstack_images_image_v2.compute_instance_image",
            "module.terraform-atlassian_env.module.loadbalancer.openstack_blockstorage_volume_v2.compute_instance_root_volume",
            "module.terraform-atlassian_env.module.loadbalancer.openstack_compute_instance_v2.compute_instance",
            "module.terraform-atlassian_env.module.loadbalancer.openstack_compute_keypair_v2.compute_instance_keypair",
            "module.terraform-atlassian_env.openstack_networking_network_v2.tf_network",
            "module.terraform-atlassian_env.openstack_networking_secgroup_v2.lan_allg",
            "module.terraform-atlassian_env.openstack_networking_secgroup_v2.lan_dedicated",
            "module.terraform-atlassian_env.openstack_networking_secgroup_v2.loadbalancer"
          ]
        }
      ]
    },
    {
      "module": "module.terraform-atlassian_env",
      "mode": "managed",
      "type": "openstack_networking_secgroup_rule_v2",
      "name": "loadbalancer_com2_ingress_all",
      "provider": "provider[\"registry.terraform.io/terraform-provider-openstack/openstack\"]",
      "instances": [
        {
          "schema_version": 0,
          "attributes": {
            "description": "loadbalancer_com2_ingress_all",
            "direction": "ingress",
            "ethertype": "IPv4",
            "id": "9fdd3431-ed45-499b-a295-0271dd8f29c1",
            "port_range_max": 5349,
            "port_range_min": 5349,
            "protocol": "tcp",
            "region": "RegionOne",
            "remote_group_id": "",
            "remote_ip_prefix": "0.0.0.0/0",
            "security_group_id": "38cc2df0-934a-48e4-a7be-04174a3f8d31",
            "tenant_id": "8ed4ba58eee44bf5bbeeb8ea29bd2155",
            "timeouts": null
          },
          "sensitive_attributes": [],
          "private": "eyJlMmJmYjczMC1lY2FhLTExZTYtOGY4OC0zNDM2M2JjN2M0YzAiOnsiZGVsZXRlIjo2MDAwMDAwMDAwMDB9fQ==",
          "dependencies": [
            "module.terraform-atlassian_env.openstack_networking_secgroup_v2.loadbalancer"
          ]
        }
      ]
    },
    {
      "module": "module.terraform-atlassian_env",
      "mode": "managed",
      "type": "openstack_networking_secgroup_rule_v2",
      "name": "loadbalancer_com_ingress_all",
      "provider": "provider[\"registry.terraform.io/terraform-provider-openstack/openstack\"]",
      "instances": [
        {
          "schema_version": 0,
          "attributes": {
            "description": "loadbalancer_com_ingress_all",
            "direction": "ingress",
            "ethertype": "IPv4",
            "id": "6b9c45cf-78f2-475d-afa1-98328a63768a",
            "port_range_max": 10000,
            "port_range_min": 10000,
            "protocol": "udp",
            "region": "RegionOne",
            "remote_group_id": "",
            "remote_ip_prefix": "0.0.0.0/0",
            "security_group_id": "38cc2df0-934a-48e4-a7be-04174a3f8d31",
            "tenant_id": "8ed4ba58eee44bf5bbeeb8ea29bd2155",
            "timeouts": null
          },
          "sensitive_attributes": [],
          "private": "eyJlMmJmYjczMC1lY2FhLTExZTYtOGY4OC0zNDM2M2JjN2M0YzAiOnsiZGVsZXRlIjo2MDAwMDAwMDAwMDB9fQ==",
          "dependencies": [
            "module.terraform-atlassian_env.openstack_networking_secgroup_v2.loadbalancer"
          ]
        }
      ]
    },
    {
      "module": "module.terraform-atlassian_env",
      "mode": "managed",
      "type": "openstack_networking_secgroup_rule_v2",
      "name": "loadbalancer_http8080_egress_lan",
      "provider": "provider[\"registry.terraform.io/terraform-provider-openstack/openstack\"]",
      "instances": [
        {
          "schema_version": 0,
          "attributes": {
            "description": "loadbalancer_http8080_egress_lan",
            "direction": "egress",
            "ethertype": "IPv4",
            "id": "f4a04218-ea7c-420d-af95-8198936a94dd",
            "port_range_max": 8080,
            "port_range_min": 8080,
            "protocol": "tcp",
            "region": "RegionOne",
            "remote_group_id": "",
            "remote_ip_prefix": "10.1.0.0/16",
            "security_group_id": "38cc2df0-934a-48e4-a7be-04174a3f8d31",
            "tenant_id": "8ed4ba58eee44bf5bbeeb8ea29bd2155",
            "timeouts": null
          },
          "sensitive_attributes": [],
          "private": "eyJlMmJmYjczMC1lY2FhLTExZTYtOGY4OC0zNDM2M2JjN2M0YzAiOnsiZGVsZXRlIjo2MDAwMDAwMDAwMDB9fQ==",
          "dependencies": [
            "module.terraform-atlassian_env.openstack_networking_secgroup_v2.loadbalancer"
          ]
        }
      ]
    },
    {
      "module": "module.terraform-atlassian_env",
      "mode": "managed",
      "type": "openstack_networking_secgroup_rule_v2",
      "name": "loadbalancer_http8090_egress_lan",
      "provider": "provider[\"registry.terraform.io/terraform-provider-openstack/openstack\"]",
      "instances": [
        {
          "schema_version": 0,
          "attributes": {
            "description": "loadbalancer_http8090_egress_lan",
            "direction": "egress",
            "ethertype": "IPv4",
            "id": "5cddcb65-7a82-4ca1-8468-4edc51b1b89e",
            "port_range_max": 8090,
            "port_range_min": 8090,
            "protocol": "tcp",
            "region": "RegionOne",
            "remote_group_id": "",
            "remote_ip_prefix": "10.1.0.0/16",
            "security_group_id": "38cc2df0-934a-48e4-a7be-04174a3f8d31",
            "tenant_id": "8ed4ba58eee44bf5bbeeb8ea29bd2155",
            "timeouts": null
          },
          "sensitive_attributes": [],
          "private": "eyJlMmJmYjczMC1lY2FhLTExZTYtOGY4OC0zNDM2M2JjN2M0YzAiOnsiZGVsZXRlIjo2MDAwMDAwMDAwMDB9fQ==",
          "dependencies": [
            "module.terraform-atlassian_env.openstack_networking_secgroup_v2.loadbalancer"
          ]
        }
      ]
    },
    {
      "module": "module.terraform-atlassian_env",
      "mode": "managed",
      "type": "openstack_networking_secgroup_rule_v2",
      "name": "loadbalancer_http8091_egress_lan",
      "provider": "provider[\"registry.terraform.io/terraform-provider-openstack/openstack\"]",
      "instances": [
        {
          "schema_version": 0,
          "attributes": {
            "description": "loadbalancer_http8091_egress_lan",
            "direction": "egress",
            "ethertype": "IPv4",
            "id": "b8f11711-ccc9-48ea-b9b9-3373c0c1ac19",
            "port_range_max": 8091,
            "port_range_min": 8091,
            "protocol": "tcp",
            "region": "RegionOne",
            "remote_group_id": "",
            "remote_ip_prefix": "10.1.0.0/16",
            "security_group_id": "38cc2df0-934a-48e4-a7be-04174a3f8d31",
            "tenant_id": "8ed4ba58eee44bf5bbeeb8ea29bd2155",
            "timeouts": null
          },
          "sensitive_attributes": [],
          "private": "eyJlMmJmYjczMC1lY2FhLTExZTYtOGY4OC0zNDM2M2JjN2M0YzAiOnsiZGVsZXRlIjo2MDAwMDAwMDAwMDB9fQ==",
          "dependencies": [
            "module.terraform-atlassian_env.openstack_networking_secgroup_v2.loadbalancer"
          ]
        }
      ]
    },
    {
      "module": "module.terraform-atlassian_env",
      "mode": "managed",
      "type": "openstack_networking_secgroup_rule_v2",
      "name": "loadbalancer_http_ingress_all",
      "provider": "provider[\"registry.terraform.io/terraform-provider-openstack/openstack\"]",
      "instances": [
        {
          "schema_version": 0,
          "attributes": {
            "description": "loadbalancer_http_ingress_all",
            "direction": "ingress",
            "ethertype": "IPv4",
            "id": "f0943490-efa5-432d-9eb5-9b5b16b4cfb9",
            "port_range_max": 80,
            "port_range_min": 80,
            "protocol": "tcp",
            "region": "RegionOne",
            "remote_group_id": "",
            "remote_ip_prefix": "0.0.0.0/0",
            "security_group_id": "38cc2df0-934a-48e4-a7be-04174a3f8d31",
            "tenant_id": "8ed4ba58eee44bf5bbeeb8ea29bd2155",
            "timeouts": null
          },
          "sensitive_attributes": [],
          "private": "eyJlMmJmYjczMC1lY2FhLTExZTYtOGY4OC0zNDM2M2JjN2M0YzAiOnsiZGVsZXRlIjo2MDAwMDAwMDAwMDB9fQ==",
          "dependencies": [
            "module.terraform-atlassian_env.openstack_networking_secgroup_v2.loadbalancer"
          ]
        }
      ]
    },
    {
      "module": "module.terraform-atlassian_env",
      "mode": "managed",
      "type": "openstack_networking_secgroup_rule_v2",
      "name": "loadbalancer_http_ingress_jh",
      "provider": "provider[\"registry.terraform.io/terraform-provider-openstack/openstack\"]",
      "instances": [
        {
          "schema_version": 0,
          "attributes": {
            "description": "loadbalancer_http_ingress_jh",
            "direction": "ingress",
            "ethertype": "IPv4",
            "id": "1d027ec2-7454-4404-987c-24ba211b3c3f",
            "port_range_max": 80,
            "port_range_min": 80,
            "protocol": "tcp",
            "region": "RegionOne",
            "remote_group_id": "",
            "remote_ip_prefix": "10.1.0.212/32",
            "security_group_id": "38cc2df0-934a-48e4-a7be-04174a3f8d31",
            "tenant_id": "8ed4ba58eee44bf5bbeeb8ea29bd2155",
            "timeouts": null
          },
          "sensitive_attributes": [],
          "private": "eyJlMmJmYjczMC1lY2FhLTExZTYtOGY4OC0zNDM2M2JjN2M0YzAiOnsiZGVsZXRlIjo2MDAwMDAwMDAwMDB9fQ==",
          "dependencies": [
            "module.terraform-atlassian_env.module.jumphost01.data.openstack_images_image_v2.compute_instance_image",
            "module.terraform-atlassian_env.module.jumphost01.openstack_blockstorage_volume_v2.compute_instance_root_volume",
            "module.terraform-atlassian_env.module.jumphost01.openstack_compute_instance_v2.compute_instance",
            "module.terraform-atlassian_env.module.jumphost01.openstack_compute_keypair_v2.compute_instance_keypair",
            "module.terraform-atlassian_env.openstack_networking_network_v2.tf_network",
            "module.terraform-atlassian_env.openstack_networking_secgroup_v2.jumphost",
            "module.terraform-atlassian_env.openstack_networking_secgroup_v2.loadbalancer"
          ]
        }
      ]
    },
    {
      "module": "module.terraform-atlassian_env",
      "mode": "managed",
      "type": "openstack_networking_secgroup_rule_v2",
      "name": "loadbalancer_https_ingress_all",
      "provider": "provider[\"registry.terraform.io/terraform-provider-openstack/openstack\"]",
      "instances": [
        {
          "schema_version": 0,
          "attributes": {
            "description": "loadbalancer_https_ingress_all",
            "direction": "ingress",
            "ethertype": "IPv4",
            "id": "277b139b-cbb8-4c7a-be15-7fa6f3990c70",
            "port_range_max": 443,
            "port_range_min": 443,
            "protocol": "tcp",
            "region": "RegionOne",
            "remote_group_id": "",
            "remote_ip_prefix": "0.0.0.0/0",
            "security_group_id": "38cc2df0-934a-48e4-a7be-04174a3f8d31",
            "tenant_id": "8ed4ba58eee44bf5bbeeb8ea29bd2155",
            "timeouts": null
          },
          "sensitive_attributes": [],
          "private": "eyJlMmJmYjczMC1lY2FhLTExZTYtOGY4OC0zNDM2M2JjN2M0YzAiOnsiZGVsZXRlIjo2MDAwMDAwMDAwMDB9fQ==",
          "dependencies": [
            "module.terraform-atlassian_env.openstack_networking_secgroup_v2.loadbalancer"
          ]
        }
      ]
    },
    {
      "module": "module.terraform-atlassian_env",
      "mode": "managed",
      "type": "openstack_networking_secgroup_rule_v2",
      "name": "loadbalancer_https_ingress_jh",
      "provider": "provider[\"registry.terraform.io/terraform-provider-openstack/openstack\"]",
      "instances": [
        {
          "schema_version": 0,
          "attributes": {
            "description": "loadbalancer_https_ingress_jh",
            "direction": "ingress",
            "ethertype": "IPv4",
            "id": "85cff37e-7f1b-4800-a26b-b3a2a0d563a2",
            "port_range_max": 443,
            "port_range_min": 443,
            "protocol": "tcp",
            "region": "RegionOne",
            "remote_group_id": "",
            "remote_ip_prefix": "10.1.0.212/32",
            "security_group_id": "38cc2df0-934a-48e4-a7be-04174a3f8d31",
            "tenant_id": "8ed4ba58eee44bf5bbeeb8ea29bd2155",
            "timeouts": null
          },
          "sensitive_attributes": [],
          "private": "eyJlMmJmYjczMC1lY2FhLTExZTYtOGY4OC0zNDM2M2JjN2M0YzAiOnsiZGVsZXRlIjo2MDAwMDAwMDAwMDB9fQ==",
          "dependencies": [
            "module.terraform-atlassian_env.module.jumphost01.data.openstack_images_image_v2.compute_instance_image",
            "module.terraform-atlassian_env.module.jumphost01.openstack_blockstorage_volume_v2.compute_instance_root_volume",
            "module.terraform-atlassian_env.module.jumphost01.openstack_compute_instance_v2.compute_instance",
            "module.terraform-atlassian_env.module.jumphost01.openstack_compute_keypair_v2.compute_instance_keypair",
            "module.terraform-atlassian_env.openstack_networking_network_v2.tf_network",
            "module.terraform-atlassian_env.openstack_networking_secgroup_v2.jumphost",
            "module.terraform-atlassian_env.openstack_networking_secgroup_v2.loadbalancer"
          ]
        }
      ]
    },
    {
      "module": "module.terraform-atlassian_env",
      "mode": "managed",
      "type": "openstack_networking_secgroup_rule_v2",
      "name": "loadbalancer_stun_ingress_all",
      "provider": "provider[\"registry.terraform.io/terraform-provider-openstack/openstack\"]",
      "instances": [
        {
          "schema_version": 0,
          "attributes": {
            "description": "loadbalancer_stun_ingress_all",
            "direction": "ingress",
            "ethertype": "IPv4",
            "id": "69724d7c-7437-4fb7-bf5b-b239b60ca323",
            "port_range_max": 3478,
            "port_range_min": 3478,
            "protocol": "udp",
            "region": "RegionOne",
            "remote_group_id": "",
            "remote_ip_prefix": "0.0.0.0/0",
            "security_group_id": "38cc2df0-934a-48e4-a7be-04174a3f8d31",
            "tenant_id": "8ed4ba58eee44bf5bbeeb8ea29bd2155",
            "timeouts": null
          },
          "sensitive_attributes": [],
          "private": "eyJlMmJmYjczMC1lY2FhLTExZTYtOGY4OC0zNDM2M2JjN2M0YzAiOnsiZGVsZXRlIjo2MDAwMDAwMDAwMDB9fQ==",
          "dependencies": [
            "module.terraform-atlassian_env.openstack_networking_secgroup_v2.loadbalancer"
          ]
        }
      ]
    },
    {
      "module": "module.terraform-atlassian_env",
      "mode": "managed",
      "type": "openstack_networking_secgroup_v2",
      "name": "confluence_cluster",
      "provider": "provider[\"registry.terraform.io/terraform-provider-openstack/openstack\"]",
      "instances": [
        {
          "schema_version": 0,
          "attributes": {
            "all_tags": [],
            "delete_default_rules": null,
            "description": "Confluence cluster security group",
            "id": "efda7226-d1b9-4cfc-a19f-4a309c5518f9",
            "name": "atlassian_atlassian_qa_confluence_cluster",
            "region": "RegionOne",
            "tags": null,
            "tenant_id": "8ed4ba58eee44bf5bbeeb8ea29bd2155",
            "timeouts": null
          },
          "sensitive_attributes": [],
          "private": "eyJlMmJmYjczMC1lY2FhLTExZTYtOGY4OC0zNDM2M2JjN2M0YzAiOnsiZGVsZXRlIjo2MDAwMDAwMDAwMDB9fQ==",
          "create_before_destroy": true
        }
      ]
    },
    {
      "module": "module.terraform-atlassian_env",
      "mode": "managed",
      "type": "openstack_networking_secgroup_v2",
      "name": "jira_cluster",
      "provider": "provider[\"registry.terraform.io/terraform-provider-openstack/openstack\"]",
      "instances": [
        {
          "schema_version": 0,
          "attributes": {
            "all_tags": [],
            "delete_default_rules": null,
            "description": "jira_cluster security group",
            "id": "acd7f41c-49f5-4332-9dec-eb41fc7b913c",
            "name": "atlassian_atlassian_qa_jira_cluster",
            "region": "RegionOne",
            "tags": null,
            "tenant_id": "8ed4ba58eee44bf5bbeeb8ea29bd2155",
            "timeouts": null
          },
          "sensitive_attributes": [],
          "private": "eyJlMmJmYjczMC1lY2FhLTExZTYtOGY4OC0zNDM2M2JjN2M0YzAiOnsiZGVsZXRlIjo2MDAwMDAwMDAwMDB9fQ==",
          "create_before_destroy": true
        }
      ]
    },
    {
      "module": "module.terraform-atlassian_env",
      "mode": "managed",
      "type": "openstack_networking_secgroup_v2",
      "name": "jumphost",
      "provider": "provider[\"registry.terraform.io/terraform-provider-openstack/openstack\"]",
      "instances": [
        {
          "schema_version": 0,
          "attributes": {
            "all_tags": [],
            "delete_default_rules": null,
            "description": "jumphost security group",
            "id": "b3275afe-df2e-4919-9ae1-188748f35ba1",
            "name": "atlassian_atlassian_qa_jumphost",
            "region": "RegionOne",
            "tags": null,
            "tenant_id": "8ed4ba58eee44bf5bbeeb8ea29bd2155",
            "timeouts": null
          },
          "sensitive_attributes": [],
          "private": "eyJlMmJmYjczMC1lY2FhLTExZTYtOGY4OC0zNDM2M2JjN2M0YzAiOnsiZGVsZXRlIjo2MDAwMDAwMDAwMDB9fQ==",
          "create_before_destroy": true
        }
      ]
    },
    {
      "module": "module.terraform-atlassian_env",
      "mode": "managed",
      "type": "openstack_networking_secgroup_v2",
      "name": "lan_allg",
      "provider": "provider[\"registry.terraform.io/terraform-provider-openstack/openstack\"]",
      "instances": [
        {
          "schema_version": 0,
          "attributes": {
            "all_tags": [],
            "delete_default_rules": null,
            "description": "lan_allg security group",
            "id": "175762cf-16b4-4e5e-8bbc-6146bdefd2cf",
            "name": "atlassian_atlassian_qa_lan_allg",
            "region": "RegionOne",
            "tags": null,
            "tenant_id": "8ed4ba58eee44bf5bbeeb8ea29bd2155",
            "timeouts": null
          },
          "sensitive_attributes": [],
          "private": "eyJlMmJmYjczMC1lY2FhLTExZTYtOGY4OC0zNDM2M2JjN2M0YzAiOnsiZGVsZXRlIjo2MDAwMDAwMDAwMDB9fQ==",
          "create_before_destroy": true
        }
      ]
    },
    {
      "module": "module.terraform-atlassian_env",
      "mode": "managed",
      "type": "openstack_networking_secgroup_v2",
      "name": "lan_dedicated",
      "provider": "provider[\"registry.terraform.io/terraform-provider-openstack/openstack\"]",
      "instances": [
        {
          "schema_version": 0,
          "attributes": {
            "all_tags": [],
            "delete_default_rules": null,
            "description": "lan_dedicated security group",
            "id": "7d45a28d-13db-4221-8098-8af37264a75a",
            "name": "atlassian_atlassian_qa_lan_dedicated",
            "region": "RegionOne",
            "tags": null,
            "tenant_id": "8ed4ba58eee44bf5bbeeb8ea29bd2155",
            "timeouts": null
          },
          "sensitive_attributes": [],
          "private": "eyJlMmJmYjczMC1lY2FhLTExZTYtOGY4OC0zNDM2M2JjN2M0YzAiOnsiZGVsZXRlIjo2MDAwMDAwMDAwMDB9fQ==",
          "create_before_destroy": true
        }
      ]
    },
    {
      "module": "module.terraform-atlassian_env",
      "mode": "managed",
      "type": "openstack_networking_secgroup_v2",
      "name": "loadbalancer",
      "provider": "provider[\"registry.terraform.io/terraform-provider-openstack/openstack\"]",
      "instances": [
        {
          "schema_version": 0,
          "attributes": {
            "all_tags": [],
            "delete_default_rules": null,
            "description": "loadbalancer security group",
            "id": "38cc2df0-934a-48e4-a7be-04174a3f8d31",
            "name": "atlassian_atlassian_qa_loadbalancer",
            "region": "RegionOne",
            "tags": null,
            "tenant_id": "8ed4ba58eee44bf5bbeeb8ea29bd2155",
            "timeouts": null
          },
          "sensitive_attributes": [],
          "private": "eyJlMmJmYjczMC1lY2FhLTExZTYtOGY4OC0zNDM2M2JjN2M0YzAiOnsiZGVsZXRlIjo2MDAwMDAwMDAwMDB9fQ==",
          "create_before_destroy": true
        }
      ]
    },
    {
      "module": "module.terraform-atlassian_env",
      "mode": "managed",
      "type": "openstack_networking_subnet_v2",
      "name": "tf_subnet",
      "provider": "provider[\"registry.terraform.io/terraform-provider-openstack/openstack\"]",
      "instances": [
        {
          "schema_version": 0,
          "attributes": {
            "all_tags": [],
            "allocation_pool": [
              {
                "end": "10.1.255.254",
                "start": "10.1.0.2"
              }
            ],
            "allocation_pools": [
              {
                "end": "10.1.255.254",
                "start": "10.1.0.2"
              }
            ],
            "cidr": "10.1.0.0/16",
            "description": "",
            "dns_nameservers": [
              "1.1.1.1",
              "8.8.8.8",
              "9.9.9.9"
            ],
            "enable_dhcp": true,
            "gateway_ip": "10.1.0.1",
            "host_routes": [],
            "id": "b7c36a87-1bec-46b2-bd7b-1646d955ccae",
            "ip_version": 4,
            "ipv6_address_mode": "",
            "ipv6_ra_mode": "",
            "name": "tf_subnet",
            "network_id": "dc03233f-f9f6-4580-b4b4-248c97079698",
            "no_gateway": false,
            "prefix_length": null,
            "region": "RegionOne",
            "subnetpool_id": "",
            "tags": null,
            "tenant_id": "8ed4ba58eee44bf5bbeeb8ea29bd2155",
            "timeouts": null,
            "value_specs": null
          },
          "sensitive_attributes": [],
          "private": "eyJlMmJmYjczMC1lY2FhLTExZTYtOGY4OC0zNDM2M2JjN2M0YzAiOnsiY3JlYXRlIjo2MDAwMDAwMDAwMDAsImRlbGV0ZSI6NjAwMDAwMDAwMDAwfX0=",
          "dependencies": [
            "module.terraform-atlassian_env.openstack_networking_network_v2.tf_network"
          ]
        }
      ]
    },
    {
      "module": "module.terraform-atlassian_env.module.confluence[0]",
      "mode": "data",
      "type": "openstack_images_image_v2",
      "name": "compute_instance_image",
      "provider": "provider[\"registry.terraform.io/terraform-provider-openstack/openstack\"]",
      "instances": [
        {
          "schema_version": 0,
          "attributes": {
            "checksum": "44f18939335f46f44d208911a39f3703",
            "container_format": "bare",
            "created_at": "2022-11-02T13:37:52Z",
            "disk_format": "raw",
            "file": "/v2/images/115e2287-c501-4ded-9533-572d36024199/file",
            "id": "115e2287-c501-4ded-9533-572d36024199",
            "member_status": null,
            "metadata": {},
            "min_disk_gb": 3,
            "min_ram_mb": 0,
            "most_recent": true,
            "name": "Ubuntu 22.04",
            "owner": "d57abb0200304506879bd8037f7a49cb",
            "properties": null,
            "protected": false,
            "region": null,
            "schema": "/v2/schemas/image",
            "size_bytes": 2361393152,
            "size_max": null,
            "size_min": null,
            "sort_direction": "asc",
            "sort_key": "name",
            "tag": null,
            "tags": [
              "dev",
              "linux",
              "prod",
              "qa",
              "unmanaged"
            ],
            "updated_at": "2022-11-02T13:43:08Z",
            "visibility": "public"
          },
          "sensitive_attributes": []
        }
      ]
    },
    {
      "module": "module.terraform-atlassian_env.module.confluence[0]",
      "mode": "managed",
      "type": "openstack_blockstorage_volume_v2",
      "name": "compute_instance_root_volume",
      "provider": "provider[\"registry.terraform.io/terraform-provider-openstack/openstack\"]",
      "instances": [
        {
          "index_key": 0,
          "schema_version": 0,
          "attributes": {
            "attachment": [],
            "availability_zone": "eu01-m",
            "consistency_group_id": null,
            "description": "",
            "id": "652ae58e-c239-498e-a0e5-dc450789ad79",
            "image_id": "115e2287-c501-4ded-9533-572d36024199",
            "metadata": {},
            "name": "atlassian_atlassian_qa_confluence01_root_volume",
            "region": "RegionOne",
            "scheduler_hints": [],
            "size": 64,
            "snapshot_id": "",
            "source_replica": null,
            "source_vol_id": "",
            "timeouts": null,
            "volume_type": "storage_premium_perf1"
          },
          "sensitive_attributes": [],
          "private": "eyJlMmJmYjczMC1lY2FhLTExZTYtOGY4OC0zNDM2M2JjN2M0YzAiOnsiY3JlYXRlIjo2MDAwMDAwMDAwMDAsImRlbGV0ZSI6NjAwMDAwMDAwMDAwfX0=",
          "dependencies": [
            "module.terraform-atlassian_env.module.confluence.data.openstack_images_image_v2.compute_instance_image"
          ]
        }
      ]
    },
    {
      "module": "module.terraform-atlassian_env.module.confluence[0]",
      "mode": "managed",
      "type": "openstack_compute_instance_v2",
      "name": "compute_instance",
      "provider": "provider[\"registry.terraform.io/terraform-provider-openstack/openstack\"]",
      "instances": [
        {
          "schema_version": 0,
          "attributes": {
            "access_ip_v4": "10.1.0.175",
            "access_ip_v6": "",
            "admin_pass": null,
            "all_metadata": {},
            "all_tags": [],
            "availability_zone": "eu01-m",
            "availability_zone_hints": null,
            "block_device": [
              {
                "boot_index": 0,
                "delete_on_termination": true,
                "destination_type": "volume",
                "device_type": "",
                "disk_bus": "",
                "guest_format": "",
                "source_type": "volume",
                "uuid": "652ae58e-c239-498e-a0e5-dc450789ad79",
                "volume_size": 0,
                "volume_type": ""
              }
            ],
            "config_drive": null,
            "flavor_id": "8512c5f9-4426-47f1-a9dc-5c5a5a798b54",
            "flavor_name": "c1.3",
            "floating_ip": null,
            "force_delete": false,
            "id": "49423682-c785-4fbc-8e7e-25cf119d6910",
            "image_id": "Attempt to boot from volume - no image supplied",
            "image_name": "Ubuntu 22.04",
            "key_pair": "atlassian_atlassian_qa_confluence01_keypair",
            "metadata": null,
            "name": "atlassian_atlassian_qa_confluence01",
            "network": [
              {
                "access_network": false,
                "fixed_ip_v4": "10.1.0.175",
                "fixed_ip_v6": "",
                "floating_ip": "",
                "mac": "fa:16:3e:ec:47:b4",
                "name": "tf_network",
                "port": "",
                "uuid": "dc03233f-f9f6-4580-b4b4-248c97079698"
              }
            ],
            "network_mode": null,
            "personality": [],
            "power_state": "active",
            "region": "RegionOne",
            "scheduler_hints": [],
            "security_groups": [
              "atlassian_atlassian_qa_confluence_cluster",
              "atlassian_atlassian_qa_lan_allg",
              "atlassian_atlassian_qa_lan_dedicated"
            ],
            "stop_before_destroy": false,
            "tags": null,
            "timeouts": null,
            "user_data": null,
            "vendor_options": [],
            "volume": []
          },
          "sensitive_attributes": [],
          "private": "eyJlMmJmYjczMC1lY2FhLTExZTYtOGY4OC0zNDM2M2JjN2M0YzAiOnsiY3JlYXRlIjoxODAwMDAwMDAwMDAwLCJkZWxldGUiOjE4MDAwMDAwMDAwMDAsInVwZGF0ZSI6MTgwMDAwMDAwMDAwMH19",
          "dependencies": [
            "module.terraform-atlassian_env.module.confluence.data.openstack_images_image_v2.compute_instance_image",
            "module.terraform-atlassian_env.module.confluence.openstack_blockstorage_volume_v2.compute_instance_root_volume",
            "module.terraform-atlassian_env.module.confluence.openstack_compute_keypair_v2.compute_instance_keypair",
            "module.terraform-atlassian_env.openstack_networking_network_v2.tf_network",
            "module.terraform-atlassian_env.openstack_networking_secgroup_v2.confluence_cluster",
            "module.terraform-atlassian_env.openstack_networking_secgroup_v2.lan_allg",
            "module.terraform-atlassian_env.openstack_networking_secgroup_v2.lan_dedicated"
          ]
        }
      ]
    },
    {
      "module": "module.terraform-atlassian_env.module.confluence[0]",
      "mode": "managed",
      "type": "openstack_compute_keypair_v2",
      "name": "compute_instance_keypair",
      "provider": "provider[\"registry.terraform.io/terraform-provider-openstack/openstack\"]",
      "instances": [
        {
          "schema_version": 0,
          "attributes": {
            "fingerprint": "b9:54:f3:97:98:d2:a4:e1:cb:32:3d:b2:cd:3b:4e:34",
            "id": "atlassian_atlassian_qa_confluence01_keypair",
            "name": "atlassian_atlassian_qa_confluence01_keypair",
            "private_key": "",
            "public_key": "ssh-rsa AAAAB3NzaC1yc2EAAAABJQAAAQEAhHkJzPi6LQqHZphAQ7RA5EPHo1BJUUput3TqfIE3jhoolGAuCsOYyPEUVHxomjaG1vqNusXujFfdGZWsyfn4XT1hlo5ETQsDwk4r6dW9dE4uBwAvhhPAwo2FuIfj2snt/TglKh4EPZ6o+ZojXKBloU/p5dxbF7NqJqI2mRdeCGZieEhTRYlfxqOlPHniKb/XqI1jGsoRDgPZJkDqJ/XJCc8UWEwO8kuxj1v3TWh9jiFNh0OYO2DPhN++s6FMDuNvoDVUk3y4yucfcJxBtvATjIAoMZIpWKxwdvH9h4ajSKsBgwYBPK19ZAiHV/Fqg0HFgOiLROiK/AgR3NfUIoxt8w==",
            "region": "RegionOne",
            "value_specs": null
          },
          "sensitive_attributes": [],
          "private": "bnVsbA=="
        }
      ]
    },
    {
      "module": "module.terraform-atlassian_env.module.confluence[1]",
      "mode": "data",
      "type": "openstack_images_image_v2",
      "name": "compute_instance_image",
      "provider": "provider[\"registry.terraform.io/terraform-provider-openstack/openstack\"]",
      "instances": [
        {
          "schema_version": 0,
          "attributes": {
            "checksum": "44f18939335f46f44d208911a39f3703",
            "container_format": "bare",
            "created_at": "2022-11-02T13:37:52Z",
            "disk_format": "raw",
            "file": "/v2/images/115e2287-c501-4ded-9533-572d36024199/file",
            "id": "115e2287-c501-4ded-9533-572d36024199",
            "member_status": null,
            "metadata": {},
            "min_disk_gb": 3,
            "min_ram_mb": 0,
            "most_recent": true,
            "name": "Ubuntu 22.04",
            "owner": "d57abb0200304506879bd8037f7a49cb",
            "properties": null,
            "protected": false,
            "region": null,
            "schema": "/v2/schemas/image",
            "size_bytes": 2361393152,
            "size_max": null,
            "size_min": null,
            "sort_direction": "asc",
            "sort_key": "name",
            "tag": null,
            "tags": [
              "dev",
              "linux",
              "prod",
              "qa",
              "unmanaged"
            ],
            "updated_at": "2022-11-02T13:43:08Z",
            "visibility": "public"
          },
          "sensitive_attributes": []
        }
      ]
    },
    {
      "module": "module.terraform-atlassian_env.module.confluence[1]",
      "mode": "managed",
      "type": "openstack_blockstorage_volume_v2",
      "name": "compute_instance_root_volume",
      "provider": "provider[\"registry.terraform.io/terraform-provider-openstack/openstack\"]",
      "instances": [
        {
          "index_key": 0,
          "schema_version": 0,
          "attributes": {
            "attachment": [],
            "availability_zone": "eu01-m",
            "consistency_group_id": null,
            "description": "",
            "id": "d118fae6-a8de-4c7a-96ee-1d4ef22a9ec3",
            "image_id": "115e2287-c501-4ded-9533-572d36024199",
            "metadata": {},
            "name": "atlassian_atlassian_qa_confluence02_root_volume",
            "region": "RegionOne",
            "scheduler_hints": [],
            "size": 64,
            "snapshot_id": "",
            "source_replica": null,
            "source_vol_id": "",
            "timeouts": null,
            "volume_type": "storage_premium_perf1"
          },
          "sensitive_attributes": [],
          "private": "eyJlMmJmYjczMC1lY2FhLTExZTYtOGY4OC0zNDM2M2JjN2M0YzAiOnsiY3JlYXRlIjo2MDAwMDAwMDAwMDAsImRlbGV0ZSI6NjAwMDAwMDAwMDAwfX0=",
          "dependencies": [
            "module.terraform-atlassian_env.module.confluence.data.openstack_images_image_v2.compute_instance_image"
          ]
        }
      ]
    },
    {
      "module": "module.terraform-atlassian_env.module.confluence[1]",
      "mode": "managed",
      "type": "openstack_compute_instance_v2",
      "name": "compute_instance",
      "provider": "provider[\"registry.terraform.io/terraform-provider-openstack/openstack\"]",
      "instances": [
        {
          "schema_version": 0,
          "attributes": {
            "access_ip_v4": "10.1.3.84",
            "access_ip_v6": "",
            "admin_pass": null,
            "all_metadata": {},
            "all_tags": [],
            "availability_zone": "eu01-m",
            "availability_zone_hints": null,
            "block_device": [
              {
                "boot_index": 0,
                "delete_on_termination": true,
                "destination_type": "volume",
                "device_type": "",
                "disk_bus": "",
                "guest_format": "",
                "source_type": "volume",
                "uuid": "d118fae6-a8de-4c7a-96ee-1d4ef22a9ec3",
                "volume_size": 0,
                "volume_type": ""
              }
            ],
            "config_drive": null,
            "flavor_id": "8512c5f9-4426-47f1-a9dc-5c5a5a798b54",
            "flavor_name": "c1.3",
            "floating_ip": null,
            "force_delete": false,
            "id": "051fc8b7-25ce-4a80-b98f-454a9d6ad927",
            "image_id": "Attempt to boot from volume - no image supplied",
            "image_name": "Ubuntu 22.04",
            "key_pair": "atlassian_atlassian_qa_confluence02_keypair",
            "metadata": null,
            "name": "atlassian_atlassian_qa_confluence02",
            "network": [
              {
                "access_network": false,
                "fixed_ip_v4": "10.1.3.84",
                "fixed_ip_v6": "",
                "floating_ip": "",
                "mac": "fa:16:3e:08:4d:26",
                "name": "tf_network",
                "port": "",
                "uuid": "dc03233f-f9f6-4580-b4b4-248c97079698"
              }
            ],
            "network_mode": null,
            "personality": [],
            "power_state": "active",
            "region": "RegionOne",
            "scheduler_hints": [],
            "security_groups": [
              "atlassian_atlassian_qa_confluence_cluster",
              "atlassian_atlassian_qa_lan_allg",
              "atlassian_atlassian_qa_lan_dedicated"
            ],
            "stop_before_destroy": false,
            "tags": null,
            "timeouts": null,
            "user_data": null,
            "vendor_options": [],
            "volume": []
          },
          "sensitive_attributes": [],
          "private": "eyJlMmJmYjczMC1lY2FhLTExZTYtOGY4OC0zNDM2M2JjN2M0YzAiOnsiY3JlYXRlIjoxODAwMDAwMDAwMDAwLCJkZWxldGUiOjE4MDAwMDAwMDAwMDAsInVwZGF0ZSI6MTgwMDAwMDAwMDAwMH19",
          "dependencies": [
            "module.terraform-atlassian_env.module.confluence.data.openstack_images_image_v2.compute_instance_image",
            "module.terraform-atlassian_env.module.confluence.openstack_blockstorage_volume_v2.compute_instance_root_volume",
            "module.terraform-atlassian_env.module.confluence.openstack_compute_keypair_v2.compute_instance_keypair",
            "module.terraform-atlassian_env.openstack_networking_network_v2.tf_network",
            "module.terraform-atlassian_env.openstack_networking_secgroup_v2.confluence_cluster",
            "module.terraform-atlassian_env.openstack_networking_secgroup_v2.lan_allg",
            "module.terraform-atlassian_env.openstack_networking_secgroup_v2.lan_dedicated"
          ]
        }
      ]
    },
    {
      "module": "module.terraform-atlassian_env.module.confluence[1]",
      "mode": "managed",
      "type": "openstack_compute_keypair_v2",
      "name": "compute_instance_keypair",
      "provider": "provider[\"registry.terraform.io/terraform-provider-openstack/openstack\"]",
      "instances": [
        {
          "schema_version": 0,
          "attributes": {
            "fingerprint": "b9:54:f3:97:98:d2:a4:e1:cb:32:3d:b2:cd:3b:4e:34",
            "id": "atlassian_atlassian_qa_confluence02_keypair",
            "name": "atlassian_atlassian_qa_confluence02_keypair",
            "private_key": "",
            "public_key": "ssh-rsa AAAAB3NzaC1yc2EAAAABJQAAAQEAhHkJzPi6LQqHZphAQ7RA5EPHo1BJUUput3TqfIE3jhoolGAuCsOYyPEUVHxomjaG1vqNusXujFfdGZWsyfn4XT1hlo5ETQsDwk4r6dW9dE4uBwAvhhPAwo2FuIfj2snt/TglKh4EPZ6o+ZojXKBloU/p5dxbF7NqJqI2mRdeCGZieEhTRYlfxqOlPHniKb/XqI1jGsoRDgPZJkDqJ/XJCc8UWEwO8kuxj1v3TWh9jiFNh0OYO2DPhN++s6FMDuNvoDVUk3y4yucfcJxBtvATjIAoMZIpWKxwdvH9h4ajSKsBgwYBPK19ZAiHV/Fqg0HFgOiLROiK/AgR3NfUIoxt8w==",
            "region": "RegionOne",
            "value_specs": null
          },
          "sensitive_attributes": [],
          "private": "bnVsbA=="
        }
      ]
    },
    {
      "module": "module.terraform-atlassian_env.module.confluence[2]",
      "mode": "data",
      "type": "openstack_images_image_v2",
      "name": "compute_instance_image",
      "provider": "provider[\"registry.terraform.io/terraform-provider-openstack/openstack\"]",
      "instances": [
        {
          "schema_version": 0,
          "attributes": {
            "checksum": "44f18939335f46f44d208911a39f3703",
            "container_format": "bare",
            "created_at": "2022-11-02T13:37:52Z",
            "disk_format": "raw",
            "file": "/v2/images/115e2287-c501-4ded-9533-572d36024199/file",
            "id": "115e2287-c501-4ded-9533-572d36024199",
            "member_status": null,
            "metadata": {},
            "min_disk_gb": 3,
            "min_ram_mb": 0,
            "most_recent": true,
            "name": "Ubuntu 22.04",
            "owner": "d57abb0200304506879bd8037f7a49cb",
            "properties": null,
            "protected": false,
            "region": null,
            "schema": "/v2/schemas/image",
            "size_bytes": 2361393152,
            "size_max": null,
            "size_min": null,
            "sort_direction": "asc",
            "sort_key": "name",
            "tag": null,
            "tags": [
              "dev",
              "linux",
              "prod",
              "qa",
              "unmanaged"
            ],
            "updated_at": "2022-11-02T13:43:08Z",
            "visibility": "public"
          },
          "sensitive_attributes": []
        }
      ]
    },
    {
      "module": "module.terraform-atlassian_env.module.confluence[2]",
      "mode": "managed",
      "type": "openstack_blockstorage_volume_v2",
      "name": "compute_instance_root_volume",
      "provider": "provider[\"registry.terraform.io/terraform-provider-openstack/openstack\"]",
      "instances": [
        {
          "index_key": 0,
          "schema_version": 0,
          "attributes": {
            "attachment": [],
            "availability_zone": "eu01-m",
            "consistency_group_id": null,
            "description": "",
            "id": "0e68f078-7b9a-45d9-9998-2583da63ec76",
            "image_id": "115e2287-c501-4ded-9533-572d36024199",
            "metadata": {},
            "name": "atlassian_atlassian_qa_confluence03_root_volume",
            "region": "RegionOne",
            "scheduler_hints": [],
            "size": 64,
            "snapshot_id": "",
            "source_replica": null,
            "source_vol_id": "",
            "timeouts": null,
            "volume_type": "storage_premium_perf1"
          },
          "sensitive_attributes": [],
          "private": "eyJlMmJmYjczMC1lY2FhLTExZTYtOGY4OC0zNDM2M2JjN2M0YzAiOnsiY3JlYXRlIjo2MDAwMDAwMDAwMDAsImRlbGV0ZSI6NjAwMDAwMDAwMDAwfX0=",
          "dependencies": [
            "module.terraform-atlassian_env.module.confluence.data.openstack_images_image_v2.compute_instance_image"
          ]
        }
      ]
    },
    {
      "module": "module.terraform-atlassian_env.module.confluence[2]",
      "mode": "managed",
      "type": "openstack_compute_instance_v2",
      "name": "compute_instance",
      "provider": "provider[\"registry.terraform.io/terraform-provider-openstack/openstack\"]",
      "instances": [
        {
          "schema_version": 0,
          "attributes": {
            "access_ip_v4": "10.1.2.138",
            "access_ip_v6": "",
            "admin_pass": null,
            "all_metadata": {},
            "all_tags": [],
            "availability_zone": "eu01-m",
            "availability_zone_hints": null,
            "block_device": [
              {
                "boot_index": 0,
                "delete_on_termination": true,
                "destination_type": "volume",
                "device_type": "",
                "disk_bus": "",
                "guest_format": "",
                "source_type": "volume",
                "uuid": "0e68f078-7b9a-45d9-9998-2583da63ec76",
                "volume_size": 0,
                "volume_type": ""
              }
            ],
            "config_drive": null,
            "flavor_id": "8512c5f9-4426-47f1-a9dc-5c5a5a798b54",
            "flavor_name": "c1.3",
            "floating_ip": null,
            "force_delete": false,
            "id": "fcb1e303-decd-4f0c-b573-880bae39054a",
            "image_id": "Attempt to boot from volume - no image supplied",
            "image_name": "Ubuntu 22.04",
            "key_pair": "atlassian_atlassian_qa_confluence03_keypair",
            "metadata": null,
            "name": "atlassian_atlassian_qa_confluence03",
            "network": [
              {
                "access_network": false,
                "fixed_ip_v4": "10.1.2.138",
                "fixed_ip_v6": "",
                "floating_ip": "",
                "mac": "fa:16:3e:a3:98:67",
                "name": "tf_network",
                "port": "",
                "uuid": "dc03233f-f9f6-4580-b4b4-248c97079698"
              }
            ],
            "network_mode": null,
            "personality": [],
            "power_state": "active",
            "region": "RegionOne",
            "scheduler_hints": [],
            "security_groups": [
              "atlassian_atlassian_qa_confluence_cluster",
              "atlassian_atlassian_qa_lan_allg",
              "atlassian_atlassian_qa_lan_dedicated"
            ],
            "stop_before_destroy": false,
            "tags": null,
            "timeouts": null,
            "user_data": null,
            "vendor_options": [],
            "volume": []
          },
          "sensitive_attributes": [],
          "private": "eyJlMmJmYjczMC1lY2FhLTExZTYtOGY4OC0zNDM2M2JjN2M0YzAiOnsiY3JlYXRlIjoxODAwMDAwMDAwMDAwLCJkZWxldGUiOjE4MDAwMDAwMDAwMDAsInVwZGF0ZSI6MTgwMDAwMDAwMDAwMH19",
          "dependencies": [
            "module.terraform-atlassian_env.module.confluence.data.openstack_images_image_v2.compute_instance_image",
            "module.terraform-atlassian_env.module.confluence.openstack_blockstorage_volume_v2.compute_instance_root_volume",
            "module.terraform-atlassian_env.module.confluence.openstack_compute_keypair_v2.compute_instance_keypair",
            "module.terraform-atlassian_env.openstack_networking_network_v2.tf_network",
            "module.terraform-atlassian_env.openstack_networking_secgroup_v2.confluence_cluster",
            "module.terraform-atlassian_env.openstack_networking_secgroup_v2.lan_allg",
            "module.terraform-atlassian_env.openstack_networking_secgroup_v2.lan_dedicated"
          ]
        }
      ]
    },
    {
      "module": "module.terraform-atlassian_env.module.confluence[2]",
      "mode": "managed",
      "type": "openstack_compute_keypair_v2",
      "name": "compute_instance_keypair",
      "provider": "provider[\"registry.terraform.io/terraform-provider-openstack/openstack\"]",
      "instances": [
        {
          "schema_version": 0,
          "attributes": {
            "fingerprint": "b9:54:f3:97:98:d2:a4:e1:cb:32:3d:b2:cd:3b:4e:34",
            "id": "atlassian_atlassian_qa_confluence03_keypair",
            "name": "atlassian_atlassian_qa_confluence03_keypair",
            "private_key": "",
            "public_key": "ssh-rsa AAAAB3NzaC1yc2EAAAABJQAAAQEAhHkJzPi6LQqHZphAQ7RA5EPHo1BJUUput3TqfIE3jhoolGAuCsOYyPEUVHxomjaG1vqNusXujFfdGZWsyfn4XT1hlo5ETQsDwk4r6dW9dE4uBwAvhhPAwo2FuIfj2snt/TglKh4EPZ6o+ZojXKBloU/p5dxbF7NqJqI2mRdeCGZieEhTRYlfxqOlPHniKb/XqI1jGsoRDgPZJkDqJ/XJCc8UWEwO8kuxj1v3TWh9jiFNh0OYO2DPhN++s6FMDuNvoDVUk3y4yucfcJxBtvATjIAoMZIpWKxwdvH9h4ajSKsBgwYBPK19ZAiHV/Fqg0HFgOiLROiK/AgR3NfUIoxt8w==",
            "region": "RegionOne",
            "value_specs": null
          },
          "sensitive_attributes": [],
          "private": "bnVsbA=="
        }
      ]
    },
    {
      "module": "module.terraform-atlassian_env.module.database[0]",
      "mode": "data",
      "type": "openstack_images_image_v2",
      "name": "compute_instance_image",
      "provider": "provider[\"registry.terraform.io/terraform-provider-openstack/openstack\"]",
      "instances": [
        {
          "schema_version": 0,
          "attributes": {
            "checksum": "44f18939335f46f44d208911a39f3703",
            "container_format": "bare",
            "created_at": "2022-11-02T13:37:52Z",
            "disk_format": "raw",
            "file": "/v2/images/115e2287-c501-4ded-9533-572d36024199/file",
            "id": "115e2287-c501-4ded-9533-572d36024199",
            "member_status": null,
            "metadata": {},
            "min_disk_gb": 3,
            "min_ram_mb": 0,
            "most_recent": true,
            "name": "Ubuntu 22.04",
            "owner": "d57abb0200304506879bd8037f7a49cb",
            "properties": null,
            "protected": false,
            "region": null,
            "schema": "/v2/schemas/image",
            "size_bytes": 2361393152,
            "size_max": null,
            "size_min": null,
            "sort_direction": "asc",
            "sort_key": "name",
            "tag": null,
            "tags": [
              "dev",
              "linux",
              "prod",
              "qa",
              "unmanaged"
            ],
            "updated_at": "2022-11-02T13:43:08Z",
            "visibility": "public"
          },
          "sensitive_attributes": []
        }
      ]
    },
    {
      "module": "module.terraform-atlassian_env.module.database[0]",
      "mode": "managed",
      "type": "openstack_blockstorage_volume_v2",
      "name": "compute_instance_root_volume",
      "provider": "provider[\"registry.terraform.io/terraform-provider-openstack/openstack\"]",
      "instances": [
        {
          "index_key": 0,
          "schema_version": 0,
          "attributes": {
            "attachment": [],
            "availability_zone": "eu01-m",
            "consistency_group_id": null,
            "description": "",
            "id": "b265345a-4d53-4262-965d-47a7b3f5b4ce",
            "image_id": "115e2287-c501-4ded-9533-572d36024199",
            "metadata": {},
            "name": "atlassian_atlassian_qa_database01_root_volume",
            "region": "RegionOne",
            "scheduler_hints": [],
            "size": 64,
            "snapshot_id": "",
            "source_replica": null,
            "source_vol_id": "",
            "timeouts": null,
            "volume_type": "storage_premium_perf1"
          },
          "sensitive_attributes": [],
          "private": "eyJlMmJmYjczMC1lY2FhLTExZTYtOGY4OC0zNDM2M2JjN2M0YzAiOnsiY3JlYXRlIjo2MDAwMDAwMDAwMDAsImRlbGV0ZSI6NjAwMDAwMDAwMDAwfX0=",
          "dependencies": [
            "module.terraform-atlassian_env.module.database.data.openstack_images_image_v2.compute_instance_image"
          ]
        }
      ]
    },
    {
      "module": "module.terraform-atlassian_env.module.database[0]",
      "mode": "managed",
      "type": "openstack_compute_instance_v2",
      "name": "compute_instance",
      "provider": "provider[\"registry.terraform.io/terraform-provider-openstack/openstack\"]",
      "instances": [
        {
          "schema_version": 0,
          "attributes": {
            "access_ip_v4": "10.1.3.222",
            "access_ip_v6": "",
            "admin_pass": null,
            "all_metadata": {},
            "all_tags": [],
            "availability_zone": "eu01-m",
            "availability_zone_hints": null,
            "block_device": [
              {
                "boot_index": 0,
                "delete_on_termination": true,
                "destination_type": "volume",
                "device_type": "",
                "disk_bus": "",
                "guest_format": "",
                "source_type": "volume",
                "uuid": "b265345a-4d53-4262-965d-47a7b3f5b4ce",
                "volume_size": 0,
                "volume_type": ""
              }
            ],
            "config_drive": null,
            "flavor_id": "8512c5f9-4426-47f1-a9dc-5c5a5a798b54",
            "flavor_name": "c1.3",
            "floating_ip": null,
            "force_delete": false,
            "id": "3458674a-21a2-49c4-a126-e1647d218dfa",
            "image_id": "Attempt to boot from volume - no image supplied",
            "image_name": "Ubuntu 22.04",
            "key_pair": "atlassian_atlassian_qa_database01_keypair",
            "metadata": null,
            "name": "atlassian_atlassian_qa_database01",
            "network": [
              {
                "access_network": false,
                "fixed_ip_v4": "10.1.3.222",
                "fixed_ip_v6": "",
                "floating_ip": "",
                "mac": "fa:16:3e:e7:51:a5",
                "name": "tf_network",
                "port": "",
                "uuid": "dc03233f-f9f6-4580-b4b4-248c97079698"
              }
            ],
            "network_mode": null,
            "personality": [],
            "power_state": "active",
            "region": "RegionOne",
            "scheduler_hints": [],
            "security_groups": [
              "atlassian_atlassian_qa_lan_allg",
              "atlassian_atlassian_qa_lan_dedicated"
            ],
            "stop_before_destroy": false,
            "tags": null,
            "timeouts": null,
            "user_data": null,
            "vendor_options": [],
            "volume": []
          },
          "sensitive_attributes": [],
          "private": "eyJlMmJmYjczMC1lY2FhLTExZTYtOGY4OC0zNDM2M2JjN2M0YzAiOnsiY3JlYXRlIjoxODAwMDAwMDAwMDAwLCJkZWxldGUiOjE4MDAwMDAwMDAwMDAsInVwZGF0ZSI6MTgwMDAwMDAwMDAwMH19",
          "dependencies": [
            "module.terraform-atlassian_env.module.database.data.openstack_images_image_v2.compute_instance_image",
            "module.terraform-atlassian_env.module.database.openstack_blockstorage_volume_v2.compute_instance_root_volume",
            "module.terraform-atlassian_env.module.database.openstack_compute_keypair_v2.compute_instance_keypair",
            "module.terraform-atlassian_env.openstack_networking_network_v2.tf_network",
            "module.terraform-atlassian_env.openstack_networking_secgroup_v2.lan_allg",
            "module.terraform-atlassian_env.openstack_networking_secgroup_v2.lan_dedicated"
          ]
        }
      ]
    },
    {
      "module": "module.terraform-atlassian_env.module.database[0]",
      "mode": "managed",
      "type": "openstack_compute_keypair_v2",
      "name": "compute_instance_keypair",
      "provider": "provider[\"registry.terraform.io/terraform-provider-openstack/openstack\"]",
      "instances": [
        {
          "schema_version": 0,
          "attributes": {
            "fingerprint": "b9:54:f3:97:98:d2:a4:e1:cb:32:3d:b2:cd:3b:4e:34",
            "id": "atlassian_atlassian_qa_database01_keypair",
            "name": "atlassian_atlassian_qa_database01_keypair",
            "private_key": "",
            "public_key": "ssh-rsa AAAAB3NzaC1yc2EAAAABJQAAAQEAhHkJzPi6LQqHZphAQ7RA5EPHo1BJUUput3TqfIE3jhoolGAuCsOYyPEUVHxomjaG1vqNusXujFfdGZWsyfn4XT1hlo5ETQsDwk4r6dW9dE4uBwAvhhPAwo2FuIfj2snt/TglKh4EPZ6o+ZojXKBloU/p5dxbF7NqJqI2mRdeCGZieEhTRYlfxqOlPHniKb/XqI1jGsoRDgPZJkDqJ/XJCc8UWEwO8kuxj1v3TWh9jiFNh0OYO2DPhN++s6FMDuNvoDVUk3y4yucfcJxBtvATjIAoMZIpWKxwdvH9h4ajSKsBgwYBPK19ZAiHV/Fqg0HFgOiLROiK/AgR3NfUIoxt8w==",
            "region": "RegionOne",
            "value_specs": null
          },
          "sensitive_attributes": [],
          "private": "bnVsbA=="
        }
      ]
    },
    {
      "module": "module.terraform-atlassian_env.module.database[1]",
      "mode": "data",
      "type": "openstack_images_image_v2",
      "name": "compute_instance_image",
      "provider": "provider[\"registry.terraform.io/terraform-provider-openstack/openstack\"]",
      "instances": [
        {
          "schema_version": 0,
          "attributes": {
            "checksum": "44f18939335f46f44d208911a39f3703",
            "container_format": "bare",
            "created_at": "2022-11-02T13:37:52Z",
            "disk_format": "raw",
            "file": "/v2/images/115e2287-c501-4ded-9533-572d36024199/file",
            "id": "115e2287-c501-4ded-9533-572d36024199",
            "member_status": null,
            "metadata": {},
            "min_disk_gb": 3,
            "min_ram_mb": 0,
            "most_recent": true,
            "name": "Ubuntu 22.04",
            "owner": "d57abb0200304506879bd8037f7a49cb",
            "properties": null,
            "protected": false,
            "region": null,
            "schema": "/v2/schemas/image",
            "size_bytes": 2361393152,
            "size_max": null,
            "size_min": null,
            "sort_direction": "asc",
            "sort_key": "name",
            "tag": null,
            "tags": [
              "dev",
              "linux",
              "prod",
              "qa",
              "unmanaged"
            ],
            "updated_at": "2022-11-02T13:43:08Z",
            "visibility": "public"
          },
          "sensitive_attributes": []
        }
      ]
    },
    {
      "module": "module.terraform-atlassian_env.module.database[1]",
      "mode": "managed",
      "type": "openstack_blockstorage_volume_v2",
      "name": "compute_instance_root_volume",
      "provider": "provider[\"registry.terraform.io/terraform-provider-openstack/openstack\"]",
      "instances": [
        {
          "index_key": 0,
          "schema_version": 0,
          "attributes": {
            "attachment": [],
            "availability_zone": "eu01-m",
            "consistency_group_id": null,
            "description": "",
            "id": "cd3a2542-0344-44b5-b58e-595a8df8b760",
            "image_id": "115e2287-c501-4ded-9533-572d36024199",
            "metadata": {},
            "name": "atlassian_atlassian_qa_database02_root_volume",
            "region": "RegionOne",
            "scheduler_hints": [],
            "size": 64,
            "snapshot_id": "",
            "source_replica": null,
            "source_vol_id": "",
            "timeouts": null,
            "volume_type": "storage_premium_perf1"
          },
          "sensitive_attributes": [],
          "private": "eyJlMmJmYjczMC1lY2FhLTExZTYtOGY4OC0zNDM2M2JjN2M0YzAiOnsiY3JlYXRlIjo2MDAwMDAwMDAwMDAsImRlbGV0ZSI6NjAwMDAwMDAwMDAwfX0=",
          "dependencies": [
            "module.terraform-atlassian_env.module.database.data.openstack_images_image_v2.compute_instance_image"
          ]
        }
      ]
    },
    {
      "module": "module.terraform-atlassian_env.module.database[1]",
      "mode": "managed",
      "type": "openstack_compute_instance_v2",
      "name": "compute_instance",
      "provider": "provider[\"registry.terraform.io/terraform-provider-openstack/openstack\"]",
      "instances": [
        {
          "schema_version": 0,
          "attributes": {
            "access_ip_v4": "10.1.0.246",
            "access_ip_v6": "",
            "admin_pass": null,
            "all_metadata": {},
            "all_tags": [],
            "availability_zone": "eu01-m",
            "availability_zone_hints": null,
            "block_device": [
              {
                "boot_index": 0,
                "delete_on_termination": true,
                "destination_type": "volume",
                "device_type": "",
                "disk_bus": "",
                "guest_format": "",
                "source_type": "volume",
                "uuid": "cd3a2542-0344-44b5-b58e-595a8df8b760",
                "volume_size": 0,
                "volume_type": ""
              }
            ],
            "config_drive": null,
            "flavor_id": "8512c5f9-4426-47f1-a9dc-5c5a5a798b54",
            "flavor_name": "c1.3",
            "floating_ip": null,
            "force_delete": false,
            "id": "b85f4533-077f-4981-b218-6802da250c69",
            "image_id": "Attempt to boot from volume - no image supplied",
            "image_name": "Ubuntu 22.04",
            "key_pair": "atlassian_atlassian_qa_database02_keypair",
            "metadata": null,
            "name": "atlassian_atlassian_qa_database02",
            "network": [
              {
                "access_network": false,
                "fixed_ip_v4": "10.1.0.246",
                "fixed_ip_v6": "",
                "floating_ip": "",
                "mac": "fa:16:3e:30:71:b3",
                "name": "tf_network",
                "port": "",
                "uuid": "dc03233f-f9f6-4580-b4b4-248c97079698"
              }
            ],
            "network_mode": null,
            "personality": [],
            "power_state": "active",
            "region": "RegionOne",
            "scheduler_hints": [],
            "security_groups": [
              "atlassian_atlassian_qa_lan_allg",
              "atlassian_atlassian_qa_lan_dedicated"
            ],
            "stop_before_destroy": false,
            "tags": null,
            "timeouts": null,
            "user_data": null,
            "vendor_options": [],
            "volume": []
          },
          "sensitive_attributes": [],
          "private": "eyJlMmJmYjczMC1lY2FhLTExZTYtOGY4OC0zNDM2M2JjN2M0YzAiOnsiY3JlYXRlIjoxODAwMDAwMDAwMDAwLCJkZWxldGUiOjE4MDAwMDAwMDAwMDAsInVwZGF0ZSI6MTgwMDAwMDAwMDAwMH19",
          "dependencies": [
            "module.terraform-atlassian_env.module.database.data.openstack_images_image_v2.compute_instance_image",
            "module.terraform-atlassian_env.module.database.openstack_blockstorage_volume_v2.compute_instance_root_volume",
            "module.terraform-atlassian_env.module.database.openstack_compute_keypair_v2.compute_instance_keypair",
            "module.terraform-atlassian_env.openstack_networking_network_v2.tf_network",
            "module.terraform-atlassian_env.openstack_networking_secgroup_v2.lan_allg",
            "module.terraform-atlassian_env.openstack_networking_secgroup_v2.lan_dedicated"
          ]
        }
      ]
    },
    {
      "module": "module.terraform-atlassian_env.module.database[1]",
      "mode": "managed",
      "type": "openstack_compute_keypair_v2",
      "name": "compute_instance_keypair",
      "provider": "provider[\"registry.terraform.io/terraform-provider-openstack/openstack\"]",
      "instances": [
        {
          "schema_version": 0,
          "attributes": {
            "fingerprint": "b9:54:f3:97:98:d2:a4:e1:cb:32:3d:b2:cd:3b:4e:34",
            "id": "atlassian_atlassian_qa_database02_keypair",
            "name": "atlassian_atlassian_qa_database02_keypair",
            "private_key": "",
            "public_key": "ssh-rsa AAAAB3NzaC1yc2EAAAABJQAAAQEAhHkJzPi6LQqHZphAQ7RA5EPHo1BJUUput3TqfIE3jhoolGAuCsOYyPEUVHxomjaG1vqNusXujFfdGZWsyfn4XT1hlo5ETQsDwk4r6dW9dE4uBwAvhhPAwo2FuIfj2snt/TglKh4EPZ6o+ZojXKBloU/p5dxbF7NqJqI2mRdeCGZieEhTRYlfxqOlPHniKb/XqI1jGsoRDgPZJkDqJ/XJCc8UWEwO8kuxj1v3TWh9jiFNh0OYO2DPhN++s6FMDuNvoDVUk3y4yucfcJxBtvATjIAoMZIpWKxwdvH9h4ajSKsBgwYBPK19ZAiHV/Fqg0HFgOiLROiK/AgR3NfUIoxt8w==",
            "region": "RegionOne",
            "value_specs": null
          },
          "sensitive_attributes": [],
          "private": "bnVsbA=="
        }
      ]
    },
    {
      "module": "module.terraform-atlassian_env.module.fileshare[0]",
      "mode": "data",
      "type": "openstack_images_image_v2",
      "name": "compute_instance_image",
      "provider": "provider[\"registry.terraform.io/terraform-provider-openstack/openstack\"]",
      "instances": [
        {
          "schema_version": 0,
          "attributes": {
            "checksum": "44f18939335f46f44d208911a39f3703",
            "container_format": "bare",
            "created_at": "2022-11-02T13:37:52Z",
            "disk_format": "raw",
            "file": "/v2/images/115e2287-c501-4ded-9533-572d36024199/file",
            "id": "115e2287-c501-4ded-9533-572d36024199",
            "member_status": null,
            "metadata": {},
            "min_disk_gb": 3,
            "min_ram_mb": 0,
            "most_recent": true,
            "name": "Ubuntu 22.04",
            "owner": "d57abb0200304506879bd8037f7a49cb",
            "properties": null,
            "protected": false,
            "region": null,
            "schema": "/v2/schemas/image",
            "size_bytes": 2361393152,
            "size_max": null,
            "size_min": null,
            "sort_direction": "asc",
            "sort_key": "name",
            "tag": null,
            "tags": [
              "dev",
              "linux",
              "prod",
              "qa",
              "unmanaged"
            ],
            "updated_at": "2022-11-02T13:43:08Z",
            "visibility": "public"
          },
          "sensitive_attributes": []
        }
      ]
    },
    {
      "module": "module.terraform-atlassian_env.module.fileshare[0]",
      "mode": "managed",
      "type": "openstack_blockstorage_volume_v2",
      "name": "compute_instance_root_volume",
      "provider": "provider[\"registry.terraform.io/terraform-provider-openstack/openstack\"]",
      "instances": [
        {
          "index_key": 0,
          "schema_version": 0,
          "attributes": {
            "attachment": [],
            "availability_zone": "eu01-m",
            "consistency_group_id": null,
            "description": "",
            "id": "ea99ef21-48df-46a0-853c-c87ac17374ba",
            "image_id": "115e2287-c501-4ded-9533-572d36024199",
            "metadata": {},
            "name": "atlassian_atlassian_qa_fileshare01_root_volume",
            "region": "RegionOne",
            "scheduler_hints": [],
            "size": 64,
            "snapshot_id": "",
            "source_replica": null,
            "source_vol_id": "",
            "timeouts": null,
            "volume_type": "storage_premium_perf1"
          },
          "sensitive_attributes": [],
          "private": "eyJlMmJmYjczMC1lY2FhLTExZTYtOGY4OC0zNDM2M2JjN2M0YzAiOnsiY3JlYXRlIjo2MDAwMDAwMDAwMDAsImRlbGV0ZSI6NjAwMDAwMDAwMDAwfX0=",
          "dependencies": [
            "module.terraform-atlassian_env.module.fileshare.data.openstack_images_image_v2.compute_instance_image"
          ]
        }
      ]
    },
    {
      "module": "module.terraform-atlassian_env.module.fileshare[0]",
      "mode": "managed",
      "type": "openstack_compute_instance_v2",
      "name": "compute_instance",
      "provider": "provider[\"registry.terraform.io/terraform-provider-openstack/openstack\"]",
      "instances": [
        {
          "schema_version": 0,
          "attributes": {
            "access_ip_v4": "10.1.0.8",
            "access_ip_v6": "",
            "admin_pass": null,
            "all_metadata": {},
            "all_tags": [],
            "availability_zone": "eu01-m",
            "availability_zone_hints": null,
            "block_device": [
              {
                "boot_index": 0,
                "delete_on_termination": true,
                "destination_type": "volume",
                "device_type": "",
                "disk_bus": "",
                "guest_format": "",
                "source_type": "volume",
                "uuid": "ea99ef21-48df-46a0-853c-c87ac17374ba",
                "volume_size": 0,
                "volume_type": ""
              }
            ],
            "config_drive": null,
            "flavor_id": "8512c5f9-4426-47f1-a9dc-5c5a5a798b54",
            "flavor_name": "c1.3",
            "floating_ip": null,
            "force_delete": false,
            "id": "0fefda3e-4ebc-45ae-87c3-cd539164f3ef",
            "image_id": "Attempt to boot from volume - no image supplied",
            "image_name": "Ubuntu 22.04",
            "key_pair": "atlassian_atlassian_qa_fileshare01_keypair",
            "metadata": null,
            "name": "atlassian_atlassian_qa_fileshare01",
            "network": [
              {
                "access_network": false,
                "fixed_ip_v4": "10.1.0.8",
                "fixed_ip_v6": "",
                "floating_ip": "",
                "mac": "fa:16:3e:14:18:ab",
                "name": "tf_network",
                "port": "",
                "uuid": "dc03233f-f9f6-4580-b4b4-248c97079698"
              }
            ],
            "network_mode": null,
            "personality": [],
            "power_state": "active",
            "region": "RegionOne",
            "scheduler_hints": [],
            "security_groups": [
              "atlassian_atlassian_qa_lan_allg",
              "atlassian_atlassian_qa_lan_dedicated"
            ],
            "stop_before_destroy": false,
            "tags": null,
            "timeouts": null,
            "user_data": null,
            "vendor_options": [],
            "volume": []
          },
          "sensitive_attributes": [],
          "private": "eyJlMmJmYjczMC1lY2FhLTExZTYtOGY4OC0zNDM2M2JjN2M0YzAiOnsiY3JlYXRlIjoxODAwMDAwMDAwMDAwLCJkZWxldGUiOjE4MDAwMDAwMDAwMDAsInVwZGF0ZSI6MTgwMDAwMDAwMDAwMH19",
          "dependencies": [
            "module.terraform-atlassian_env.module.fileshare.data.openstack_images_image_v2.compute_instance_image",
            "module.terraform-atlassian_env.module.fileshare.openstack_blockstorage_volume_v2.compute_instance_root_volume",
            "module.terraform-atlassian_env.module.fileshare.openstack_compute_keypair_v2.compute_instance_keypair",
            "module.terraform-atlassian_env.openstack_networking_network_v2.tf_network",
            "module.terraform-atlassian_env.openstack_networking_secgroup_v2.lan_allg",
            "module.terraform-atlassian_env.openstack_networking_secgroup_v2.lan_dedicated"
          ]
        }
      ]
    },
    {
      "module": "module.terraform-atlassian_env.module.fileshare[0]",
      "mode": "managed",
      "type": "openstack_compute_keypair_v2",
      "name": "compute_instance_keypair",
      "provider": "provider[\"registry.terraform.io/terraform-provider-openstack/openstack\"]",
      "instances": [
        {
          "schema_version": 0,
          "attributes": {
            "fingerprint": "b9:54:f3:97:98:d2:a4:e1:cb:32:3d:b2:cd:3b:4e:34",
            "id": "atlassian_atlassian_qa_fileshare01_keypair",
            "name": "atlassian_atlassian_qa_fileshare01_keypair",
            "private_key": "",
            "public_key": "ssh-rsa AAAAB3NzaC1yc2EAAAABJQAAAQEAhHkJzPi6LQqHZphAQ7RA5EPHo1BJUUput3TqfIE3jhoolGAuCsOYyPEUVHxomjaG1vqNusXujFfdGZWsyfn4XT1hlo5ETQsDwk4r6dW9dE4uBwAvhhPAwo2FuIfj2snt/TglKh4EPZ6o+ZojXKBloU/p5dxbF7NqJqI2mRdeCGZieEhTRYlfxqOlPHniKb/XqI1jGsoRDgPZJkDqJ/XJCc8UWEwO8kuxj1v3TWh9jiFNh0OYO2DPhN++s6FMDuNvoDVUk3y4yucfcJxBtvATjIAoMZIpWKxwdvH9h4ajSKsBgwYBPK19ZAiHV/Fqg0HFgOiLROiK/AgR3NfUIoxt8w==",
            "region": "RegionOne",
            "value_specs": null
          },
          "sensitive_attributes": [],
          "private": "bnVsbA=="
        }
      ]
    },
    {
      "module": "module.terraform-atlassian_env.module.fileshare[1]",
      "mode": "data",
      "type": "openstack_images_image_v2",
      "name": "compute_instance_image",
      "provider": "provider[\"registry.terraform.io/terraform-provider-openstack/openstack\"]",
      "instances": [
        {
          "schema_version": 0,
          "attributes": {
            "checksum": "44f18939335f46f44d208911a39f3703",
            "container_format": "bare",
            "created_at": "2022-11-02T13:37:52Z",
            "disk_format": "raw",
            "file": "/v2/images/115e2287-c501-4ded-9533-572d36024199/file",
            "id": "115e2287-c501-4ded-9533-572d36024199",
            "member_status": null,
            "metadata": {},
            "min_disk_gb": 3,
            "min_ram_mb": 0,
            "most_recent": true,
            "name": "Ubuntu 22.04",
            "owner": "d57abb0200304506879bd8037f7a49cb",
            "properties": null,
            "protected": false,
            "region": null,
            "schema": "/v2/schemas/image",
            "size_bytes": 2361393152,
            "size_max": null,
            "size_min": null,
            "sort_direction": "asc",
            "sort_key": "name",
            "tag": null,
            "tags": [
              "dev",
              "linux",
              "prod",
              "qa",
              "unmanaged"
            ],
            "updated_at": "2022-11-02T13:43:08Z",
            "visibility": "public"
          },
          "sensitive_attributes": []
        }
      ]
    },
    {
      "module": "module.terraform-atlassian_env.module.fileshare[1]",
      "mode": "managed",
      "type": "openstack_blockstorage_volume_v2",
      "name": "compute_instance_root_volume",
      "provider": "provider[\"registry.terraform.io/terraform-provider-openstack/openstack\"]",
      "instances": [
        {
          "index_key": 0,
          "schema_version": 0,
          "attributes": {
            "attachment": [],
            "availability_zone": "eu01-m",
            "consistency_group_id": null,
            "description": "",
            "id": "83601512-c9bb-4853-8e93-4f4d9cba602c",
            "image_id": "115e2287-c501-4ded-9533-572d36024199",
            "metadata": {},
            "name": "atlassian_atlassian_qa_fileshare02_root_volume",
            "region": "RegionOne",
            "scheduler_hints": [],
            "size": 64,
            "snapshot_id": "",
            "source_replica": null,
            "source_vol_id": "",
            "timeouts": null,
            "volume_type": "storage_premium_perf1"
          },
          "sensitive_attributes": [],
          "private": "eyJlMmJmYjczMC1lY2FhLTExZTYtOGY4OC0zNDM2M2JjN2M0YzAiOnsiY3JlYXRlIjo2MDAwMDAwMDAwMDAsImRlbGV0ZSI6NjAwMDAwMDAwMDAwfX0=",
          "dependencies": [
            "module.terraform-atlassian_env.module.fileshare.data.openstack_images_image_v2.compute_instance_image"
          ]
        }
      ]
    },
    {
      "module": "module.terraform-atlassian_env.module.fileshare[1]",
      "mode": "managed",
      "type": "openstack_compute_instance_v2",
      "name": "compute_instance",
      "provider": "provider[\"registry.terraform.io/terraform-provider-openstack/openstack\"]",
      "instances": [
        {
          "schema_version": 0,
          "attributes": {
            "access_ip_v4": "10.1.2.165",
            "access_ip_v6": "",
            "admin_pass": null,
            "all_metadata": {},
            "all_tags": [],
            "availability_zone": "eu01-m",
            "availability_zone_hints": null,
            "block_device": [
              {
                "boot_index": 0,
                "delete_on_termination": true,
                "destination_type": "volume",
                "device_type": "",
                "disk_bus": "",
                "guest_format": "",
                "source_type": "volume",
                "uuid": "83601512-c9bb-4853-8e93-4f4d9cba602c",
                "volume_size": 0,
                "volume_type": ""
              }
            ],
            "config_drive": null,
            "flavor_id": "8512c5f9-4426-47f1-a9dc-5c5a5a798b54",
            "flavor_name": "c1.3",
            "floating_ip": null,
            "force_delete": false,
            "id": "fa496491-0eba-49c1-af19-25879b19e75c",
            "image_id": "Attempt to boot from volume - no image supplied",
            "image_name": "Ubuntu 22.04",
            "key_pair": "atlassian_atlassian_qa_fileshare02_keypair",
            "metadata": null,
            "name": "atlassian_atlassian_qa_fileshare02",
            "network": [
              {
                "access_network": false,
                "fixed_ip_v4": "10.1.2.165",
                "fixed_ip_v6": "",
                "floating_ip": "",
                "mac": "fa:16:3e:db:37:9d",
                "name": "tf_network",
                "port": "",
                "uuid": "dc03233f-f9f6-4580-b4b4-248c97079698"
              }
            ],
            "network_mode": null,
            "personality": [],
            "power_state": "active",
            "region": "RegionOne",
            "scheduler_hints": [],
            "security_groups": [
              "atlassian_atlassian_qa_lan_allg",
              "atlassian_atlassian_qa_lan_dedicated"
            ],
            "stop_before_destroy": false,
            "tags": null,
            "timeouts": null,
            "user_data": null,
            "vendor_options": [],
            "volume": []
          },
          "sensitive_attributes": [],
          "private": "eyJlMmJmYjczMC1lY2FhLTExZTYtOGY4OC0zNDM2M2JjN2M0YzAiOnsiY3JlYXRlIjoxODAwMDAwMDAwMDAwLCJkZWxldGUiOjE4MDAwMDAwMDAwMDAsInVwZGF0ZSI6MTgwMDAwMDAwMDAwMH19",
          "dependencies": [
            "module.terraform-atlassian_env.module.fileshare.data.openstack_images_image_v2.compute_instance_image",
            "module.terraform-atlassian_env.module.fileshare.openstack_blockstorage_volume_v2.compute_instance_root_volume",
            "module.terraform-atlassian_env.module.fileshare.openstack_compute_keypair_v2.compute_instance_keypair",
            "module.terraform-atlassian_env.openstack_networking_network_v2.tf_network",
            "module.terraform-atlassian_env.openstack_networking_secgroup_v2.lan_allg",
            "module.terraform-atlassian_env.openstack_networking_secgroup_v2.lan_dedicated"
          ]
        }
      ]
    },
    {
      "module": "module.terraform-atlassian_env.module.fileshare[1]",
      "mode": "managed",
      "type": "openstack_compute_keypair_v2",
      "name": "compute_instance_keypair",
      "provider": "provider[\"registry.terraform.io/terraform-provider-openstack/openstack\"]",
      "instances": [
        {
          "schema_version": 0,
          "attributes": {
            "fingerprint": "b9:54:f3:97:98:d2:a4:e1:cb:32:3d:b2:cd:3b:4e:34",
            "id": "atlassian_atlassian_qa_fileshare02_keypair",
            "name": "atlassian_atlassian_qa_fileshare02_keypair",
            "private_key": "",
            "public_key": "ssh-rsa AAAAB3NzaC1yc2EAAAABJQAAAQEAhHkJzPi6LQqHZphAQ7RA5EPHo1BJUUput3TqfIE3jhoolGAuCsOYyPEUVHxomjaG1vqNusXujFfdGZWsyfn4XT1hlo5ETQsDwk4r6dW9dE4uBwAvhhPAwo2FuIfj2snt/TglKh4EPZ6o+ZojXKBloU/p5dxbF7NqJqI2mRdeCGZieEhTRYlfxqOlPHniKb/XqI1jGsoRDgPZJkDqJ/XJCc8UWEwO8kuxj1v3TWh9jiFNh0OYO2DPhN++s6FMDuNvoDVUk3y4yucfcJxBtvATjIAoMZIpWKxwdvH9h4ajSKsBgwYBPK19ZAiHV/Fqg0HFgOiLROiK/AgR3NfUIoxt8w==",
            "region": "RegionOne",
            "value_specs": null
          },
          "sensitive_attributes": [],
          "private": "bnVsbA=="
        }
      ]
    },
    {
      "module": "module.terraform-atlassian_env.module.jira[0]",
      "mode": "data",
      "type": "openstack_images_image_v2",
      "name": "compute_instance_image",
      "provider": "provider[\"registry.terraform.io/terraform-provider-openstack/openstack\"]",
      "instances": [
        {
          "schema_version": 0,
          "attributes": {
            "checksum": "44f18939335f46f44d208911a39f3703",
            "container_format": "bare",
            "created_at": "2022-11-02T13:37:52Z",
            "disk_format": "raw",
            "file": "/v2/images/115e2287-c501-4ded-9533-572d36024199/file",
            "id": "115e2287-c501-4ded-9533-572d36024199",
            "member_status": null,
            "metadata": {},
            "min_disk_gb": 3,
            "min_ram_mb": 0,
            "most_recent": true,
            "name": "Ubuntu 22.04",
            "owner": "d57abb0200304506879bd8037f7a49cb",
            "properties": null,
            "protected": false,
            "region": null,
            "schema": "/v2/schemas/image",
            "size_bytes": 2361393152,
            "size_max": null,
            "size_min": null,
            "sort_direction": "asc",
            "sort_key": "name",
            "tag": null,
            "tags": [
              "dev",
              "linux",
              "prod",
              "qa",
              "unmanaged"
            ],
            "updated_at": "2022-11-02T13:43:08Z",
            "visibility": "public"
          },
          "sensitive_attributes": []
        }
      ]
    },
    {
      "module": "module.terraform-atlassian_env.module.jira[0]",
      "mode": "managed",
      "type": "openstack_blockstorage_volume_v2",
      "name": "compute_instance_root_volume",
      "provider": "provider[\"registry.terraform.io/terraform-provider-openstack/openstack\"]",
      "instances": [
        {
          "index_key": 0,
          "schema_version": 0,
          "attributes": {
            "attachment": [],
            "availability_zone": "eu01-m",
            "consistency_group_id": null,
            "description": "",
            "id": "028060a7-7853-482c-a7ac-6b615d26cfd9",
            "image_id": "115e2287-c501-4ded-9533-572d36024199",
            "metadata": {},
            "name": "atlassian_atlassian_qa_jira01_root_volume",
            "region": "RegionOne",
            "scheduler_hints": [],
            "size": 64,
            "snapshot_id": "",
            "source_replica": null,
            "source_vol_id": "",
            "timeouts": null,
            "volume_type": "storage_premium_perf1"
          },
          "sensitive_attributes": [],
          "private": "eyJlMmJmYjczMC1lY2FhLTExZTYtOGY4OC0zNDM2M2JjN2M0YzAiOnsiY3JlYXRlIjo2MDAwMDAwMDAwMDAsImRlbGV0ZSI6NjAwMDAwMDAwMDAwfX0=",
          "dependencies": [
            "module.terraform-atlassian_env.module.jira.data.openstack_images_image_v2.compute_instance_image"
          ]
        }
      ]
    },
    {
      "module": "module.terraform-atlassian_env.module.jira[0]",
      "mode": "managed",
      "type": "openstack_compute_instance_v2",
      "name": "compute_instance",
      "provider": "provider[\"registry.terraform.io/terraform-provider-openstack/openstack\"]",
      "instances": [
        {
          "schema_version": 0,
          "attributes": {
            "access_ip_v4": "10.1.2.22",
            "access_ip_v6": "",
            "admin_pass": null,
            "all_metadata": {},
            "all_tags": [],
            "availability_zone": "eu01-m",
            "availability_zone_hints": null,
            "block_device": [
              {
                "boot_index": 0,
                "delete_on_termination": true,
                "destination_type": "volume",
                "device_type": "",
                "disk_bus": "",
                "guest_format": "",
                "source_type": "volume",
                "uuid": "028060a7-7853-482c-a7ac-6b615d26cfd9",
                "volume_size": 0,
                "volume_type": ""
              }
            ],
            "config_drive": null,
            "flavor_id": "8512c5f9-4426-47f1-a9dc-5c5a5a798b54",
            "flavor_name": "c1.3",
            "floating_ip": null,
            "force_delete": false,
            "id": "760ab060-5b78-488b-90be-1ff842a54765",
            "image_id": "Attempt to boot from volume - no image supplied",
            "image_name": "Ubuntu 22.04",
            "key_pair": "atlassian_atlassian_qa_jira01_keypair",
            "metadata": null,
            "name": "atlassian_atlassian_qa_jira01",
            "network": [
              {
                "access_network": false,
                "fixed_ip_v4": "10.1.2.22",
                "fixed_ip_v6": "",
                "floating_ip": "",
                "mac": "fa:16:3e:aa:df:42",
                "name": "tf_network",
                "port": "",
                "uuid": "dc03233f-f9f6-4580-b4b4-248c97079698"
              }
            ],
            "network_mode": null,
            "personality": [],
            "power_state": "active",
            "region": "RegionOne",
            "scheduler_hints": [],
            "security_groups": [
              "atlassian_atlassian_qa_jira_cluster",
              "atlassian_atlassian_qa_lan_allg",
              "atlassian_atlassian_qa_lan_dedicated"
            ],
            "stop_before_destroy": false,
            "tags": null,
            "timeouts": null,
            "user_data": null,
            "vendor_options": [],
            "volume": []
          },
          "sensitive_attributes": [],
          "private": "eyJlMmJmYjczMC1lY2FhLTExZTYtOGY4OC0zNDM2M2JjN2M0YzAiOnsiY3JlYXRlIjoxODAwMDAwMDAwMDAwLCJkZWxldGUiOjE4MDAwMDAwMDAwMDAsInVwZGF0ZSI6MTgwMDAwMDAwMDAwMH19",
          "dependencies": [
            "module.terraform-atlassian_env.module.jira.data.openstack_images_image_v2.compute_instance_image",
            "module.terraform-atlassian_env.module.jira.openstack_blockstorage_volume_v2.compute_instance_root_volume",
            "module.terraform-atlassian_env.module.jira.openstack_compute_keypair_v2.compute_instance_keypair",
            "module.terraform-atlassian_env.openstack_networking_network_v2.tf_network",
            "module.terraform-atlassian_env.openstack_networking_secgroup_v2.jira_cluster",
            "module.terraform-atlassian_env.openstack_networking_secgroup_v2.lan_allg",
            "module.terraform-atlassian_env.openstack_networking_secgroup_v2.lan_dedicated"
          ]
        }
      ]
    },
    {
      "module": "module.terraform-atlassian_env.module.jira[0]",
      "mode": "managed",
      "type": "openstack_compute_keypair_v2",
      "name": "compute_instance_keypair",
      "provider": "provider[\"registry.terraform.io/terraform-provider-openstack/openstack\"]",
      "instances": [
        {
          "schema_version": 0,
          "attributes": {
            "fingerprint": "b9:54:f3:97:98:d2:a4:e1:cb:32:3d:b2:cd:3b:4e:34",
            "id": "atlassian_atlassian_qa_jira01_keypair",
            "name": "atlassian_atlassian_qa_jira01_keypair",
            "private_key": "",
            "public_key": "ssh-rsa AAAAB3NzaC1yc2EAAAABJQAAAQEAhHkJzPi6LQqHZphAQ7RA5EPHo1BJUUput3TqfIE3jhoolGAuCsOYyPEUVHxomjaG1vqNusXujFfdGZWsyfn4XT1hlo5ETQsDwk4r6dW9dE4uBwAvhhPAwo2FuIfj2snt/TglKh4EPZ6o+ZojXKBloU/p5dxbF7NqJqI2mRdeCGZieEhTRYlfxqOlPHniKb/XqI1jGsoRDgPZJkDqJ/XJCc8UWEwO8kuxj1v3TWh9jiFNh0OYO2DPhN++s6FMDuNvoDVUk3y4yucfcJxBtvATjIAoMZIpWKxwdvH9h4ajSKsBgwYBPK19ZAiHV/Fqg0HFgOiLROiK/AgR3NfUIoxt8w==",
            "region": "RegionOne",
            "value_specs": null
          },
          "sensitive_attributes": [],
          "private": "bnVsbA=="
        }
      ]
    },
    {
      "module": "module.terraform-atlassian_env.module.jira[1]",
      "mode": "data",
      "type": "openstack_images_image_v2",
      "name": "compute_instance_image",
      "provider": "provider[\"registry.terraform.io/terraform-provider-openstack/openstack\"]",
      "instances": [
        {
          "schema_version": 0,
          "attributes": {
            "checksum": "44f18939335f46f44d208911a39f3703",
            "container_format": "bare",
            "created_at": "2022-11-02T13:37:52Z",
            "disk_format": "raw",
            "file": "/v2/images/115e2287-c501-4ded-9533-572d36024199/file",
            "id": "115e2287-c501-4ded-9533-572d36024199",
            "member_status": null,
            "metadata": {},
            "min_disk_gb": 3,
            "min_ram_mb": 0,
            "most_recent": true,
            "name": "Ubuntu 22.04",
            "owner": "d57abb0200304506879bd8037f7a49cb",
            "properties": null,
            "protected": false,
            "region": null,
            "schema": "/v2/schemas/image",
            "size_bytes": 2361393152,
            "size_max": null,
            "size_min": null,
            "sort_direction": "asc",
            "sort_key": "name",
            "tag": null,
            "tags": [
              "dev",
              "linux",
              "prod",
              "qa",
              "unmanaged"
            ],
            "updated_at": "2022-11-02T13:43:08Z",
            "visibility": "public"
          },
          "sensitive_attributes": []
        }
      ]
    },
    {
      "module": "module.terraform-atlassian_env.module.jira[1]",
      "mode": "managed",
      "type": "openstack_blockstorage_volume_v2",
      "name": "compute_instance_root_volume",
      "provider": "provider[\"registry.terraform.io/terraform-provider-openstack/openstack\"]",
      "instances": [
        {
          "index_key": 0,
          "schema_version": 0,
          "attributes": {
            "attachment": [],
            "availability_zone": "eu01-m",
            "consistency_group_id": null,
            "description": "",
            "id": "ad046b16-d94b-423f-9411-f03bd1b0722a",
            "image_id": "115e2287-c501-4ded-9533-572d36024199",
            "metadata": {},
            "name": "atlassian_atlassian_qa_jira02_root_volume",
            "region": "RegionOne",
            "scheduler_hints": [],
            "size": 64,
            "snapshot_id": "",
            "source_replica": null,
            "source_vol_id": "",
            "timeouts": null,
            "volume_type": "storage_premium_perf1"
          },
          "sensitive_attributes": [],
          "private": "eyJlMmJmYjczMC1lY2FhLTExZTYtOGY4OC0zNDM2M2JjN2M0YzAiOnsiY3JlYXRlIjo2MDAwMDAwMDAwMDAsImRlbGV0ZSI6NjAwMDAwMDAwMDAwfX0=",
          "dependencies": [
            "module.terraform-atlassian_env.module.jira.data.openstack_images_image_v2.compute_instance_image"
          ]
        }
      ]
    },
    {
      "module": "module.terraform-atlassian_env.module.jira[1]",
      "mode": "managed",
      "type": "openstack_compute_instance_v2",
      "name": "compute_instance",
      "provider": "provider[\"registry.terraform.io/terraform-provider-openstack/openstack\"]",
      "instances": [
        {
          "schema_version": 0,
          "attributes": {
            "access_ip_v4": "10.1.0.195",
            "access_ip_v6": "",
            "admin_pass": null,
            "all_metadata": {},
            "all_tags": [],
            "availability_zone": "eu01-m",
            "availability_zone_hints": null,
            "block_device": [
              {
                "boot_index": 0,
                "delete_on_termination": true,
                "destination_type": "volume",
                "device_type": "",
                "disk_bus": "",
                "guest_format": "",
                "source_type": "volume",
                "uuid": "ad046b16-d94b-423f-9411-f03bd1b0722a",
                "volume_size": 0,
                "volume_type": ""
              }
            ],
            "config_drive": null,
            "flavor_id": "8512c5f9-4426-47f1-a9dc-5c5a5a798b54",
            "flavor_name": "c1.3",
            "floating_ip": null,
            "force_delete": false,
            "id": "294c850e-7df2-417f-b253-ac71b7e89f9d",
            "image_id": "Attempt to boot from volume - no image supplied",
            "image_name": "Ubuntu 22.04",
            "key_pair": "atlassian_atlassian_qa_jira02_keypair",
            "metadata": null,
            "name": "atlassian_atlassian_qa_jira02",
            "network": [
              {
                "access_network": false,
                "fixed_ip_v4": "10.1.0.195",
                "fixed_ip_v6": "",
                "floating_ip": "",
                "mac": "fa:16:3e:1e:0e:7c",
                "name": "tf_network",
                "port": "",
                "uuid": "dc03233f-f9f6-4580-b4b4-248c97079698"
              }
            ],
            "network_mode": null,
            "personality": [],
            "power_state": "active",
            "region": "RegionOne",
            "scheduler_hints": [],
            "security_groups": [
              "atlassian_atlassian_qa_jira_cluster",
              "atlassian_atlassian_qa_lan_allg",
              "atlassian_atlassian_qa_lan_dedicated"
            ],
            "stop_before_destroy": false,
            "tags": null,
            "timeouts": null,
            "user_data": null,
            "vendor_options": [],
            "volume": []
          },
          "sensitive_attributes": [],
          "private": "eyJlMmJmYjczMC1lY2FhLTExZTYtOGY4OC0zNDM2M2JjN2M0YzAiOnsiY3JlYXRlIjoxODAwMDAwMDAwMDAwLCJkZWxldGUiOjE4MDAwMDAwMDAwMDAsInVwZGF0ZSI6MTgwMDAwMDAwMDAwMH19",
          "dependencies": [
            "module.terraform-atlassian_env.module.jira.data.openstack_images_image_v2.compute_instance_image",
            "module.terraform-atlassian_env.module.jira.openstack_blockstorage_volume_v2.compute_instance_root_volume",
            "module.terraform-atlassian_env.module.jira.openstack_compute_keypair_v2.compute_instance_keypair",
            "module.terraform-atlassian_env.openstack_networking_network_v2.tf_network",
            "module.terraform-atlassian_env.openstack_networking_secgroup_v2.jira_cluster",
            "module.terraform-atlassian_env.openstack_networking_secgroup_v2.lan_allg",
            "module.terraform-atlassian_env.openstack_networking_secgroup_v2.lan_dedicated"
          ]
        }
      ]
    },
    {
      "module": "module.terraform-atlassian_env.module.jira[1]",
      "mode": "managed",
      "type": "openstack_compute_keypair_v2",
      "name": "compute_instance_keypair",
      "provider": "provider[\"registry.terraform.io/terraform-provider-openstack/openstack\"]",
      "instances": [
        {
          "schema_version": 0,
          "attributes": {
            "fingerprint": "b9:54:f3:97:98:d2:a4:e1:cb:32:3d:b2:cd:3b:4e:34",
            "id": "atlassian_atlassian_qa_jira02_keypair",
            "name": "atlassian_atlassian_qa_jira02_keypair",
            "private_key": "",
            "public_key": "ssh-rsa AAAAB3NzaC1yc2EAAAABJQAAAQEAhHkJzPi6LQqHZphAQ7RA5EPHo1BJUUput3TqfIE3jhoolGAuCsOYyPEUVHxomjaG1vqNusXujFfdGZWsyfn4XT1hlo5ETQsDwk4r6dW9dE4uBwAvhhPAwo2FuIfj2snt/TglKh4EPZ6o+ZojXKBloU/p5dxbF7NqJqI2mRdeCGZieEhTRYlfxqOlPHniKb/XqI1jGsoRDgPZJkDqJ/XJCc8UWEwO8kuxj1v3TWh9jiFNh0OYO2DPhN++s6FMDuNvoDVUk3y4yucfcJxBtvATjIAoMZIpWKxwdvH9h4ajSKsBgwYBPK19ZAiHV/Fqg0HFgOiLROiK/AgR3NfUIoxt8w==",
            "region": "RegionOne",
            "value_specs": null
          },
          "sensitive_attributes": [],
          "private": "bnVsbA=="
        }
      ]
    },
    {
      "module": "module.terraform-atlassian_env.module.jira[2]",
      "mode": "data",
      "type": "openstack_images_image_v2",
      "name": "compute_instance_image",
      "provider": "provider[\"registry.terraform.io/terraform-provider-openstack/openstack\"]",
      "instances": [
        {
          "schema_version": 0,
          "attributes": {
            "checksum": "44f18939335f46f44d208911a39f3703",
            "container_format": "bare",
            "created_at": "2022-11-02T13:37:52Z",
            "disk_format": "raw",
            "file": "/v2/images/115e2287-c501-4ded-9533-572d36024199/file",
            "id": "115e2287-c501-4ded-9533-572d36024199",
            "member_status": null,
            "metadata": {},
            "min_disk_gb": 3,
            "min_ram_mb": 0,
            "most_recent": true,
            "name": "Ubuntu 22.04",
            "owner": "d57abb0200304506879bd8037f7a49cb",
            "properties": null,
            "protected": false,
            "region": null,
            "schema": "/v2/schemas/image",
            "size_bytes": 2361393152,
            "size_max": null,
            "size_min": null,
            "sort_direction": "asc",
            "sort_key": "name",
            "tag": null,
            "tags": [
              "dev",
              "linux",
              "prod",
              "qa",
              "unmanaged"
            ],
            "updated_at": "2022-11-02T13:43:08Z",
            "visibility": "public"
          },
          "sensitive_attributes": []
        }
      ]
    },
    {
      "module": "module.terraform-atlassian_env.module.jira[2]",
      "mode": "managed",
      "type": "openstack_blockstorage_volume_v2",
      "name": "compute_instance_root_volume",
      "provider": "provider[\"registry.terraform.io/terraform-provider-openstack/openstack\"]",
      "instances": [
        {
          "index_key": 0,
          "schema_version": 0,
          "attributes": {
            "attachment": [],
            "availability_zone": "eu01-m",
            "consistency_group_id": null,
            "description": "",
            "id": "c507df60-710b-4e1f-9972-ca32c62642ff",
            "image_id": "115e2287-c501-4ded-9533-572d36024199",
            "metadata": {},
            "name": "atlassian_atlassian_qa_jira03_root_volume",
            "region": "RegionOne",
            "scheduler_hints": [],
            "size": 64,
            "snapshot_id": "",
            "source_replica": null,
            "source_vol_id": "",
            "timeouts": null,
            "volume_type": "storage_premium_perf1"
          },
          "sensitive_attributes": [],
          "private": "eyJlMmJmYjczMC1lY2FhLTExZTYtOGY4OC0zNDM2M2JjN2M0YzAiOnsiY3JlYXRlIjo2MDAwMDAwMDAwMDAsImRlbGV0ZSI6NjAwMDAwMDAwMDAwfX0=",
          "dependencies": [
            "module.terraform-atlassian_env.module.jira.data.openstack_images_image_v2.compute_instance_image"
          ]
        }
      ]
    },
    {
      "module": "module.terraform-atlassian_env.module.jira[2]",
      "mode": "managed",
      "type": "openstack_compute_instance_v2",
      "name": "compute_instance",
      "provider": "provider[\"registry.terraform.io/terraform-provider-openstack/openstack\"]",
      "instances": [
        {
          "schema_version": 0,
          "attributes": {
            "access_ip_v4": "10.1.2.219",
            "access_ip_v6": "",
            "admin_pass": null,
            "all_metadata": {},
            "all_tags": [],
            "availability_zone": "eu01-m",
            "availability_zone_hints": null,
            "block_device": [
              {
                "boot_index": 0,
                "delete_on_termination": true,
                "destination_type": "volume",
                "device_type": "",
                "disk_bus": "",
                "guest_format": "",
                "source_type": "volume",
                "uuid": "c507df60-710b-4e1f-9972-ca32c62642ff",
                "volume_size": 0,
                "volume_type": ""
              }
            ],
            "config_drive": null,
            "flavor_id": "8512c5f9-4426-47f1-a9dc-5c5a5a798b54",
            "flavor_name": "c1.3",
            "floating_ip": null,
            "force_delete": false,
            "id": "b8e16c87-eaa4-4da0-8fdb-75a18b7193c4",
            "image_id": "Attempt to boot from volume - no image supplied",
            "image_name": "Ubuntu 22.04",
            "key_pair": "atlassian_atlassian_qa_jira03_keypair",
            "metadata": null,
            "name": "atlassian_atlassian_qa_jira03",
            "network": [
              {
                "access_network": false,
                "fixed_ip_v4": "10.1.2.219",
                "fixed_ip_v6": "",
                "floating_ip": "",
                "mac": "fa:16:3e:f7:be:da",
                "name": "tf_network",
                "port": "",
                "uuid": "dc03233f-f9f6-4580-b4b4-248c97079698"
              }
            ],
            "network_mode": null,
            "personality": [],
            "power_state": "active",
            "region": "RegionOne",
            "scheduler_hints": [],
            "security_groups": [
              "atlassian_atlassian_qa_jira_cluster",
              "atlassian_atlassian_qa_lan_allg",
              "atlassian_atlassian_qa_lan_dedicated"
            ],
            "stop_before_destroy": false,
            "tags": null,
            "timeouts": null,
            "user_data": null,
            "vendor_options": [],
            "volume": []
          },
          "sensitive_attributes": [],
          "private": "eyJlMmJmYjczMC1lY2FhLTExZTYtOGY4OC0zNDM2M2JjN2M0YzAiOnsiY3JlYXRlIjoxODAwMDAwMDAwMDAwLCJkZWxldGUiOjE4MDAwMDAwMDAwMDAsInVwZGF0ZSI6MTgwMDAwMDAwMDAwMH19",
          "dependencies": [
            "module.terraform-atlassian_env.module.jira.data.openstack_images_image_v2.compute_instance_image",
            "module.terraform-atlassian_env.module.jira.openstack_blockstorage_volume_v2.compute_instance_root_volume",
            "module.terraform-atlassian_env.module.jira.openstack_compute_keypair_v2.compute_instance_keypair",
            "module.terraform-atlassian_env.openstack_networking_network_v2.tf_network",
            "module.terraform-atlassian_env.openstack_networking_secgroup_v2.jira_cluster",
            "module.terraform-atlassian_env.openstack_networking_secgroup_v2.lan_allg",
            "module.terraform-atlassian_env.openstack_networking_secgroup_v2.lan_dedicated"
          ]
        }
      ]
    },
    {
      "module": "module.terraform-atlassian_env.module.jira[2]",
      "mode": "managed",
      "type": "openstack_compute_keypair_v2",
      "name": "compute_instance_keypair",
      "provider": "provider[\"registry.terraform.io/terraform-provider-openstack/openstack\"]",
      "instances": [
        {
          "schema_version": 0,
          "attributes": {
            "fingerprint": "b9:54:f3:97:98:d2:a4:e1:cb:32:3d:b2:cd:3b:4e:34",
            "id": "atlassian_atlassian_qa_jira03_keypair",
            "name": "atlassian_atlassian_qa_jira03_keypair",
            "private_key": "",
            "public_key": "ssh-rsa AAAAB3NzaC1yc2EAAAABJQAAAQEAhHkJzPi6LQqHZphAQ7RA5EPHo1BJUUput3TqfIE3jhoolGAuCsOYyPEUVHxomjaG1vqNusXujFfdGZWsyfn4XT1hlo5ETQsDwk4r6dW9dE4uBwAvhhPAwo2FuIfj2snt/TglKh4EPZ6o+ZojXKBloU/p5dxbF7NqJqI2mRdeCGZieEhTRYlfxqOlPHniKb/XqI1jGsoRDgPZJkDqJ/XJCc8UWEwO8kuxj1v3TWh9jiFNh0OYO2DPhN++s6FMDuNvoDVUk3y4yucfcJxBtvATjIAoMZIpWKxwdvH9h4ajSKsBgwYBPK19ZAiHV/Fqg0HFgOiLROiK/AgR3NfUIoxt8w==",
            "region": "RegionOne",
            "value_specs": null
          },
          "sensitive_attributes": [],
          "private": "bnVsbA=="
        }
      ]
    },
    {
      "module": "module.terraform-atlassian_env.module.jumphost01",
      "mode": "data",
      "type": "openstack_images_image_v2",
      "name": "compute_instance_image",
      "provider": "provider[\"registry.terraform.io/terraform-provider-openstack/openstack\"]",
      "instances": [
        {
          "schema_version": 0,
          "attributes": {
            "checksum": "44f18939335f46f44d208911a39f3703",
            "container_format": "bare",
            "created_at": "2022-11-02T13:37:52Z",
            "disk_format": "raw",
            "file": "/v2/images/115e2287-c501-4ded-9533-572d36024199/file",
            "id": "115e2287-c501-4ded-9533-572d36024199",
            "member_status": null,
            "metadata": {},
            "min_disk_gb": 3,
            "min_ram_mb": 0,
            "most_recent": true,
            "name": "Ubuntu 22.04",
            "owner": "d57abb0200304506879bd8037f7a49cb",
            "properties": null,
            "protected": false,
            "region": null,
            "schema": "/v2/schemas/image",
            "size_bytes": 2361393152,
            "size_max": null,
            "size_min": null,
            "sort_direction": "asc",
            "sort_key": "name",
            "tag": null,
            "tags": [
              "dev",
              "linux",
              "prod",
              "qa",
              "unmanaged"
            ],
            "updated_at": "2022-11-02T13:43:08Z",
            "visibility": "public"
          },
          "sensitive_attributes": []
        }
      ]
    },
    {
      "module": "module.terraform-atlassian_env.module.jumphost01",
      "mode": "managed",
      "type": "openstack_blockstorage_volume_v2",
      "name": "compute_instance_root_volume",
      "provider": "provider[\"registry.terraform.io/terraform-provider-openstack/openstack\"]",
      "instances": [
        {
          "index_key": 0,
          "schema_version": 0,
          "attributes": {
            "attachment": [],
            "availability_zone": "eu01-m",
            "consistency_group_id": null,
            "description": "",
            "id": "2c731d18-0c94-43dd-8ad1-123deaa53369",
            "image_id": "115e2287-c501-4ded-9533-572d36024199",
            "metadata": {},
            "name": "atlassian_atlassian_qa_jumphost01_root_volume",
            "region": "RegionOne",
            "scheduler_hints": [],
            "size": 64,
            "snapshot_id": "",
            "source_replica": null,
            "source_vol_id": "",
            "timeouts": null,
            "volume_type": "storage_premium_perf1"
          },
          "sensitive_attributes": [],
          "private": "eyJlMmJmYjczMC1lY2FhLTExZTYtOGY4OC0zNDM2M2JjN2M0YzAiOnsiY3JlYXRlIjo2MDAwMDAwMDAwMDAsImRlbGV0ZSI6NjAwMDAwMDAwMDAwfX0=",
          "dependencies": [
            "module.terraform-atlassian_env.module.jumphost01.data.openstack_images_image_v2.compute_instance_image"
          ]
        }
      ]
    },
    {
      "module": "module.terraform-atlassian_env.module.jumphost01",
      "mode": "managed",
      "type": "openstack_compute_instance_v2",
      "name": "compute_instance",
      "provider": "provider[\"registry.terraform.io/terraform-provider-openstack/openstack\"]",
      "instances": [
        {
          "schema_version": 0,
          "attributes": {
            "access_ip_v4": "10.1.0.212",
            "access_ip_v6": "",
            "admin_pass": null,
            "all_metadata": {},
            "all_tags": [],
            "availability_zone": "eu01-m",
            "availability_zone_hints": null,
            "block_device": [
              {
                "boot_index": 0,
                "delete_on_termination": true,
                "destination_type": "volume",
                "device_type": "",
                "disk_bus": "",
                "guest_format": "",
                "source_type": "volume",
                "uuid": "2c731d18-0c94-43dd-8ad1-123deaa53369",
                "volume_size": 0,
                "volume_type": ""
              }
            ],
            "config_drive": null,
            "flavor_id": "3b11b27e-6c73-470d-b595-1d85b95a8cdf",
            "flavor_name": "g1.2",
            "floating_ip": null,
            "force_delete": false,
            "id": "9b08ad15-6fbf-4d97-b4e2-a2e9ccf7b07a",
            "image_id": "Attempt to boot from volume - no image supplied",
            "image_name": "Ubuntu 22.04",
            "key_pair": "atlassian_atlassian_qa_jumphost01_keypair",
            "metadata": null,
            "name": "atlassian_atlassian_qa_jumphost01",
            "network": [
              {
                "access_network": false,
                "fixed_ip_v4": "10.1.0.212",
                "fixed_ip_v6": "",
                "floating_ip": "",
                "mac": "fa:16:3e:c4:70:bd",
                "name": "tf_network",
                "port": "",
                "uuid": "dc03233f-f9f6-4580-b4b4-248c97079698"
              }
            ],
            "network_mode": null,
            "personality": [],
            "power_state": "active",
            "region": "RegionOne",
            "scheduler_hints": [],
            "security_groups": [
              "atlassian_atlassian_qa_jumphost"
            ],
            "stop_before_destroy": false,
            "tags": null,
            "timeouts": null,
            "user_data": null,
            "vendor_options": [],
            "volume": []
          },
          "sensitive_attributes": [],
          "private": "eyJlMmJmYjczMC1lY2FhLTExZTYtOGY4OC0zNDM2M2JjN2M0YzAiOnsiY3JlYXRlIjoxODAwMDAwMDAwMDAwLCJkZWxldGUiOjE4MDAwMDAwMDAwMDAsInVwZGF0ZSI6MTgwMDAwMDAwMDAwMH19",
          "dependencies": [
            "module.terraform-atlassian_env.module.jumphost01.data.openstack_images_image_v2.compute_instance_image",
            "module.terraform-atlassian_env.module.jumphost01.openstack_blockstorage_volume_v2.compute_instance_root_volume",
            "module.terraform-atlassian_env.module.jumphost01.openstack_compute_keypair_v2.compute_instance_keypair",
            "module.terraform-atlassian_env.openstack_networking_network_v2.tf_network",
            "module.terraform-atlassian_env.openstack_networking_secgroup_v2.jumphost"
          ]
        }
      ]
    },
    {
      "module": "module.terraform-atlassian_env.module.jumphost01",
      "mode": "managed",
      "type": "openstack_compute_keypair_v2",
      "name": "compute_instance_keypair",
      "provider": "provider[\"registry.terraform.io/terraform-provider-openstack/openstack\"]",
      "instances": [
        {
          "schema_version": 0,
          "attributes": {
            "fingerprint": "b9:54:f3:97:98:d2:a4:e1:cb:32:3d:b2:cd:3b:4e:34",
            "id": "atlassian_atlassian_qa_jumphost01_keypair",
            "name": "atlassian_atlassian_qa_jumphost01_keypair",
            "private_key": "",
            "public_key": "ssh-rsa AAAAB3NzaC1yc2EAAAABJQAAAQEAhHkJzPi6LQqHZphAQ7RA5EPHo1BJUUput3TqfIE3jhoolGAuCsOYyPEUVHxomjaG1vqNusXujFfdGZWsyfn4XT1hlo5ETQsDwk4r6dW9dE4uBwAvhhPAwo2FuIfj2snt/TglKh4EPZ6o+ZojXKBloU/p5dxbF7NqJqI2mRdeCGZieEhTRYlfxqOlPHniKb/XqI1jGsoRDgPZJkDqJ/XJCc8UWEwO8kuxj1v3TWh9jiFNh0OYO2DPhN++s6FMDuNvoDVUk3y4yucfcJxBtvATjIAoMZIpWKxwdvH9h4ajSKsBgwYBPK19ZAiHV/Fqg0HFgOiLROiK/AgR3NfUIoxt8w==",
            "region": "RegionOne",
            "value_specs": null
          },
          "sensitive_attributes": [],
          "private": "bnVsbA=="
        }
      ]
    },
    {
      "module": "module.terraform-atlassian_env.module.loadbalancer[0]",
      "mode": "data",
      "type": "openstack_images_image_v2",
      "name": "compute_instance_image",
      "provider": "provider[\"registry.terraform.io/terraform-provider-openstack/openstack\"]",
      "instances": [
        {
          "schema_version": 0,
          "attributes": {
            "checksum": "44f18939335f46f44d208911a39f3703",
            "container_format": "bare",
            "created_at": "2022-11-02T13:37:52Z",
            "disk_format": "raw",
            "file": "/v2/images/115e2287-c501-4ded-9533-572d36024199/file",
            "id": "115e2287-c501-4ded-9533-572d36024199",
            "member_status": null,
            "metadata": {},
            "min_disk_gb": 3,
            "min_ram_mb": 0,
            "most_recent": true,
            "name": "Ubuntu 22.04",
            "owner": "d57abb0200304506879bd8037f7a49cb",
            "properties": null,
            "protected": false,
            "region": null,
            "schema": "/v2/schemas/image",
            "size_bytes": 2361393152,
            "size_max": null,
            "size_min": null,
            "sort_direction": "asc",
            "sort_key": "name",
            "tag": null,
            "tags": [
              "dev",
              "linux",
              "prod",
              "qa",
              "unmanaged"
            ],
            "updated_at": "2022-11-02T13:43:08Z",
            "visibility": "public"
          },
          "sensitive_attributes": []
        }
      ]
    },
    {
      "module": "module.terraform-atlassian_env.module.loadbalancer[0]",
      "mode": "managed",
      "type": "openstack_blockstorage_volume_v2",
      "name": "compute_instance_root_volume",
      "provider": "provider[\"registry.terraform.io/terraform-provider-openstack/openstack\"]",
      "instances": [
        {
          "index_key": 0,
          "schema_version": 0,
          "attributes": {
            "attachment": [],
            "availability_zone": "eu01-m",
            "consistency_group_id": null,
            "description": "",
            "id": "94d38d38-1785-4281-812b-7fc203882b2e",
            "image_id": "115e2287-c501-4ded-9533-572d36024199",
            "metadata": {},
            "name": "atlassian_atlassian_qa_lb01_root_volume",
            "region": "RegionOne",
            "scheduler_hints": [],
            "size": 64,
            "snapshot_id": "",
            "source_replica": null,
            "source_vol_id": "",
            "timeouts": null,
            "volume_type": "storage_premium_perf1"
          },
          "sensitive_attributes": [],
          "private": "eyJlMmJmYjczMC1lY2FhLTExZTYtOGY4OC0zNDM2M2JjN2M0YzAiOnsiY3JlYXRlIjo2MDAwMDAwMDAwMDAsImRlbGV0ZSI6NjAwMDAwMDAwMDAwfX0=",
          "dependencies": [
            "module.terraform-atlassian_env.module.loadbalancer.data.openstack_images_image_v2.compute_instance_image"
          ]
        }
      ]
    },
    {
      "module": "module.terraform-atlassian_env.module.loadbalancer[0]",
      "mode": "managed",
      "type": "openstack_compute_instance_v2",
      "name": "compute_instance",
      "provider": "provider[\"registry.terraform.io/terraform-provider-openstack/openstack\"]",
      "instances": [
        {
          "schema_version": 0,
          "attributes": {
            "access_ip_v4": "10.1.2.118",
            "access_ip_v6": "",
            "admin_pass": null,
            "all_metadata": {},
            "all_tags": [],
            "availability_zone": "eu01-m",
            "availability_zone_hints": null,
            "block_device": [
              {
                "boot_index": 0,
                "delete_on_termination": true,
                "destination_type": "volume",
                "device_type": "",
                "disk_bus": "",
                "guest_format": "",
                "source_type": "volume",
                "uuid": "94d38d38-1785-4281-812b-7fc203882b2e",
                "volume_size": 0,
                "volume_type": ""
              }
            ],
            "config_drive": null,
            "flavor_id": "8512c5f9-4426-47f1-a9dc-5c5a5a798b54",
            "flavor_name": "c1.3",
            "floating_ip": null,
            "force_delete": false,
            "id": "2f142009-0f5a-4582-8c9f-5a18a49d85ad",
            "image_id": "Attempt to boot from volume - no image supplied",
            "image_name": "Ubuntu 22.04",
            "key_pair": "atlassian_atlassian_qa_lb01_keypair",
            "metadata": null,
            "name": "atlassian_atlassian_qa_lb01",
            "network": [
              {
                "access_network": false,
                "fixed_ip_v4": "10.1.2.118",
                "fixed_ip_v6": "",
                "floating_ip": "",
                "mac": "fa:16:3e:77:d2:6a",
                "name": "tf_network",
                "port": "",
                "uuid": "dc03233f-f9f6-4580-b4b4-248c97079698"
              }
            ],
            "network_mode": null,
            "personality": [],
            "power_state": "active",
            "region": "RegionOne",
            "scheduler_hints": [],
            "security_groups": [
              "atlassian_atlassian_qa_lan_allg",
              "atlassian_atlassian_qa_loadbalancer"
            ],
            "stop_before_destroy": false,
            "tags": null,
            "timeouts": null,
            "user_data": null,
            "vendor_options": [],
            "volume": []
          },
          "sensitive_attributes": [],
          "private": "eyJlMmJmYjczMC1lY2FhLTExZTYtOGY4OC0zNDM2M2JjN2M0YzAiOnsiY3JlYXRlIjoxODAwMDAwMDAwMDAwLCJkZWxldGUiOjE4MDAwMDAwMDAwMDAsInVwZGF0ZSI6MTgwMDAwMDAwMDAwMH19",
          "dependencies": [
            "module.terraform-atlassian_env.module.loadbalancer.data.openstack_images_image_v2.compute_instance_image",
            "module.terraform-atlassian_env.module.loadbalancer.openstack_blockstorage_volume_v2.compute_instance_root_volume",
            "module.terraform-atlassian_env.module.loadbalancer.openstack_compute_keypair_v2.compute_instance_keypair",
            "module.terraform-atlassian_env.openstack_networking_network_v2.tf_network",
            "module.terraform-atlassian_env.openstack_networking_secgroup_v2.lan_allg",
            "module.terraform-atlassian_env.openstack_networking_secgroup_v2.loadbalancer"
          ]
        }
      ]
    },
    {
      "module": "module.terraform-atlassian_env.module.loadbalancer[0]",
      "mode": "managed",
      "type": "openstack_compute_keypair_v2",
      "name": "compute_instance_keypair",
      "provider": "provider[\"registry.terraform.io/terraform-provider-openstack/openstack\"]",
      "instances": [
        {
          "schema_version": 0,
          "attributes": {
            "fingerprint": "b9:54:f3:97:98:d2:a4:e1:cb:32:3d:b2:cd:3b:4e:34",
            "id": "atlassian_atlassian_qa_lb01_keypair",
            "name": "atlassian_atlassian_qa_lb01_keypair",
            "private_key": "",
            "public_key": "ssh-rsa AAAAB3NzaC1yc2EAAAABJQAAAQEAhHkJzPi6LQqHZphAQ7RA5EPHo1BJUUput3TqfIE3jhoolGAuCsOYyPEUVHxomjaG1vqNusXujFfdGZWsyfn4XT1hlo5ETQsDwk4r6dW9dE4uBwAvhhPAwo2FuIfj2snt/TglKh4EPZ6o+ZojXKBloU/p5dxbF7NqJqI2mRdeCGZieEhTRYlfxqOlPHniKb/XqI1jGsoRDgPZJkDqJ/XJCc8UWEwO8kuxj1v3TWh9jiFNh0OYO2DPhN++s6FMDuNvoDVUk3y4yucfcJxBtvATjIAoMZIpWKxwdvH9h4ajSKsBgwYBPK19ZAiHV/Fqg0HFgOiLROiK/AgR3NfUIoxt8w==",
            "region": "RegionOne",
            "value_specs": null
          },
          "sensitive_attributes": [],
          "private": "bnVsbA=="
        }
      ]
    },
    {
      "module": "module.terraform-atlassian_env.module.loadbalancer[1]",
      "mode": "data",
      "type": "openstack_images_image_v2",
      "name": "compute_instance_image",
      "provider": "provider[\"registry.terraform.io/terraform-provider-openstack/openstack\"]",
      "instances": [
        {
          "schema_version": 0,
          "attributes": {
            "checksum": "44f18939335f46f44d208911a39f3703",
            "container_format": "bare",
            "created_at": "2022-11-02T13:37:52Z",
            "disk_format": "raw",
            "file": "/v2/images/115e2287-c501-4ded-9533-572d36024199/file",
            "id": "115e2287-c501-4ded-9533-572d36024199",
            "member_status": null,
            "metadata": {},
            "min_disk_gb": 3,
            "min_ram_mb": 0,
            "most_recent": true,
            "name": "Ubuntu 22.04",
            "owner": "d57abb0200304506879bd8037f7a49cb",
            "properties": null,
            "protected": false,
            "region": null,
            "schema": "/v2/schemas/image",
            "size_bytes": 2361393152,
            "size_max": null,
            "size_min": null,
            "sort_direction": "asc",
            "sort_key": "name",
            "tag": null,
            "tags": [
              "dev",
              "linux",
              "prod",
              "qa",
              "unmanaged"
            ],
            "updated_at": "2022-11-02T13:43:08Z",
            "visibility": "public"
          },
          "sensitive_attributes": []
        }
      ]
    },
    {
      "module": "module.terraform-atlassian_env.module.loadbalancer[1]",
      "mode": "managed",
      "type": "openstack_blockstorage_volume_v2",
      "name": "compute_instance_root_volume",
      "provider": "provider[\"registry.terraform.io/terraform-provider-openstack/openstack\"]",
      "instances": [
        {
          "index_key": 0,
          "schema_version": 0,
          "attributes": {
            "attachment": [],
            "availability_zone": "eu01-m",
            "consistency_group_id": null,
            "description": "",
            "id": "ab12351e-a587-452e-8b17-e659606aaded",
            "image_id": "115e2287-c501-4ded-9533-572d36024199",
            "metadata": {},
            "name": "atlassian_atlassian_qa_lb02_root_volume",
            "region": "RegionOne",
            "scheduler_hints": [],
            "size": 64,
            "snapshot_id": "",
            "source_replica": null,
            "source_vol_id": "",
            "timeouts": null,
            "volume_type": "storage_premium_perf1"
          },
          "sensitive_attributes": [],
          "private": "eyJlMmJmYjczMC1lY2FhLTExZTYtOGY4OC0zNDM2M2JjN2M0YzAiOnsiY3JlYXRlIjo2MDAwMDAwMDAwMDAsImRlbGV0ZSI6NjAwMDAwMDAwMDAwfX0=",
          "dependencies": [
            "module.terraform-atlassian_env.module.loadbalancer.data.openstack_images_image_v2.compute_instance_image"
          ]
        }
      ]
    },
    {
      "module": "module.terraform-atlassian_env.module.loadbalancer[1]",
      "mode": "managed",
      "type": "openstack_compute_instance_v2",
      "name": "compute_instance",
      "provider": "provider[\"registry.terraform.io/terraform-provider-openstack/openstack\"]",
      "instances": [
        {
          "schema_version": 0,
          "attributes": {
            "access_ip_v4": "10.1.2.213",
            "access_ip_v6": "",
            "admin_pass": null,
            "all_metadata": {},
            "all_tags": [],
            "availability_zone": "eu01-m",
            "availability_zone_hints": null,
            "block_device": [
              {
                "boot_index": 0,
                "delete_on_termination": true,
                "destination_type": "volume",
                "device_type": "",
                "disk_bus": "",
                "guest_format": "",
                "source_type": "volume",
                "uuid": "ab12351e-a587-452e-8b17-e659606aaded",
                "volume_size": 0,
                "volume_type": ""
              }
            ],
            "config_drive": null,
            "flavor_id": "8512c5f9-4426-47f1-a9dc-5c5a5a798b54",
            "flavor_name": "c1.3",
            "floating_ip": null,
            "force_delete": false,
            "id": "b6086dee-bf49-4cf8-a4dc-c114e6f563d2",
            "image_id": "Attempt to boot from volume - no image supplied",
            "image_name": "Ubuntu 22.04",
            "key_pair": "atlassian_atlassian_qa_lb02_keypair",
            "metadata": null,
            "name": "atlassian_atlassian_qa_lb02",
            "network": [
              {
                "access_network": false,
                "fixed_ip_v4": "10.1.2.213",
                "fixed_ip_v6": "",
                "floating_ip": "",
                "mac": "fa:16:3e:bf:16:69",
                "name": "tf_network",
                "port": "",
                "uuid": "dc03233f-f9f6-4580-b4b4-248c97079698"
              }
            ],
            "network_mode": null,
            "personality": [],
            "power_state": "active",
            "region": "RegionOne",
            "scheduler_hints": [],
            "security_groups": [
              "atlassian_atlassian_qa_lan_allg",
              "atlassian_atlassian_qa_loadbalancer"
            ],
            "stop_before_destroy": false,
            "tags": null,
            "timeouts": null,
            "user_data": null,
            "vendor_options": [],
            "volume": []
          },
          "sensitive_attributes": [],
          "private": "eyJlMmJmYjczMC1lY2FhLTExZTYtOGY4OC0zNDM2M2JjN2M0YzAiOnsiY3JlYXRlIjoxODAwMDAwMDAwMDAwLCJkZWxldGUiOjE4MDAwMDAwMDAwMDAsInVwZGF0ZSI6MTgwMDAwMDAwMDAwMH19",
          "dependencies": [
            "module.terraform-atlassian_env.module.loadbalancer.data.openstack_images_image_v2.compute_instance_image",
            "module.terraform-atlassian_env.module.loadbalancer.openstack_blockstorage_volume_v2.compute_instance_root_volume",
            "module.terraform-atlassian_env.module.loadbalancer.openstack_compute_keypair_v2.compute_instance_keypair",
            "module.terraform-atlassian_env.openstack_networking_network_v2.tf_network",
            "module.terraform-atlassian_env.openstack_networking_secgroup_v2.lan_allg",
            "module.terraform-atlassian_env.openstack_networking_secgroup_v2.loadbalancer"
          ]
        }
      ]
    },
    {
      "module": "module.terraform-atlassian_env.module.loadbalancer[1]",
      "mode": "managed",
      "type": "openstack_compute_keypair_v2",
      "name": "compute_instance_keypair",
      "provider": "provider[\"registry.terraform.io/terraform-provider-openstack/openstack\"]",
      "instances": [
        {
          "schema_version": 0,
          "attributes": {
            "fingerprint": "b9:54:f3:97:98:d2:a4:e1:cb:32:3d:b2:cd:3b:4e:34",
            "id": "atlassian_atlassian_qa_lb02_keypair",
            "name": "atlassian_atlassian_qa_lb02_keypair",
            "private_key": "",
            "public_key": "ssh-rsa AAAAB3NzaC1yc2EAAAABJQAAAQEAhHkJzPi6LQqHZphAQ7RA5EPHo1BJUUput3TqfIE3jhoolGAuCsOYyPEUVHxomjaG1vqNusXujFfdGZWsyfn4XT1hlo5ETQsDwk4r6dW9dE4uBwAvhhPAwo2FuIfj2snt/TglKh4EPZ6o+ZojXKBloU/p5dxbF7NqJqI2mRdeCGZieEhTRYlfxqOlPHniKb/XqI1jGsoRDgPZJkDqJ/XJCc8UWEwO8kuxj1v3TWh9jiFNh0OYO2DPhN++s6FMDuNvoDVUk3y4yucfcJxBtvATjIAoMZIpWKxwdvH9h4ajSKsBgwYBPK19ZAiHV/Fqg0HFgOiLROiK/AgR3NfUIoxt8w==",
            "region": "RegionOne",
            "value_specs": null
          },
          "sensitive_attributes": [],
          "private": "bnVsbA=="
        }
      ]
    }
  ],
  "check_results": []
}
